
Microsoft Visual Studio Solution File, Format Version 12.00
# Visual Studio 14
VisualStudioVersion = 14.0.22823.1
MinimumVisualStudioVersion = 10.0.40219.1
Project("{FAE04EC0-301F-11D3-BF4B-00C04F79EFBC}") = "FrameworkDataImport", "FrameworkDataImport\FrameworkDataImport.csproj", "{CBBB2ADE-E2DF-4064-BC5C-FB96EB727AF8}"
EndProject
Project("{FAE04EC0-301F-11D3-BF4B-00C04F79EFBC}") = "SFA.Apprenticeships.Domain.Entities", "..\..\src\SFA.Apprenticeships.Domain.Entities\SFA.Apprenticeships.Domain.Entities.csproj", "{4C2BE232-4DBD-44D0-B427-0450E2D857A5}"
EndProject
Project("{FAE04EC0-301F-11D3-BF4B-00C04F79EFBC}") = "SFA.Apprenticeships.Application.ReferenceData", "..\..\src\SFA.Apprenticeships.Application.ReferenceData\SFA.Apprenticeships.Application.ReferenceData.csproj", "{5E8E77CA-BB23-45DE-AADD-236CAFBC66E3}"
EndProject
Project("{FAE04EC0-301F-11D3-BF4B-00C04F79EFBC}") = "SFA.Apprenticeships.Domain.Interfaces", "..\..\src\SFA.Apprenticeships.Domain.Interfaces\SFA.Apprenticeships.Domain.Interfaces.csproj", "{91DB99C3-50A9-4DED-AB90-2FF94D0B130E}"
EndProject
Global
	GlobalSection(SolutionConfigurationPlatforms) = preSolution
		Debug|Any CPU = Debug|Any CPU
		Demo|Any CPU = Demo|Any CPU
		Dev|Any CPU = Dev|Any CPU
		Local|Any CPU = Local|Any CPU
		Pre|Any CPU = Pre|Any CPU
		Prod|Any CPU = Prod|Any CPU
		Release|Any CPU = Release|Any CPU
		Sit|Any CPU = Sit|Any CPU
	EndGlobalSection
	GlobalSection(ProjectConfigurationPlatforms) = postSolution
		{CBBB2ADE-E2DF-4064-BC5C-FB96EB727AF8}.Debug|Any CPU.ActiveCfg = Debug|Any CPU
		{CBBB2ADE-E2DF-4064-BC5C-FB96EB727AF8}.Debug|Any CPU.Build.0 = Debug|Any CPU
		{CBBB2ADE-E2DF-4064-BC5C-FB96EB727AF8}.Demo|Any CPU.ActiveCfg = Debug|Any CPU
		{CBBB2ADE-E2DF-4064-BC5C-FB96EB727AF8}.Demo|Any CPU.Build.0 = Debug|Any CPU
		{CBBB2ADE-E2DF-4064-BC5C-FB96EB727AF8}.Dev|Any CPU.ActiveCfg = Debug|Any CPU
		{CBBB2ADE-E2DF-4064-BC5C-FB96EB727AF8}.Dev|Any CPU.Build.0 = Debug|Any CPU
		{CBBB2ADE-E2DF-4064-BC5C-FB96EB727AF8}.Local|Any CPU.ActiveCfg = Release|Any CPU
		{CBBB2ADE-E2DF-4064-BC5C-FB96EB727AF8}.Local|Any CPU.Build.0 = Release|Any CPU
		{CBBB2ADE-E2DF-4064-BC5C-FB96EB727AF8}.Pre|Any CPU.ActiveCfg = Release|Any CPU
		{CBBB2ADE-E2DF-4064-BC5C-FB96EB727AF8}.Pre|Any CPU.Build.0 = Release|Any CPU
		{CBBB2ADE-E2DF-4064-BC5C-FB96EB727AF8}.Prod|Any CPU.ActiveCfg = Release|Any CPU
		{CBBB2ADE-E2DF-4064-BC5C-FB96EB727AF8}.Prod|Any CPU.Build.0 = Release|Any CPU
		{CBBB2ADE-E2DF-4064-BC5C-FB96EB727AF8}.Release|Any CPU.ActiveCfg = Release|Any CPU
		{CBBB2ADE-E2DF-4064-BC5C-FB96EB727AF8}.Release|Any CPU.Build.0 = Release|Any CPU
		{CBBB2ADE-E2DF-4064-BC5C-FB96EB727AF8}.Sit|Any CPU.ActiveCfg = Release|Any CPU
		{CBBB2ADE-E2DF-4064-BC5C-FB96EB727AF8}.Sit|Any CPU.Build.0 = Release|Any CPU
		{4C2BE232-4DBD-44D0-B427-0450E2D857A5}.Debug|Any CPU.ActiveCfg = Local|Any CPU
		{4C2BE232-4DBD-44D0-B427-0450E2D857A5}.Debug|Any CPU.Build.0 = Local|Any CPU
		{4C2BE232-4DBD-44D0-B427-0450E2D857A5}.Demo|Any CPU.ActiveCfg = Demo|Any CPU
		{4C2BE232-4DBD-44D0-B427-0450E2D857A5}.Demo|Any CPU.Build.0 = Demo|Any CPU
		{4C2BE232-4DBD-44D0-B427-0450E2D857A5}.Dev|Any CPU.ActiveCfg = Dev|Any CPU
		{4C2BE232-4DBD-44D0-B427-0450E2D857A5}.Dev|Any CPU.Build.0 = Dev|Any CPU
		{4C2BE232-4DBD-44D0-B427-0450E2D857A5}.Local|Any CPU.ActiveCfg = Local|Any CPU
		{4C2BE232-4DBD-44D0-B427-0450E2D857A5}.Local|Any CPU.Build.0 = Local|Any CPU
		{4C2BE232-4DBD-44D0-B427-0450E2D857A5}.Pre|Any CPU.ActiveCfg = Pre|Any CPU
		{4C2BE232-4DBD-44D0-B427-0450E2D857A5}.Pre|Any CPU.Build.0 = Pre|Any CPU
		{4C2BE232-4DBD-44D0-B427-0450E2D857A5}.Prod|Any CPU.ActiveCfg = Prod|Any CPU
		{4C2BE232-4DBD-44D0-B427-0450E2D857A5}.Prod|Any CPU.Build.0 = Prod|Any CPU
		{4C2BE232-4DBD-44D0-B427-0450E2D857A5}.Release|Any CPU.ActiveCfg = Demo|Any CPU
		{4C2BE232-4DBD-44D0-B427-0450E2D857A5}.Release|Any CPU.Build.0 = Demo|Any CPU
		{4C2BE232-4DBD-44D0-B427-0450E2D857A5}.Sit|Any CPU.ActiveCfg = Sit|Any CPU
		{4C2BE232-4DBD-44D0-B427-0450E2D857A5}.Sit|Any CPU.Build.0 = Sit|Any CPU
		{5E8E77CA-BB23-45DE-AADD-236CAFBC66E3}.Debug|Any CPU.ActiveCfg = Local|Any CPU
		{5E8E77CA-BB23-45DE-AADD-236CAFBC66E3}.Debug|Any CPU.Build.0 = Local|Any CPU
		{5E8E77CA-BB23-45DE-AADD-236CAFBC66E3}.Demo|Any CPU.ActiveCfg = Demo|Any CPU
		{5E8E77CA-BB23-45DE-AADD-236CAFBC66E3}.Demo|Any CPU.Build.0 = Demo|Any CPU
		{5E8E77CA-BB23-45DE-AADD-236CAFBC66E3}.Dev|Any CPU.ActiveCfg = Dev|Any CPU
		{5E8E77CA-BB23-45DE-AADD-236CAFBC66E3}.Dev|Any CPU.Build.0 = Dev|Any CPU
		{5E8E77CA-BB23-45DE-AADD-236CAFBC66E3}.Local|Any CPU.ActiveCfg = Local|Any CPU
		{5E8E77CA-BB23-45DE-AADD-236CAFBC66E3}.Local|Any CPU.Build.0 = Local|Any CPU
		{5E8E77CA-BB23-45DE-AADD-236CAFBC66E3}.Pre|Any CPU.ActiveCfg = Pre|Any CPU
		{5E8E77CA-BB23-45DE-AADD-236CAFBC66E3}.Pre|Any CPU.Build.0 = Pre|Any CPU
		{5E8E77CA-BB23-45DE-AADD-236CAFBC66E3}.Prod|Any CPU.ActiveCfg = Prod|Any CPU
		{5E8E77CA-BB23-45DE-AADD-236CAFBC66E3}.Prod|Any CPU.Build.0 = Prod|Any CPU
		{5E8E77CA-BB23-45DE-AADD-236CAFBC66E3}.Release|Any CPU.ActiveCfg = Demo|Any CPU
		{5E8E77CA-BB23-45DE-AADD-236CAFBC66E3}.Release|Any CPU.Build.0 = Demo|Any CPU
		{5E8E77CA-BB23-45DE-AADD-236CAFBC66E3}.Sit|Any CPU.ActiveCfg = Sit|Any CPU
		{5E8E77CA-BB23-45DE-AADD-236CAFBC66E3}.Sit|Any CPU.Build.0 = Sit|Any CPU
		{91DB99C3-50A9-4DED-AB90-2FF94D0B130E}.Debug|Any CPU.ActiveCfg = Local|Any CPU
		{91DB99C3-50A9-4DED-AB90-2FF94D0B130E}.Debug|Any CPU.Build.0 = Local|Any CPU
		{91DB99C3-50A9-4DED-AB90-2FF94D0B130E}.Demo|Any CPU.ActiveCfg = Demo|Any CPU
		{91DB99C3-50A9-4DED-AB90-2FF94D0B130E}.Demo|Any CPU.Build.0 = Demo|Any CPU
		{91DB99C3-50A9-4DED-AB90-2FF94D0B130E}.Dev|Any CPU.ActiveCfg = Dev|Any CPU
		{91DB99C3-50A9-4DED-AB90-2FF94D0B130E}.Dev|Any CPU.Build.0 = Dev|Any CPU
		{91DB99C3-50A9-4DED-AB90-2FF94D0B130E}.Local|Any CPU.ActiveCfg = Local|Any CPU
		{91DB99C3-50A9-4DED-AB90-2FF94D0B130E}.Local|Any CPU.Build.0 = Local|Any CPU
		{91DB99C3-50A9-4DED-AB90-2FF94D0B130E}.Pre|Any CPU.ActiveCfg = Pre|Any CPU
		{91DB99C3-50A9-4DED-AB90-2FF94D0B130E}.Pre|Any CPU.Build.0 = Pre|Any CPU
		{91DB99C3-50A9-4DED-AB90-2FF94D0B130E}.Prod|Any CPU.ActiveCfg = Prod|Any CPU
		{91DB99C3-50A9-4DED-AB90-2FF94D0B130E}.Prod|Any CPU.Build.0 = Prod|Any CPU
		{91DB99C3-50A9-4DED-AB90-2FF94D0B130E}.Release|Any CPU.ActiveCfg = Demo|Any CPU
		{91DB99C3-50A9-4DED-AB90-2FF94D0B130E}.Release|Any CPU.Build.0 = Demo|Any CPU
		{91DB99C3-50A9-4DED-AB90-2FF94D0B130E}.Sit|Any CPU.ActiveCfg = Sit|Any CPU
		{91DB99C3-50A9-4DED-AB90-2FF94D0B130E}.Sit|Any CPU.Build.0 = Sit|Any CPU
	EndGlobalSection
	GlobalSection(SolutionProperties) = preSolution
		HideSolutionNode = FALSE
	EndGlobalSection
EndGlobal
