
Microsoft Visual Studio Solution File, Format Version 12.00
# Visual Studio 14
VisualStudioVersion = 14.0.23107.0
MinimumVisualStudioVersion = 10.0.40219.1
Project("{FAE04EC0-301F-11D3-BF4B-00C04F79EFBC}") = "Prototypes", "Prototypes\Prototypes.csproj", "{06EFDCF6-C5B2-4C58-A4F8-CBF674824C0C}"
EndProject
Project("{FAE04EC0-301F-11D3-BF4B-00C04F79EFBC}") = "SFA.Apprenticeships.Domain.Entities", "SFA.Apprenticeships.Domain.Entities\SFA.Apprenticeships.Domain.Entities.csproj", "{4C2BE232-4DBD-44D0-B427-0450E2D857A5}"
EndProject
Global
	GlobalSection(SolutionConfigurationPlatforms) = preSolution
		Debug|Any CPU = Debug|Any CPU
		Demo|Any CPU = Demo|Any CPU
		Dev|Any CPU = Dev|Any CPU
		Local|Any CPU = Local|Any CPU
		Pre|Any CPU = Pre|Any CPU
		Prod|Any CPU = Prod|Any CPU
		Release|Any CPU = Release|Any CPU
		Sit|Any CPU = Sit|Any CPU
	EndGlobalSection
	GlobalSection(ProjectConfigurationPlatforms) = postSolution
		{06EFDCF6-C5B2-4C58-A4F8-CBF674824C0C}.Debug|Any CPU.ActiveCfg = Debug|Any CPU
		{06EFDCF6-C5B2-4C58-A4F8-CBF674824C0C}.Debug|Any CPU.Build.0 = Debug|Any CPU
		{06EFDCF6-C5B2-4C58-A4F8-CBF674824C0C}.Demo|Any CPU.ActiveCfg = Debug|Any CPU
		{06EFDCF6-C5B2-4C58-A4F8-CBF674824C0C}.Demo|Any CPU.Build.0 = Debug|Any CPU
		{06EFDCF6-C5B2-4C58-A4F8-CBF674824C0C}.Dev|Any CPU.ActiveCfg = Debug|Any CPU
		{06EFDCF6-C5B2-4C58-A4F8-CBF674824C0C}.Dev|Any CPU.Build.0 = Debug|Any CPU
		{06EFDCF6-C5B2-4C58-A4F8-CBF674824C0C}.Local|Any CPU.ActiveCfg = Release|Any CPU
		{06EFDCF6-C5B2-4C58-A4F8-CBF674824C0C}.Local|Any CPU.Build.0 = Release|Any CPU
		{06EFDCF6-C5B2-4C58-A4F8-CBF674824C0C}.Pre|Any CPU.ActiveCfg = Release|Any CPU
		{06EFDCF6-C5B2-4C58-A4F8-CBF674824C0C}.Pre|Any CPU.Build.0 = Release|Any CPU
		{06EFDCF6-C5B2-4C58-A4F8-CBF674824C0C}.Prod|Any CPU.ActiveCfg = Release|Any CPU
		{06EFDCF6-C5B2-4C58-A4F8-CBF674824C0C}.Prod|Any CPU.Build.0 = Release|Any CPU
		{06EFDCF6-C5B2-4C58-A4F8-CBF674824C0C}.Release|Any CPU.ActiveCfg = Release|Any CPU
		{06EFDCF6-C5B2-4C58-A4F8-CBF674824C0C}.Release|Any CPU.Build.0 = Release|Any CPU
		{06EFDCF6-C5B2-4C58-A4F8-CBF674824C0C}.Sit|Any CPU.ActiveCfg = Release|Any CPU
		{06EFDCF6-C5B2-4C58-A4F8-CBF674824C0C}.Sit|Any CPU.Build.0 = Release|Any CPU
		{4C2BE232-4DBD-44D0-B427-0450E2D857A5}.Debug|Any CPU.ActiveCfg = Demo|Any CPU
		{4C2BE232-4DBD-44D0-B427-0450E2D857A5}.Debug|Any CPU.Build.0 = Demo|Any CPU
		{4C2BE232-4DBD-44D0-B427-0450E2D857A5}.Demo|Any CPU.ActiveCfg = Demo|Any CPU
		{4C2BE232-4DBD-44D0-B427-0450E2D857A5}.Demo|Any CPU.Build.0 = Demo|Any CPU
		{4C2BE232-4DBD-44D0-B427-0450E2D857A5}.Dev|Any CPU.ActiveCfg = Dev|Any CPU
		{4C2BE232-4DBD-44D0-B427-0450E2D857A5}.Dev|Any CPU.Build.0 = Dev|Any CPU
		{4C2BE232-4DBD-44D0-B427-0450E2D857A5}.Local|Any CPU.ActiveCfg = Local|Any CPU
		{4C2BE232-4DBD-44D0-B427-0450E2D857A5}.Local|Any CPU.Build.0 = Local|Any CPU
		{4C2BE232-4DBD-44D0-B427-0450E2D857A5}.Pre|Any CPU.ActiveCfg = Pre|Any CPU
		{4C2BE232-4DBD-44D0-B427-0450E2D857A5}.Pre|Any CPU.Build.0 = Pre|Any CPU
		{4C2BE232-4DBD-44D0-B427-0450E2D857A5}.Prod|Any CPU.ActiveCfg = Prod|Any CPU
		{4C2BE232-4DBD-44D0-B427-0450E2D857A5}.Prod|Any CPU.Build.0 = Prod|Any CPU
		{4C2BE232-4DBD-44D0-B427-0450E2D857A5}.Release|Any CPU.ActiveCfg = Demo|Any CPU
		{4C2BE232-4DBD-44D0-B427-0450E2D857A5}.Release|Any CPU.Build.0 = Demo|Any CPU
		{4C2BE232-4DBD-44D0-B427-0450E2D857A5}.Sit|Any CPU.ActiveCfg = Sit|Any CPU
		{4C2BE232-4DBD-44D0-B427-0450E2D857A5}.Sit|Any CPU.Build.0 = Sit|Any CPU
	EndGlobalSection
	GlobalSection(SolutionProperties) = preSolution
		HideSolutionNode = FALSE
	EndGlobalSection
EndGlobal
