
Microsoft Visual Studio Solution File, Format Version 12.00
# Visual Studio 14
VisualStudioVersion = 14.0.25420.1
MinimumVisualStudioVersion = 10.0.40219.1
Project("{FAE04EC0-301F-11D3-BF4B-00C04F79EFBC}") = "SFA.DAS.RAA.Api", "SFA.DAS.RAA.Api\SFA.DAS.RAA.Api.csproj", "{50961A74-0E1B-490D-99DD-E8F1CD20F6C2}"
EndProject
Project("{FAE04EC0-301F-11D3-BF4B-00C04F79EFBC}") = "SFA.DAS.RAA.Api.UnitTests", "SFA.DAS.RAA.Api.UnitTests\SFA.DAS.RAA.Api.UnitTests.csproj", "{50730AE1-D314-40E7-93B2-450F0C898CAE}"
EndProject
Project("{FAE04EC0-301F-11D3-BF4B-00C04F79EFBC}") = "SFA.DAS.RAA.Api.IntegrationTests", "SFA.DAS.RAA.Api.IntegrationTests\SFA.DAS.RAA.Api.IntegrationTests.csproj", "{B0698001-39C3-437F-8F70-00CBAA0CF1D2}"
EndProject
Project("{FAE04EC0-301F-11D3-BF4B-00C04F79EFBC}") = "SFA.Apprenticeships.Infrastructure.Repositories.Sql", "SFA.Apprenticeships.Infrastructure.Repositories.Sql\SFA.Apprenticeships.Infrastructure.Repositories.Sql.csproj", "{B633EE4E-7A58-4ACF-BBD9-0B19730B22FD}"
EndProject
Project("{FAE04EC0-301F-11D3-BF4B-00C04F79EFBC}") = "SFA.Apprenticeships.Domain.Entities.Raa", "SFA.Apprenticeships.Domain.Entities.Raa\SFA.Apprenticeships.Domain.Entities.Raa.csproj", "{E3F2F285-16EB-49C5-9668-8D8E1DB6C610}"
EndProject
Project("{FAE04EC0-301F-11D3-BF4B-00C04F79EFBC}") = "SFA.Apprenticeships.Domain.Raa.Interfaces", "SFA.Apprenticeships.Domain.Raa.Interfaces\SFA.Apprenticeships.Domain.Raa.Interfaces.csproj", "{CF497DD1-550D-4203-8FBF-C0A3B0109D2B}"
EndProject
Project("{FAE04EC0-301F-11D3-BF4B-00C04F79EFBC}") = "SFA.Apprenticeships.Infrastructure.Common", "SFA.Apprenticeships.Infrastructure.Common\SFA.Apprenticeships.Infrastructure.Common.csproj", "{78B1F2A1-DCC3-4ED3-8CE0-16E0781B59FA}"
EndProject
Project("{FAE04EC0-301F-11D3-BF4B-00C04F79EFBC}") = "SFA.Apprenticeships.Infrastructure.Logging", "SFA.Apprenticeships.Infrastructure.Logging\SFA.Apprenticeships.Infrastructure.Logging.csproj", "{A2D82061-BCBD-4030-9EB4-5148AEE79241}"
EndProject
Project("{FAE04EC0-301F-11D3-BF4B-00C04F79EFBC}") = "SFA.Apprenticeships.Application.Interfaces", "SFA.Apprenticeships.Application.Interfaces\SFA.Apprenticeships.Application.Interfaces.csproj", "{2C577447-2405-46B3-8065-613A19A58541}"
EndProject
Project("{FAE04EC0-301F-11D3-BF4B-00C04F79EFBC}") = "SFA.Infrastructure.Azure", "SFA.Infrastructure.Azure\SFA.Infrastructure.Azure.csproj", "{FE5B99F5-66D8-42FC-A8B3-6562837623A4}"
EndProject
Project("{FAE04EC0-301F-11D3-BF4B-00C04F79EFBC}") = "SFA.Infrastructure", "SFA.Infrastructure\SFA.Infrastructure.csproj", "{1F500137-C8E9-49AA-886E-1922D9D870EB}"
EndProject
Project("{FAE04EC0-301F-11D3-BF4B-00C04F79EFBC}") = "SFA.Apprenticeships.Domain.Entities", "SFA.Apprenticeships.Domain.Entities\SFA.Apprenticeships.Domain.Entities.csproj", "{4C2BE232-4DBD-44D0-B427-0450E2D857A5}"
EndProject
Project("{FAE04EC0-301F-11D3-BF4B-00C04F79EFBC}") = "SFA.Apprenticeships.Domain.Interfaces", "SFA.Apprenticeships.Domain.Interfaces\SFA.Apprenticeships.Domain.Interfaces.csproj", "{91DB99C3-50A9-4DED-AB90-2FF94D0B130E}"
EndProject
Project("{FAE04EC0-301F-11D3-BF4B-00C04F79EFBC}") = "SFA.Apprenticeships.Infrastructure.Caching.Memory", "SFA.Apprenticeships.Infrastructure.Caching.Memory\SFA.Apprenticeships.Infrastructure.Caching.Memory.csproj", "{B1628369-3014-4A8B-BFFD-49CB8ADF3BD2}"
EndProject
Project("{FAE04EC0-301F-11D3-BF4B-00C04F79EFBC}") = "SFA.Apprenticeships.Infrastructure.Communication", "SFA.Apprenticeships.Infrastructure.Communication\SFA.Apprenticeships.Infrastructure.Communication.csproj", "{D34D27D3-79A9-407E-86EF-AF3AC0EA024B}"
EndProject
Project("{FAE04EC0-301F-11D3-BF4B-00C04F79EFBC}") = "SFA.Apprenticeships.Infrastructure.Presentation", "SFA.Apprenticeships.Infrastructure.Presentation\SFA.Apprenticeships.Infrastructure.Presentation.csproj", "{83500887-E1B7-46BD-945B-4CC3D0069B6E}"
EndProject
Project("{FAE04EC0-301F-11D3-BF4B-00C04F79EFBC}") = "SFA.DAS.RAA.Api.AcceptanceTests", "SFA.DAS.RAA.Api.AcceptanceTests\SFA.DAS.RAA.Api.AcceptanceTests.csproj", "{1029A059-3EA8-4173-9AD9-4DEAB6FDD3C2}"
EndProject
Project("{2150E333-8FDC-42A3-9474-1A3956D46DE8}") = "Services", "Services", "{56B18761-2665-454E-ACB7-E1B681B0185B}"
EndProject
Project("{FAE04EC0-301F-11D3-BF4B-00C04F79EFBC}") = "SFA.Apprenticeships.Application.VacancyPosting", "SFA.Apprenticeships.Application.VacancyPosting\SFA.Apprenticeships.Application.VacancyPosting.csproj", "{CE04B708-FF21-41D4-B796-A36EDCE2960D}"
EndProject
Project("{FAE04EC0-301F-11D3-BF4B-00C04F79EFBC}") = "SFA.Apprenticeships.Application.Vacancy", "SFA.Apprenticeships.Application.Vacancy\SFA.Apprenticeships.Application.Vacancy.csproj", "{67CDACCD-5217-4110-8432-C6EF164BAA0D}"
EndProject
Project("{2150E333-8FDC-42A3-9474-1A3956D46DE8}") = "Domain", "Domain", "{4FFE0ECC-842A-4C0F-BDB5-F61A7FB347D4}"
EndProject
Project("{2150E333-8FDC-42A3-9474-1A3956D46DE8}") = "Application", "Application", "{9BB7D203-46DB-4979-A324-2BBCFD6BE279}"
EndProject
Project("{2150E333-8FDC-42A3-9474-1A3956D46DE8}") = "Infrastructure", "Infrastructure", "{0741AAC4-33B1-418A-B946-EE8ADD91A19B}"
EndProject
Project("{2150E333-8FDC-42A3-9474-1A3956D46DE8}") = "Repositories", "Repositories", "{7981F780-CAF0-4117-A129-E91A5107E5F1}"
EndProject
Project("{FAE04EC0-301F-11D3-BF4B-00C04F79EFBC}") = "SFA.Apprenticeships.Application.Provider", "SFA.Apprenticeships.Application.Provider\SFA.Apprenticeships.Application.Provider.csproj", "{920F5834-459D-4E20-9B17-AAD52D2CC8FE}"
EndProject
Project("{FAE04EC0-301F-11D3-BF4B-00C04F79EFBC}") = "SFA.Apprenticeships.Application.Employer", "SFA.Apprenticeships.Application.Employer\SFA.Apprenticeships.Application.Employer.csproj", "{DD096F97-415D-4676-9F90-7AEE60213F49}"
EndProject
Project("{FAE04EC0-301F-11D3-BF4B-00C04F79EFBC}") = "SFA.Apprenticeships.Application.Location", "SFA.Apprenticeships.Application.Location\SFA.Apprenticeships.Application.Location.csproj", "{A64FC67F-C873-4422-93DD-FBD8A6370EC3}"
EndProject
Project("{FAE04EC0-301F-11D3-BF4B-00C04F79EFBC}") = "SFA.Apprenticeships.Application.Organisation", "SFA.Apprenticeships.Application.Organisation\SFA.Apprenticeships.Application.Organisation.csproj", "{1B92E84D-F15A-4521-BDB9-2BE321236167}"
EndProject
Project("{FAE04EC0-301F-11D3-BF4B-00C04F79EFBC}") = "SFA.Apprenticeships.Infrastructure.EmployerDataService", "SFA.Apprenticeships.Infrastructure.EmployerDataService\SFA.Apprenticeships.Infrastructure.EmployerDataService.csproj", "{C7CB47E8-C024-4DC0-9BDC-E325D3BFEADC}"
EndProject
Project("{FAE04EC0-301F-11D3-BF4B-00C04F79EFBC}") = "SFA.Apprenticeships.Infrastructure.WebServices", "SFA.Apprenticeships.Infrastructure.WebServices\SFA.Apprenticeships.Infrastructure.WebServices.csproj", "{0D94A2DF-6D5A-4DEC-B6A1-137F3B461B47}"
EndProject
Project("{FAE04EC0-301F-11D3-BF4B-00C04F79EFBC}") = "SFA.Apprenticeships.Infrastructure.Postcode", "SFA.Apprenticeships.Infrastructure.Postcode\SFA.Apprenticeships.Infrastructure.Postcode.csproj", "{ABD48D09-C35E-42CE-8A4D-81550C2B8554}"
EndProject
Project("{FAE04EC0-301F-11D3-BF4B-00C04F79EFBC}") = "SFA.Apprenticeships.Application.Communication", "SFA.Apprenticeships.Application.Communication\SFA.Apprenticeships.Application.Communication.csproj", "{C91E4093-3348-43ED-B386-CF70000FFCB3}"
EndProject
Project("{FAE04EC0-301F-11D3-BF4B-00C04F79EFBC}") = "SFA.Apprenticeships.Infrastructure.Azure.ServiceBus", "SFA.Apprenticeships.Infrastructure.Azure.ServiceBus\SFA.Apprenticeships.Infrastructure.Azure.ServiceBus.csproj", "{BB161A54-EF1A-4611-8296-9A0BE69B4587}"
EndProject
Project("{FAE04EC0-301F-11D3-BF4B-00C04F79EFBC}") = "SFA.DAS.RAA.Api.Client.V1", "SFA.DAS.RAA.Api.Client.V1\SFA.DAS.RAA.Api.Client.V1.csproj", "{B263F67E-B3EA-410A-BA24-4F3CC2CE0008}"
EndProject
Project("{FAE04EC0-301F-11D3-BF4B-00C04F79EFBC}") = "SFA.Apprenticeships.Infrastructure.Raa", "SFA.Apprenticeships.Infrastructure.Raa\SFA.Apprenticeships.Infrastructure.Raa.csproj", "{1F4776F3-884B-4B00-BA97-22BFA06C034E}"
EndProject
Project("{FAE04EC0-301F-11D3-BF4B-00C04F79EFBC}") = "SFA.Apprenticeships.Application.Application", "SFA.Apprenticeships.Application.Application\SFA.Apprenticeships.Application.Application.csproj", "{7D29ED20-FF3D-4FBB-B253-A44DE1E42BCC}"
EndProject
Project("{FAE04EC0-301F-11D3-BF4B-00C04F79EFBC}") = "SFA.Apprenticeships.Application.Candidate", "SFA.Apprenticeships.Application.Candidate\SFA.Apprenticeships.Application.Candidate.csproj", "{984F8CD2-61B3-48A4-B0CC-5D05E235983D}"
EndProject
Project("{FAE04EC0-301F-11D3-BF4B-00C04F79EFBC}") = "SFA.Apprenticeships.Application.ReferenceData", "SFA.Apprenticeships.Application.ReferenceData\SFA.Apprenticeships.Application.ReferenceData.csproj", "{5E8E77CA-BB23-45DE-AADD-236CAFBC66E3}"
EndProject
Project("{FAE04EC0-301F-11D3-BF4B-00C04F79EFBC}") = "SFA.Apprenticeships.Application.UserAccount", "SFA.Apprenticeships.Application.UserAccount\SFA.Apprenticeships.Application.UserAccount.csproj", "{F01914FA-A911-4345-ACD4-FD80ADE21A8C}"
EndProject
Project("{2150E333-8FDC-42A3-9474-1A3956D46DE8}") = "Web", "Web", "{83185B39-C02A-457F-A591-93DD9D5A8540}"
EndProject
Project("{FAE04EC0-301F-11D3-BF4B-00C04F79EFBC}") = "SFA.Apprenticeships.Web.Common", "SFA.Apprenticeships.Web.Common\SFA.Apprenticeships.Web.Common.csproj", "{ADB1C795-A6AA-4CB8-82AE-2B8D10E22220}"
EndProject
Project("{FAE04EC0-301F-11D3-BF4B-00C04F79EFBC}") = "SFA.Apprenticeships.Application.Authentication", "SFA.Apprenticeships.Application.Authentication\SFA.Apprenticeships.Application.Authentication.csproj", "{2752E3B6-358D-4C06-A31F-867304CAC53D}"
EndProject
Project("{FAE04EC0-301F-11D3-BF4B-00C04F79EFBC}") = "SFA.Apprenticeships.Infrastructure.VacancyIndexer", "SFA.Apprenticeships.Infrastructure.VacancyIndexer\SFA.Apprenticeships.Infrastructure.VacancyIndexer.csproj", "{02D19199-A4BB-484A-AA48-208C7B6D819F}"
EndProject
Project("{FAE04EC0-301F-11D3-BF4B-00C04F79EFBC}") = "SFA.Apprenticeships.Infrastructure.Elastic.Common", "SFA.Apprenticeships.Infrastructure.Elastic.Common\SFA.Apprenticeships.Infrastructure.Elastic.Common.csproj", "{F75B0C62-89B5-473D-AF2D-366A5A6722AC}"
EndProject
Project("{2150E333-8FDC-42A3-9474-1A3956D46DE8}") = "Processes", "Processes", "{EDB6D237-DD19-4168-8877-C316231480B7}"
EndProject
Project("{FAE04EC0-301F-11D3-BF4B-00C04F79EFBC}") = "SFA.Apprenticeships.Application.Vacancies", "SFA.Apprenticeships.Application.Vacancies\SFA.Apprenticeships.Application.Vacancies.csproj", "{04796403-0EDF-4A8D-B725-180A9F83D958}"
EndProject
Global
	GlobalSection(SolutionConfigurationPlatforms) = preSolution
		Demo|Any CPU = Demo|Any CPU
		Dev|Any CPU = Dev|Any CPU
		Local|Any CPU = Local|Any CPU
		Pre|Any CPU = Pre|Any CPU
		Prod|Any CPU = Prod|Any CPU
		Sit|Any CPU = Sit|Any CPU
	EndGlobalSection
	GlobalSection(ProjectConfigurationPlatforms) = postSolution
		{50961A74-0E1B-490D-99DD-E8F1CD20F6C2}.Demo|Any CPU.ActiveCfg = Demo|Any CPU
		{50961A74-0E1B-490D-99DD-E8F1CD20F6C2}.Demo|Any CPU.Build.0 = Demo|Any CPU
		{50961A74-0E1B-490D-99DD-E8F1CD20F6C2}.Dev|Any CPU.ActiveCfg = Dev|Any CPU
		{50961A74-0E1B-490D-99DD-E8F1CD20F6C2}.Dev|Any CPU.Build.0 = Dev|Any CPU
		{50961A74-0E1B-490D-99DD-E8F1CD20F6C2}.Local|Any CPU.ActiveCfg = Local|Any CPU
		{50961A74-0E1B-490D-99DD-E8F1CD20F6C2}.Local|Any CPU.Build.0 = Local|Any CPU
		{50961A74-0E1B-490D-99DD-E8F1CD20F6C2}.Pre|Any CPU.ActiveCfg = Pre|Any CPU
		{50961A74-0E1B-490D-99DD-E8F1CD20F6C2}.Pre|Any CPU.Build.0 = Pre|Any CPU
		{50961A74-0E1B-490D-99DD-E8F1CD20F6C2}.Prod|Any CPU.ActiveCfg = Prod|Any CPU
		{50961A74-0E1B-490D-99DD-E8F1CD20F6C2}.Prod|Any CPU.Build.0 = Prod|Any CPU
		{50961A74-0E1B-490D-99DD-E8F1CD20F6C2}.Sit|Any CPU.ActiveCfg = Sit|Any CPU
		{50961A74-0E1B-490D-99DD-E8F1CD20F6C2}.Sit|Any CPU.Build.0 = Sit|Any CPU
		{50730AE1-D314-40E7-93B2-450F0C898CAE}.Demo|Any CPU.ActiveCfg = Demo|Any CPU
		{50730AE1-D314-40E7-93B2-450F0C898CAE}.Demo|Any CPU.Build.0 = Demo|Any CPU
		{50730AE1-D314-40E7-93B2-450F0C898CAE}.Dev|Any CPU.ActiveCfg = Dev|Any CPU
		{50730AE1-D314-40E7-93B2-450F0C898CAE}.Dev|Any CPU.Build.0 = Dev|Any CPU
		{50730AE1-D314-40E7-93B2-450F0C898CAE}.Local|Any CPU.ActiveCfg = Local|Any CPU
		{50730AE1-D314-40E7-93B2-450F0C898CAE}.Local|Any CPU.Build.0 = Local|Any CPU
		{50730AE1-D314-40E7-93B2-450F0C898CAE}.Pre|Any CPU.ActiveCfg = Pre|Any CPU
		{50730AE1-D314-40E7-93B2-450F0C898CAE}.Pre|Any CPU.Build.0 = Pre|Any CPU
		{50730AE1-D314-40E7-93B2-450F0C898CAE}.Prod|Any CPU.ActiveCfg = Prod|Any CPU
		{50730AE1-D314-40E7-93B2-450F0C898CAE}.Prod|Any CPU.Build.0 = Prod|Any CPU
		{50730AE1-D314-40E7-93B2-450F0C898CAE}.Sit|Any CPU.ActiveCfg = Sit|Any CPU
		{50730AE1-D314-40E7-93B2-450F0C898CAE}.Sit|Any CPU.Build.0 = Sit|Any CPU
		{B0698001-39C3-437F-8F70-00CBAA0CF1D2}.Demo|Any CPU.ActiveCfg = Demo|Any CPU
		{B0698001-39C3-437F-8F70-00CBAA0CF1D2}.Demo|Any CPU.Build.0 = Demo|Any CPU
		{B0698001-39C3-437F-8F70-00CBAA0CF1D2}.Dev|Any CPU.ActiveCfg = Dev|Any CPU
		{B0698001-39C3-437F-8F70-00CBAA0CF1D2}.Dev|Any CPU.Build.0 = Dev|Any CPU
		{B0698001-39C3-437F-8F70-00CBAA0CF1D2}.Local|Any CPU.ActiveCfg = Local|Any CPU
		{B0698001-39C3-437F-8F70-00CBAA0CF1D2}.Local|Any CPU.Build.0 = Local|Any CPU
		{B0698001-39C3-437F-8F70-00CBAA0CF1D2}.Pre|Any CPU.ActiveCfg = Pre|Any CPU
		{B0698001-39C3-437F-8F70-00CBAA0CF1D2}.Pre|Any CPU.Build.0 = Pre|Any CPU
		{B0698001-39C3-437F-8F70-00CBAA0CF1D2}.Prod|Any CPU.ActiveCfg = Prod|Any CPU
		{B0698001-39C3-437F-8F70-00CBAA0CF1D2}.Prod|Any CPU.Build.0 = Prod|Any CPU
		{B0698001-39C3-437F-8F70-00CBAA0CF1D2}.Sit|Any CPU.ActiveCfg = Sit|Any CPU
		{B0698001-39C3-437F-8F70-00CBAA0CF1D2}.Sit|Any CPU.Build.0 = Sit|Any CPU
		{B633EE4E-7A58-4ACF-BBD9-0B19730B22FD}.Demo|Any CPU.ActiveCfg = Demo|Any CPU
		{B633EE4E-7A58-4ACF-BBD9-0B19730B22FD}.Demo|Any CPU.Build.0 = Demo|Any CPU
		{B633EE4E-7A58-4ACF-BBD9-0B19730B22FD}.Dev|Any CPU.ActiveCfg = Dev|Any CPU
		{B633EE4E-7A58-4ACF-BBD9-0B19730B22FD}.Dev|Any CPU.Build.0 = Dev|Any CPU
		{B633EE4E-7A58-4ACF-BBD9-0B19730B22FD}.Local|Any CPU.ActiveCfg = Local|Any CPU
		{B633EE4E-7A58-4ACF-BBD9-0B19730B22FD}.Local|Any CPU.Build.0 = Local|Any CPU
		{B633EE4E-7A58-4ACF-BBD9-0B19730B22FD}.Pre|Any CPU.ActiveCfg = Pre|Any CPU
		{B633EE4E-7A58-4ACF-BBD9-0B19730B22FD}.Pre|Any CPU.Build.0 = Pre|Any CPU
		{B633EE4E-7A58-4ACF-BBD9-0B19730B22FD}.Prod|Any CPU.ActiveCfg = Prod|Any CPU
		{B633EE4E-7A58-4ACF-BBD9-0B19730B22FD}.Prod|Any CPU.Build.0 = Prod|Any CPU
		{B633EE4E-7A58-4ACF-BBD9-0B19730B22FD}.Sit|Any CPU.ActiveCfg = Sit|Any CPU
		{B633EE4E-7A58-4ACF-BBD9-0B19730B22FD}.Sit|Any CPU.Build.0 = Sit|Any CPU
		{E3F2F285-16EB-49C5-9668-8D8E1DB6C610}.Demo|Any CPU.ActiveCfg = Demo|Any CPU
		{E3F2F285-16EB-49C5-9668-8D8E1DB6C610}.Demo|Any CPU.Build.0 = Demo|Any CPU
		{E3F2F285-16EB-49C5-9668-8D8E1DB6C610}.Dev|Any CPU.ActiveCfg = Dev|Any CPU
		{E3F2F285-16EB-49C5-9668-8D8E1DB6C610}.Dev|Any CPU.Build.0 = Dev|Any CPU
		{E3F2F285-16EB-49C5-9668-8D8E1DB6C610}.Local|Any CPU.ActiveCfg = Local|Any CPU
		{E3F2F285-16EB-49C5-9668-8D8E1DB6C610}.Local|Any CPU.Build.0 = Local|Any CPU
		{E3F2F285-16EB-49C5-9668-8D8E1DB6C610}.Pre|Any CPU.ActiveCfg = Pre|Any CPU
		{E3F2F285-16EB-49C5-9668-8D8E1DB6C610}.Pre|Any CPU.Build.0 = Pre|Any CPU
		{E3F2F285-16EB-49C5-9668-8D8E1DB6C610}.Prod|Any CPU.ActiveCfg = Prod|Any CPU
		{E3F2F285-16EB-49C5-9668-8D8E1DB6C610}.Prod|Any CPU.Build.0 = Prod|Any CPU
		{E3F2F285-16EB-49C5-9668-8D8E1DB6C610}.Sit|Any CPU.ActiveCfg = Sit|Any CPU
		{E3F2F285-16EB-49C5-9668-8D8E1DB6C610}.Sit|Any CPU.Build.0 = Sit|Any CPU
		{CF497DD1-550D-4203-8FBF-C0A3B0109D2B}.Demo|Any CPU.ActiveCfg = Demo|Any CPU
		{CF497DD1-550D-4203-8FBF-C0A3B0109D2B}.Demo|Any CPU.Build.0 = Demo|Any CPU
		{CF497DD1-550D-4203-8FBF-C0A3B0109D2B}.Dev|Any CPU.ActiveCfg = Dev|Any CPU
		{CF497DD1-550D-4203-8FBF-C0A3B0109D2B}.Dev|Any CPU.Build.0 = Dev|Any CPU
		{CF497DD1-550D-4203-8FBF-C0A3B0109D2B}.Local|Any CPU.ActiveCfg = Local|Any CPU
		{CF497DD1-550D-4203-8FBF-C0A3B0109D2B}.Local|Any CPU.Build.0 = Local|Any CPU
		{CF497DD1-550D-4203-8FBF-C0A3B0109D2B}.Pre|Any CPU.ActiveCfg = Pre|Any CPU
		{CF497DD1-550D-4203-8FBF-C0A3B0109D2B}.Pre|Any CPU.Build.0 = Pre|Any CPU
		{CF497DD1-550D-4203-8FBF-C0A3B0109D2B}.Prod|Any CPU.ActiveCfg = Prod|Any CPU
		{CF497DD1-550D-4203-8FBF-C0A3B0109D2B}.Prod|Any CPU.Build.0 = Prod|Any CPU
		{CF497DD1-550D-4203-8FBF-C0A3B0109D2B}.Sit|Any CPU.ActiveCfg = Sit|Any CPU
		{CF497DD1-550D-4203-8FBF-C0A3B0109D2B}.Sit|Any CPU.Build.0 = Sit|Any CPU
		{78B1F2A1-DCC3-4ED3-8CE0-16E0781B59FA}.Demo|Any CPU.ActiveCfg = Demo|Any CPU
		{78B1F2A1-DCC3-4ED3-8CE0-16E0781B59FA}.Demo|Any CPU.Build.0 = Demo|Any CPU
		{78B1F2A1-DCC3-4ED3-8CE0-16E0781B59FA}.Dev|Any CPU.ActiveCfg = Dev|Any CPU
		{78B1F2A1-DCC3-4ED3-8CE0-16E0781B59FA}.Dev|Any CPU.Build.0 = Dev|Any CPU
		{78B1F2A1-DCC3-4ED3-8CE0-16E0781B59FA}.Local|Any CPU.ActiveCfg = Local|Any CPU
		{78B1F2A1-DCC3-4ED3-8CE0-16E0781B59FA}.Local|Any CPU.Build.0 = Local|Any CPU
		{78B1F2A1-DCC3-4ED3-8CE0-16E0781B59FA}.Pre|Any CPU.ActiveCfg = Pre|Any CPU
		{78B1F2A1-DCC3-4ED3-8CE0-16E0781B59FA}.Pre|Any CPU.Build.0 = Pre|Any CPU
		{78B1F2A1-DCC3-4ED3-8CE0-16E0781B59FA}.Prod|Any CPU.ActiveCfg = Prod|Any CPU
		{78B1F2A1-DCC3-4ED3-8CE0-16E0781B59FA}.Prod|Any CPU.Build.0 = Prod|Any CPU
		{78B1F2A1-DCC3-4ED3-8CE0-16E0781B59FA}.Sit|Any CPU.ActiveCfg = Sit|Any CPU
		{78B1F2A1-DCC3-4ED3-8CE0-16E0781B59FA}.Sit|Any CPU.Build.0 = Sit|Any CPU
		{A2D82061-BCBD-4030-9EB4-5148AEE79241}.Demo|Any CPU.ActiveCfg = Demo|Any CPU
		{A2D82061-BCBD-4030-9EB4-5148AEE79241}.Demo|Any CPU.Build.0 = Demo|Any CPU
		{A2D82061-BCBD-4030-9EB4-5148AEE79241}.Dev|Any CPU.ActiveCfg = Dev|Any CPU
		{A2D82061-BCBD-4030-9EB4-5148AEE79241}.Dev|Any CPU.Build.0 = Dev|Any CPU
		{A2D82061-BCBD-4030-9EB4-5148AEE79241}.Local|Any CPU.ActiveCfg = Local|Any CPU
		{A2D82061-BCBD-4030-9EB4-5148AEE79241}.Local|Any CPU.Build.0 = Local|Any CPU
		{A2D82061-BCBD-4030-9EB4-5148AEE79241}.Pre|Any CPU.ActiveCfg = Pre|Any CPU
		{A2D82061-BCBD-4030-9EB4-5148AEE79241}.Pre|Any CPU.Build.0 = Pre|Any CPU
		{A2D82061-BCBD-4030-9EB4-5148AEE79241}.Prod|Any CPU.ActiveCfg = Prod|Any CPU
		{A2D82061-BCBD-4030-9EB4-5148AEE79241}.Prod|Any CPU.Build.0 = Prod|Any CPU
		{A2D82061-BCBD-4030-9EB4-5148AEE79241}.Sit|Any CPU.ActiveCfg = Sit|Any CPU
		{A2D82061-BCBD-4030-9EB4-5148AEE79241}.Sit|Any CPU.Build.0 = Sit|Any CPU
		{2C577447-2405-46B3-8065-613A19A58541}.Demo|Any CPU.ActiveCfg = Demo|Any CPU
		{2C577447-2405-46B3-8065-613A19A58541}.Demo|Any CPU.Build.0 = Demo|Any CPU
		{2C577447-2405-46B3-8065-613A19A58541}.Dev|Any CPU.ActiveCfg = Dev|Any CPU
		{2C577447-2405-46B3-8065-613A19A58541}.Dev|Any CPU.Build.0 = Dev|Any CPU
		{2C577447-2405-46B3-8065-613A19A58541}.Local|Any CPU.ActiveCfg = Local|Any CPU
		{2C577447-2405-46B3-8065-613A19A58541}.Local|Any CPU.Build.0 = Local|Any CPU
		{2C577447-2405-46B3-8065-613A19A58541}.Pre|Any CPU.ActiveCfg = Pre|Any CPU
		{2C577447-2405-46B3-8065-613A19A58541}.Pre|Any CPU.Build.0 = Pre|Any CPU
		{2C577447-2405-46B3-8065-613A19A58541}.Prod|Any CPU.ActiveCfg = Prod|Any CPU
		{2C577447-2405-46B3-8065-613A19A58541}.Prod|Any CPU.Build.0 = Prod|Any CPU
		{2C577447-2405-46B3-8065-613A19A58541}.Sit|Any CPU.ActiveCfg = Sit|Any CPU
		{2C577447-2405-46B3-8065-613A19A58541}.Sit|Any CPU.Build.0 = Sit|Any CPU
		{FE5B99F5-66D8-42FC-A8B3-6562837623A4}.Demo|Any CPU.ActiveCfg = Demo|Any CPU
		{FE5B99F5-66D8-42FC-A8B3-6562837623A4}.Demo|Any CPU.Build.0 = Demo|Any CPU
		{FE5B99F5-66D8-42FC-A8B3-6562837623A4}.Dev|Any CPU.ActiveCfg = Dev|Any CPU
		{FE5B99F5-66D8-42FC-A8B3-6562837623A4}.Dev|Any CPU.Build.0 = Dev|Any CPU
		{FE5B99F5-66D8-42FC-A8B3-6562837623A4}.Local|Any CPU.ActiveCfg = Local|Any CPU
		{FE5B99F5-66D8-42FC-A8B3-6562837623A4}.Local|Any CPU.Build.0 = Local|Any CPU
		{FE5B99F5-66D8-42FC-A8B3-6562837623A4}.Pre|Any CPU.ActiveCfg = Pre|Any CPU
		{FE5B99F5-66D8-42FC-A8B3-6562837623A4}.Pre|Any CPU.Build.0 = Pre|Any CPU
		{FE5B99F5-66D8-42FC-A8B3-6562837623A4}.Prod|Any CPU.ActiveCfg = Prod|Any CPU
		{FE5B99F5-66D8-42FC-A8B3-6562837623A4}.Prod|Any CPU.Build.0 = Prod|Any CPU
		{FE5B99F5-66D8-42FC-A8B3-6562837623A4}.Sit|Any CPU.ActiveCfg = Sit|Any CPU
		{FE5B99F5-66D8-42FC-A8B3-6562837623A4}.Sit|Any CPU.Build.0 = Sit|Any CPU
		{1F500137-C8E9-49AA-886E-1922D9D870EB}.Demo|Any CPU.ActiveCfg = Demo|Any CPU
		{1F500137-C8E9-49AA-886E-1922D9D870EB}.Demo|Any CPU.Build.0 = Demo|Any CPU
		{1F500137-C8E9-49AA-886E-1922D9D870EB}.Dev|Any CPU.ActiveCfg = Dev|Any CPU
		{1F500137-C8E9-49AA-886E-1922D9D870EB}.Dev|Any CPU.Build.0 = Dev|Any CPU
		{1F500137-C8E9-49AA-886E-1922D9D870EB}.Local|Any CPU.ActiveCfg = Local|Any CPU
		{1F500137-C8E9-49AA-886E-1922D9D870EB}.Local|Any CPU.Build.0 = Local|Any CPU
		{1F500137-C8E9-49AA-886E-1922D9D870EB}.Pre|Any CPU.ActiveCfg = Pre|Any CPU
		{1F500137-C8E9-49AA-886E-1922D9D870EB}.Pre|Any CPU.Build.0 = Pre|Any CPU
		{1F500137-C8E9-49AA-886E-1922D9D870EB}.Prod|Any CPU.ActiveCfg = Prod|Any CPU
		{1F500137-C8E9-49AA-886E-1922D9D870EB}.Prod|Any CPU.Build.0 = Prod|Any CPU
		{1F500137-C8E9-49AA-886E-1922D9D870EB}.Sit|Any CPU.ActiveCfg = Sit|Any CPU
		{1F500137-C8E9-49AA-886E-1922D9D870EB}.Sit|Any CPU.Build.0 = Sit|Any CPU
		{4C2BE232-4DBD-44D0-B427-0450E2D857A5}.Demo|Any CPU.ActiveCfg = Demo|Any CPU
		{4C2BE232-4DBD-44D0-B427-0450E2D857A5}.Demo|Any CPU.Build.0 = Demo|Any CPU
		{4C2BE232-4DBD-44D0-B427-0450E2D857A5}.Dev|Any CPU.ActiveCfg = Dev|Any CPU
		{4C2BE232-4DBD-44D0-B427-0450E2D857A5}.Dev|Any CPU.Build.0 = Dev|Any CPU
		{4C2BE232-4DBD-44D0-B427-0450E2D857A5}.Local|Any CPU.ActiveCfg = Local|Any CPU
		{4C2BE232-4DBD-44D0-B427-0450E2D857A5}.Local|Any CPU.Build.0 = Local|Any CPU
		{4C2BE232-4DBD-44D0-B427-0450E2D857A5}.Pre|Any CPU.ActiveCfg = Pre|Any CPU
		{4C2BE232-4DBD-44D0-B427-0450E2D857A5}.Pre|Any CPU.Build.0 = Pre|Any CPU
		{4C2BE232-4DBD-44D0-B427-0450E2D857A5}.Prod|Any CPU.ActiveCfg = Prod|Any CPU
		{4C2BE232-4DBD-44D0-B427-0450E2D857A5}.Prod|Any CPU.Build.0 = Prod|Any CPU
		{4C2BE232-4DBD-44D0-B427-0450E2D857A5}.Sit|Any CPU.ActiveCfg = Sit|Any CPU
		{4C2BE232-4DBD-44D0-B427-0450E2D857A5}.Sit|Any CPU.Build.0 = Sit|Any CPU
		{91DB99C3-50A9-4DED-AB90-2FF94D0B130E}.Demo|Any CPU.ActiveCfg = Demo|Any CPU
		{91DB99C3-50A9-4DED-AB90-2FF94D0B130E}.Demo|Any CPU.Build.0 = Demo|Any CPU
		{91DB99C3-50A9-4DED-AB90-2FF94D0B130E}.Dev|Any CPU.ActiveCfg = Dev|Any CPU
		{91DB99C3-50A9-4DED-AB90-2FF94D0B130E}.Dev|Any CPU.Build.0 = Dev|Any CPU
		{91DB99C3-50A9-4DED-AB90-2FF94D0B130E}.Local|Any CPU.ActiveCfg = Local|Any CPU
		{91DB99C3-50A9-4DED-AB90-2FF94D0B130E}.Local|Any CPU.Build.0 = Local|Any CPU
		{91DB99C3-50A9-4DED-AB90-2FF94D0B130E}.Pre|Any CPU.ActiveCfg = Pre|Any CPU
		{91DB99C3-50A9-4DED-AB90-2FF94D0B130E}.Pre|Any CPU.Build.0 = Pre|Any CPU
		{91DB99C3-50A9-4DED-AB90-2FF94D0B130E}.Prod|Any CPU.ActiveCfg = Prod|Any CPU
		{91DB99C3-50A9-4DED-AB90-2FF94D0B130E}.Prod|Any CPU.Build.0 = Prod|Any CPU
		{91DB99C3-50A9-4DED-AB90-2FF94D0B130E}.Sit|Any CPU.ActiveCfg = Sit|Any CPU
		{91DB99C3-50A9-4DED-AB90-2FF94D0B130E}.Sit|Any CPU.Build.0 = Sit|Any CPU
		{B1628369-3014-4A8B-BFFD-49CB8ADF3BD2}.Demo|Any CPU.ActiveCfg = Demo|Any CPU
		{B1628369-3014-4A8B-BFFD-49CB8ADF3BD2}.Demo|Any CPU.Build.0 = Demo|Any CPU
		{B1628369-3014-4A8B-BFFD-49CB8ADF3BD2}.Dev|Any CPU.ActiveCfg = Dev|Any CPU
		{B1628369-3014-4A8B-BFFD-49CB8ADF3BD2}.Dev|Any CPU.Build.0 = Dev|Any CPU
		{B1628369-3014-4A8B-BFFD-49CB8ADF3BD2}.Local|Any CPU.ActiveCfg = Local|Any CPU
		{B1628369-3014-4A8B-BFFD-49CB8ADF3BD2}.Local|Any CPU.Build.0 = Local|Any CPU
		{B1628369-3014-4A8B-BFFD-49CB8ADF3BD2}.Pre|Any CPU.ActiveCfg = Pre|Any CPU
		{B1628369-3014-4A8B-BFFD-49CB8ADF3BD2}.Pre|Any CPU.Build.0 = Pre|Any CPU
		{B1628369-3014-4A8B-BFFD-49CB8ADF3BD2}.Prod|Any CPU.ActiveCfg = Prod|Any CPU
		{B1628369-3014-4A8B-BFFD-49CB8ADF3BD2}.Prod|Any CPU.Build.0 = Prod|Any CPU
		{B1628369-3014-4A8B-BFFD-49CB8ADF3BD2}.Sit|Any CPU.ActiveCfg = Sit|Any CPU
		{B1628369-3014-4A8B-BFFD-49CB8ADF3BD2}.Sit|Any CPU.Build.0 = Sit|Any CPU
		{D34D27D3-79A9-407E-86EF-AF3AC0EA024B}.Demo|Any CPU.ActiveCfg = Demo|Any CPU
		{D34D27D3-79A9-407E-86EF-AF3AC0EA024B}.Demo|Any CPU.Build.0 = Demo|Any CPU
		{D34D27D3-79A9-407E-86EF-AF3AC0EA024B}.Dev|Any CPU.ActiveCfg = Dev|Any CPU
		{D34D27D3-79A9-407E-86EF-AF3AC0EA024B}.Dev|Any CPU.Build.0 = Dev|Any CPU
		{D34D27D3-79A9-407E-86EF-AF3AC0EA024B}.Local|Any CPU.ActiveCfg = Local|Any CPU
		{D34D27D3-79A9-407E-86EF-AF3AC0EA024B}.Local|Any CPU.Build.0 = Local|Any CPU
		{D34D27D3-79A9-407E-86EF-AF3AC0EA024B}.Pre|Any CPU.ActiveCfg = Pre|Any CPU
		{D34D27D3-79A9-407E-86EF-AF3AC0EA024B}.Pre|Any CPU.Build.0 = Pre|Any CPU
		{D34D27D3-79A9-407E-86EF-AF3AC0EA024B}.Prod|Any CPU.ActiveCfg = Prod|Any CPU
		{D34D27D3-79A9-407E-86EF-AF3AC0EA024B}.Prod|Any CPU.Build.0 = Prod|Any CPU
		{D34D27D3-79A9-407E-86EF-AF3AC0EA024B}.Sit|Any CPU.ActiveCfg = Sit|Any CPU
		{D34D27D3-79A9-407E-86EF-AF3AC0EA024B}.Sit|Any CPU.Build.0 = Sit|Any CPU
		{83500887-E1B7-46BD-945B-4CC3D0069B6E}.Demo|Any CPU.ActiveCfg = Demo|Any CPU
		{83500887-E1B7-46BD-945B-4CC3D0069B6E}.Demo|Any CPU.Build.0 = Demo|Any CPU
		{83500887-E1B7-46BD-945B-4CC3D0069B6E}.Dev|Any CPU.ActiveCfg = Dev|Any CPU
		{83500887-E1B7-46BD-945B-4CC3D0069B6E}.Dev|Any CPU.Build.0 = Dev|Any CPU
		{83500887-E1B7-46BD-945B-4CC3D0069B6E}.Local|Any CPU.ActiveCfg = Local|Any CPU
		{83500887-E1B7-46BD-945B-4CC3D0069B6E}.Local|Any CPU.Build.0 = Local|Any CPU
		{83500887-E1B7-46BD-945B-4CC3D0069B6E}.Pre|Any CPU.ActiveCfg = Pre|Any CPU
		{83500887-E1B7-46BD-945B-4CC3D0069B6E}.Pre|Any CPU.Build.0 = Pre|Any CPU
		{83500887-E1B7-46BD-945B-4CC3D0069B6E}.Prod|Any CPU.ActiveCfg = Prod|Any CPU
		{83500887-E1B7-46BD-945B-4CC3D0069B6E}.Prod|Any CPU.Build.0 = Prod|Any CPU
		{83500887-E1B7-46BD-945B-4CC3D0069B6E}.Sit|Any CPU.ActiveCfg = Sit|Any CPU
		{83500887-E1B7-46BD-945B-4CC3D0069B6E}.Sit|Any CPU.Build.0 = Sit|Any CPU
		{1029A059-3EA8-4173-9AD9-4DEAB6FDD3C2}.Demo|Any CPU.ActiveCfg = Demo|Any CPU
		{1029A059-3EA8-4173-9AD9-4DEAB6FDD3C2}.Demo|Any CPU.Build.0 = Demo|Any CPU
		{1029A059-3EA8-4173-9AD9-4DEAB6FDD3C2}.Dev|Any CPU.ActiveCfg = Dev|Any CPU
		{1029A059-3EA8-4173-9AD9-4DEAB6FDD3C2}.Dev|Any CPU.Build.0 = Dev|Any CPU
		{1029A059-3EA8-4173-9AD9-4DEAB6FDD3C2}.Local|Any CPU.ActiveCfg = Local|Any CPU
		{1029A059-3EA8-4173-9AD9-4DEAB6FDD3C2}.Local|Any CPU.Build.0 = Local|Any CPU
		{1029A059-3EA8-4173-9AD9-4DEAB6FDD3C2}.Pre|Any CPU.ActiveCfg = Pre|Any CPU
		{1029A059-3EA8-4173-9AD9-4DEAB6FDD3C2}.Pre|Any CPU.Build.0 = Pre|Any CPU
		{1029A059-3EA8-4173-9AD9-4DEAB6FDD3C2}.Prod|Any CPU.ActiveCfg = Prod|Any CPU
		{1029A059-3EA8-4173-9AD9-4DEAB6FDD3C2}.Prod|Any CPU.Build.0 = Prod|Any CPU
		{1029A059-3EA8-4173-9AD9-4DEAB6FDD3C2}.Sit|Any CPU.ActiveCfg = Sit|Any CPU
		{1029A059-3EA8-4173-9AD9-4DEAB6FDD3C2}.Sit|Any CPU.Build.0 = Sit|Any CPU
		{CE04B708-FF21-41D4-B796-A36EDCE2960D}.Demo|Any CPU.ActiveCfg = Demo|Any CPU
		{CE04B708-FF21-41D4-B796-A36EDCE2960D}.Demo|Any CPU.Build.0 = Demo|Any CPU
		{CE04B708-FF21-41D4-B796-A36EDCE2960D}.Dev|Any CPU.ActiveCfg = Dev|Any CPU
		{CE04B708-FF21-41D4-B796-A36EDCE2960D}.Dev|Any CPU.Build.0 = Dev|Any CPU
		{CE04B708-FF21-41D4-B796-A36EDCE2960D}.Local|Any CPU.ActiveCfg = Local|Any CPU
		{CE04B708-FF21-41D4-B796-A36EDCE2960D}.Local|Any CPU.Build.0 = Local|Any CPU
		{CE04B708-FF21-41D4-B796-A36EDCE2960D}.Pre|Any CPU.ActiveCfg = Pre|Any CPU
		{CE04B708-FF21-41D4-B796-A36EDCE2960D}.Pre|Any CPU.Build.0 = Pre|Any CPU
		{CE04B708-FF21-41D4-B796-A36EDCE2960D}.Prod|Any CPU.ActiveCfg = Prod|Any CPU
		{CE04B708-FF21-41D4-B796-A36EDCE2960D}.Prod|Any CPU.Build.0 = Prod|Any CPU
		{CE04B708-FF21-41D4-B796-A36EDCE2960D}.Sit|Any CPU.ActiveCfg = Sit|Any CPU
		{CE04B708-FF21-41D4-B796-A36EDCE2960D}.Sit|Any CPU.Build.0 = Sit|Any CPU
		{67CDACCD-5217-4110-8432-C6EF164BAA0D}.Demo|Any CPU.ActiveCfg = Demo|Any CPU
		{67CDACCD-5217-4110-8432-C6EF164BAA0D}.Demo|Any CPU.Build.0 = Demo|Any CPU
		{67CDACCD-5217-4110-8432-C6EF164BAA0D}.Dev|Any CPU.ActiveCfg = Dev|Any CPU
		{67CDACCD-5217-4110-8432-C6EF164BAA0D}.Dev|Any CPU.Build.0 = Dev|Any CPU
		{67CDACCD-5217-4110-8432-C6EF164BAA0D}.Local|Any CPU.ActiveCfg = Local|Any CPU
		{67CDACCD-5217-4110-8432-C6EF164BAA0D}.Local|Any CPU.Build.0 = Local|Any CPU
		{67CDACCD-5217-4110-8432-C6EF164BAA0D}.Pre|Any CPU.ActiveCfg = Pre|Any CPU
		{67CDACCD-5217-4110-8432-C6EF164BAA0D}.Pre|Any CPU.Build.0 = Pre|Any CPU
		{67CDACCD-5217-4110-8432-C6EF164BAA0D}.Prod|Any CPU.ActiveCfg = Prod|Any CPU
		{67CDACCD-5217-4110-8432-C6EF164BAA0D}.Prod|Any CPU.Build.0 = Prod|Any CPU
		{67CDACCD-5217-4110-8432-C6EF164BAA0D}.Sit|Any CPU.ActiveCfg = Sit|Any CPU
		{67CDACCD-5217-4110-8432-C6EF164BAA0D}.Sit|Any CPU.Build.0 = Sit|Any CPU
		{920F5834-459D-4E20-9B17-AAD52D2CC8FE}.Demo|Any CPU.ActiveCfg = Demo|Any CPU
		{920F5834-459D-4E20-9B17-AAD52D2CC8FE}.Demo|Any CPU.Build.0 = Demo|Any CPU
		{920F5834-459D-4E20-9B17-AAD52D2CC8FE}.Dev|Any CPU.ActiveCfg = Dev|Any CPU
		{920F5834-459D-4E20-9B17-AAD52D2CC8FE}.Dev|Any CPU.Build.0 = Dev|Any CPU
		{920F5834-459D-4E20-9B17-AAD52D2CC8FE}.Local|Any CPU.ActiveCfg = Local|Any CPU
		{920F5834-459D-4E20-9B17-AAD52D2CC8FE}.Local|Any CPU.Build.0 = Local|Any CPU
		{920F5834-459D-4E20-9B17-AAD52D2CC8FE}.Pre|Any CPU.ActiveCfg = Pre|Any CPU
		{920F5834-459D-4E20-9B17-AAD52D2CC8FE}.Pre|Any CPU.Build.0 = Pre|Any CPU
		{920F5834-459D-4E20-9B17-AAD52D2CC8FE}.Prod|Any CPU.ActiveCfg = Prod|Any CPU
		{920F5834-459D-4E20-9B17-AAD52D2CC8FE}.Prod|Any CPU.Build.0 = Prod|Any CPU
		{920F5834-459D-4E20-9B17-AAD52D2CC8FE}.Sit|Any CPU.ActiveCfg = Sit|Any CPU
		{920F5834-459D-4E20-9B17-AAD52D2CC8FE}.Sit|Any CPU.Build.0 = Sit|Any CPU
		{DD096F97-415D-4676-9F90-7AEE60213F49}.Demo|Any CPU.ActiveCfg = Demo|Any CPU
		{DD096F97-415D-4676-9F90-7AEE60213F49}.Demo|Any CPU.Build.0 = Demo|Any CPU
		{DD096F97-415D-4676-9F90-7AEE60213F49}.Dev|Any CPU.ActiveCfg = Dev|Any CPU
		{DD096F97-415D-4676-9F90-7AEE60213F49}.Dev|Any CPU.Build.0 = Dev|Any CPU
		{DD096F97-415D-4676-9F90-7AEE60213F49}.Local|Any CPU.ActiveCfg = Local|Any CPU
		{DD096F97-415D-4676-9F90-7AEE60213F49}.Local|Any CPU.Build.0 = Local|Any CPU
		{DD096F97-415D-4676-9F90-7AEE60213F49}.Pre|Any CPU.ActiveCfg = Pre|Any CPU
		{DD096F97-415D-4676-9F90-7AEE60213F49}.Pre|Any CPU.Build.0 = Pre|Any CPU
		{DD096F97-415D-4676-9F90-7AEE60213F49}.Prod|Any CPU.ActiveCfg = Prod|Any CPU
		{DD096F97-415D-4676-9F90-7AEE60213F49}.Prod|Any CPU.Build.0 = Prod|Any CPU
		{DD096F97-415D-4676-9F90-7AEE60213F49}.Sit|Any CPU.ActiveCfg = Sit|Any CPU
		{DD096F97-415D-4676-9F90-7AEE60213F49}.Sit|Any CPU.Build.0 = Sit|Any CPU
		{A64FC67F-C873-4422-93DD-FBD8A6370EC3}.Demo|Any CPU.ActiveCfg = Demo|Any CPU
		{A64FC67F-C873-4422-93DD-FBD8A6370EC3}.Demo|Any CPU.Build.0 = Demo|Any CPU
		{A64FC67F-C873-4422-93DD-FBD8A6370EC3}.Dev|Any CPU.ActiveCfg = Dev|Any CPU
		{A64FC67F-C873-4422-93DD-FBD8A6370EC3}.Dev|Any CPU.Build.0 = Dev|Any CPU
		{A64FC67F-C873-4422-93DD-FBD8A6370EC3}.Local|Any CPU.ActiveCfg = Local|Any CPU
		{A64FC67F-C873-4422-93DD-FBD8A6370EC3}.Local|Any CPU.Build.0 = Local|Any CPU
		{A64FC67F-C873-4422-93DD-FBD8A6370EC3}.Pre|Any CPU.ActiveCfg = Pre|Any CPU
		{A64FC67F-C873-4422-93DD-FBD8A6370EC3}.Pre|Any CPU.Build.0 = Pre|Any CPU
		{A64FC67F-C873-4422-93DD-FBD8A6370EC3}.Prod|Any CPU.ActiveCfg = Prod|Any CPU
		{A64FC67F-C873-4422-93DD-FBD8A6370EC3}.Prod|Any CPU.Build.0 = Prod|Any CPU
		{A64FC67F-C873-4422-93DD-FBD8A6370EC3}.Sit|Any CPU.ActiveCfg = Sit|Any CPU
		{A64FC67F-C873-4422-93DD-FBD8A6370EC3}.Sit|Any CPU.Build.0 = Sit|Any CPU
		{1B92E84D-F15A-4521-BDB9-2BE321236167}.Demo|Any CPU.ActiveCfg = Demo|Any CPU
		{1B92E84D-F15A-4521-BDB9-2BE321236167}.Demo|Any CPU.Build.0 = Demo|Any CPU
		{1B92E84D-F15A-4521-BDB9-2BE321236167}.Dev|Any CPU.ActiveCfg = Dev|Any CPU
		{1B92E84D-F15A-4521-BDB9-2BE321236167}.Dev|Any CPU.Build.0 = Dev|Any CPU
		{1B92E84D-F15A-4521-BDB9-2BE321236167}.Local|Any CPU.ActiveCfg = Local|Any CPU
		{1B92E84D-F15A-4521-BDB9-2BE321236167}.Local|Any CPU.Build.0 = Local|Any CPU
		{1B92E84D-F15A-4521-BDB9-2BE321236167}.Pre|Any CPU.ActiveCfg = Pre|Any CPU
		{1B92E84D-F15A-4521-BDB9-2BE321236167}.Pre|Any CPU.Build.0 = Pre|Any CPU
		{1B92E84D-F15A-4521-BDB9-2BE321236167}.Prod|Any CPU.ActiveCfg = Prod|Any CPU
		{1B92E84D-F15A-4521-BDB9-2BE321236167}.Prod|Any CPU.Build.0 = Prod|Any CPU
		{1B92E84D-F15A-4521-BDB9-2BE321236167}.Sit|Any CPU.ActiveCfg = Sit|Any CPU
		{1B92E84D-F15A-4521-BDB9-2BE321236167}.Sit|Any CPU.Build.0 = Sit|Any CPU
		{C7CB47E8-C024-4DC0-9BDC-E325D3BFEADC}.Demo|Any CPU.ActiveCfg = Demo|Any CPU
		{C7CB47E8-C024-4DC0-9BDC-E325D3BFEADC}.Demo|Any CPU.Build.0 = Demo|Any CPU
		{C7CB47E8-C024-4DC0-9BDC-E325D3BFEADC}.Dev|Any CPU.ActiveCfg = Dev|Any CPU
		{C7CB47E8-C024-4DC0-9BDC-E325D3BFEADC}.Dev|Any CPU.Build.0 = Dev|Any CPU
		{C7CB47E8-C024-4DC0-9BDC-E325D3BFEADC}.Local|Any CPU.ActiveCfg = Local|Any CPU
		{C7CB47E8-C024-4DC0-9BDC-E325D3BFEADC}.Local|Any CPU.Build.0 = Local|Any CPU
		{C7CB47E8-C024-4DC0-9BDC-E325D3BFEADC}.Pre|Any CPU.ActiveCfg = Pre|Any CPU
		{C7CB47E8-C024-4DC0-9BDC-E325D3BFEADC}.Pre|Any CPU.Build.0 = Pre|Any CPU
		{C7CB47E8-C024-4DC0-9BDC-E325D3BFEADC}.Prod|Any CPU.ActiveCfg = Prod|Any CPU
		{C7CB47E8-C024-4DC0-9BDC-E325D3BFEADC}.Prod|Any CPU.Build.0 = Prod|Any CPU
		{C7CB47E8-C024-4DC0-9BDC-E325D3BFEADC}.Sit|Any CPU.ActiveCfg = Sit|Any CPU
		{C7CB47E8-C024-4DC0-9BDC-E325D3BFEADC}.Sit|Any CPU.Build.0 = Sit|Any CPU
		{0D94A2DF-6D5A-4DEC-B6A1-137F3B461B47}.Demo|Any CPU.ActiveCfg = Demo|Any CPU
		{0D94A2DF-6D5A-4DEC-B6A1-137F3B461B47}.Demo|Any CPU.Build.0 = Demo|Any CPU
		{0D94A2DF-6D5A-4DEC-B6A1-137F3B461B47}.Dev|Any CPU.ActiveCfg = Dev|Any CPU
		{0D94A2DF-6D5A-4DEC-B6A1-137F3B461B47}.Dev|Any CPU.Build.0 = Dev|Any CPU
		{0D94A2DF-6D5A-4DEC-B6A1-137F3B461B47}.Local|Any CPU.ActiveCfg = Local|Any CPU
		{0D94A2DF-6D5A-4DEC-B6A1-137F3B461B47}.Local|Any CPU.Build.0 = Local|Any CPU
		{0D94A2DF-6D5A-4DEC-B6A1-137F3B461B47}.Pre|Any CPU.ActiveCfg = Pre|Any CPU
		{0D94A2DF-6D5A-4DEC-B6A1-137F3B461B47}.Pre|Any CPU.Build.0 = Pre|Any CPU
		{0D94A2DF-6D5A-4DEC-B6A1-137F3B461B47}.Prod|Any CPU.ActiveCfg = Prod|Any CPU
		{0D94A2DF-6D5A-4DEC-B6A1-137F3B461B47}.Prod|Any CPU.Build.0 = Prod|Any CPU
		{0D94A2DF-6D5A-4DEC-B6A1-137F3B461B47}.Sit|Any CPU.ActiveCfg = Sit|Any CPU
		{0D94A2DF-6D5A-4DEC-B6A1-137F3B461B47}.Sit|Any CPU.Build.0 = Sit|Any CPU
		{ABD48D09-C35E-42CE-8A4D-81550C2B8554}.Demo|Any CPU.ActiveCfg = Demo|Any CPU
		{ABD48D09-C35E-42CE-8A4D-81550C2B8554}.Demo|Any CPU.Build.0 = Demo|Any CPU
		{ABD48D09-C35E-42CE-8A4D-81550C2B8554}.Dev|Any CPU.ActiveCfg = Dev|Any CPU
		{ABD48D09-C35E-42CE-8A4D-81550C2B8554}.Dev|Any CPU.Build.0 = Dev|Any CPU
		{ABD48D09-C35E-42CE-8A4D-81550C2B8554}.Local|Any CPU.ActiveCfg = Local|Any CPU
		{ABD48D09-C35E-42CE-8A4D-81550C2B8554}.Local|Any CPU.Build.0 = Local|Any CPU
		{ABD48D09-C35E-42CE-8A4D-81550C2B8554}.Pre|Any CPU.ActiveCfg = Pre|Any CPU
		{ABD48D09-C35E-42CE-8A4D-81550C2B8554}.Pre|Any CPU.Build.0 = Pre|Any CPU
		{ABD48D09-C35E-42CE-8A4D-81550C2B8554}.Prod|Any CPU.ActiveCfg = Prod|Any CPU
		{ABD48D09-C35E-42CE-8A4D-81550C2B8554}.Prod|Any CPU.Build.0 = Prod|Any CPU
		{ABD48D09-C35E-42CE-8A4D-81550C2B8554}.Sit|Any CPU.ActiveCfg = Sit|Any CPU
		{ABD48D09-C35E-42CE-8A4D-81550C2B8554}.Sit|Any CPU.Build.0 = Sit|Any CPU
		{C91E4093-3348-43ED-B386-CF70000FFCB3}.Demo|Any CPU.ActiveCfg = Demo|Any CPU
		{C91E4093-3348-43ED-B386-CF70000FFCB3}.Demo|Any CPU.Build.0 = Demo|Any CPU
		{C91E4093-3348-43ED-B386-CF70000FFCB3}.Dev|Any CPU.ActiveCfg = Dev|Any CPU
		{C91E4093-3348-43ED-B386-CF70000FFCB3}.Dev|Any CPU.Build.0 = Dev|Any CPU
		{C91E4093-3348-43ED-B386-CF70000FFCB3}.Local|Any CPU.ActiveCfg = Local|Any CPU
		{C91E4093-3348-43ED-B386-CF70000FFCB3}.Local|Any CPU.Build.0 = Local|Any CPU
		{C91E4093-3348-43ED-B386-CF70000FFCB3}.Pre|Any CPU.ActiveCfg = Pre|Any CPU
		{C91E4093-3348-43ED-B386-CF70000FFCB3}.Pre|Any CPU.Build.0 = Pre|Any CPU
		{C91E4093-3348-43ED-B386-CF70000FFCB3}.Prod|Any CPU.ActiveCfg = Prod|Any CPU
		{C91E4093-3348-43ED-B386-CF70000FFCB3}.Prod|Any CPU.Build.0 = Prod|Any CPU
		{C91E4093-3348-43ED-B386-CF70000FFCB3}.Sit|Any CPU.ActiveCfg = Sit|Any CPU
		{C91E4093-3348-43ED-B386-CF70000FFCB3}.Sit|Any CPU.Build.0 = Sit|Any CPU
		{BB161A54-EF1A-4611-8296-9A0BE69B4587}.Demo|Any CPU.ActiveCfg = Demo|Any CPU
		{BB161A54-EF1A-4611-8296-9A0BE69B4587}.Demo|Any CPU.Build.0 = Demo|Any CPU
		{BB161A54-EF1A-4611-8296-9A0BE69B4587}.Dev|Any CPU.ActiveCfg = Dev|Any CPU
		{BB161A54-EF1A-4611-8296-9A0BE69B4587}.Dev|Any CPU.Build.0 = Dev|Any CPU
		{BB161A54-EF1A-4611-8296-9A0BE69B4587}.Local|Any CPU.ActiveCfg = Local|Any CPU
		{BB161A54-EF1A-4611-8296-9A0BE69B4587}.Local|Any CPU.Build.0 = Local|Any CPU
		{BB161A54-EF1A-4611-8296-9A0BE69B4587}.Pre|Any CPU.ActiveCfg = Pre|Any CPU
		{BB161A54-EF1A-4611-8296-9A0BE69B4587}.Pre|Any CPU.Build.0 = Pre|Any CPU
		{BB161A54-EF1A-4611-8296-9A0BE69B4587}.Prod|Any CPU.ActiveCfg = Prod|Any CPU
		{BB161A54-EF1A-4611-8296-9A0BE69B4587}.Prod|Any CPU.Build.0 = Prod|Any CPU
		{BB161A54-EF1A-4611-8296-9A0BE69B4587}.Sit|Any CPU.ActiveCfg = Sit|Any CPU
		{BB161A54-EF1A-4611-8296-9A0BE69B4587}.Sit|Any CPU.Build.0 = Sit|Any CPU
		{B263F67E-B3EA-410A-BA24-4F3CC2CE0008}.Demo|Any CPU.ActiveCfg = Demo|Any CPU
		{B263F67E-B3EA-410A-BA24-4F3CC2CE0008}.Demo|Any CPU.Build.0 = Demo|Any CPU
		{B263F67E-B3EA-410A-BA24-4F3CC2CE0008}.Dev|Any CPU.ActiveCfg = Dev|Any CPU
		{B263F67E-B3EA-410A-BA24-4F3CC2CE0008}.Dev|Any CPU.Build.0 = Dev|Any CPU
		{B263F67E-B3EA-410A-BA24-4F3CC2CE0008}.Local|Any CPU.ActiveCfg = Local|Any CPU
		{B263F67E-B3EA-410A-BA24-4F3CC2CE0008}.Local|Any CPU.Build.0 = Local|Any CPU
		{B263F67E-B3EA-410A-BA24-4F3CC2CE0008}.Pre|Any CPU.ActiveCfg = Pre|Any CPU
		{B263F67E-B3EA-410A-BA24-4F3CC2CE0008}.Pre|Any CPU.Build.0 = Pre|Any CPU
		{B263F67E-B3EA-410A-BA24-4F3CC2CE0008}.Prod|Any CPU.ActiveCfg = Prod|Any CPU
		{B263F67E-B3EA-410A-BA24-4F3CC2CE0008}.Prod|Any CPU.Build.0 = Prod|Any CPU
		{B263F67E-B3EA-410A-BA24-4F3CC2CE0008}.Sit|Any CPU.ActiveCfg = Sit|Any CPU
		{B263F67E-B3EA-410A-BA24-4F3CC2CE0008}.Sit|Any CPU.Build.0 = Sit|Any CPU
		{1F4776F3-884B-4B00-BA97-22BFA06C034E}.Demo|Any CPU.ActiveCfg = Demo|Any CPU
		{1F4776F3-884B-4B00-BA97-22BFA06C034E}.Demo|Any CPU.Build.0 = Demo|Any CPU
		{1F4776F3-884B-4B00-BA97-22BFA06C034E}.Dev|Any CPU.ActiveCfg = Dev|Any CPU
		{1F4776F3-884B-4B00-BA97-22BFA06C034E}.Dev|Any CPU.Build.0 = Dev|Any CPU
		{1F4776F3-884B-4B00-BA97-22BFA06C034E}.Local|Any CPU.ActiveCfg = Local|Any CPU
		{1F4776F3-884B-4B00-BA97-22BFA06C034E}.Local|Any CPU.Build.0 = Local|Any CPU
		{1F4776F3-884B-4B00-BA97-22BFA06C034E}.Pre|Any CPU.ActiveCfg = Pre|Any CPU
		{1F4776F3-884B-4B00-BA97-22BFA06C034E}.Pre|Any CPU.Build.0 = Pre|Any CPU
		{1F4776F3-884B-4B00-BA97-22BFA06C034E}.Prod|Any CPU.ActiveCfg = Prod|Any CPU
		{1F4776F3-884B-4B00-BA97-22BFA06C034E}.Prod|Any CPU.Build.0 = Prod|Any CPU
		{1F4776F3-884B-4B00-BA97-22BFA06C034E}.Sit|Any CPU.ActiveCfg = Sit|Any CPU
		{1F4776F3-884B-4B00-BA97-22BFA06C034E}.Sit|Any CPU.Build.0 = Sit|Any CPU
		{7D29ED20-FF3D-4FBB-B253-A44DE1E42BCC}.Demo|Any CPU.ActiveCfg = Demo|Any CPU
		{7D29ED20-FF3D-4FBB-B253-A44DE1E42BCC}.Demo|Any CPU.Build.0 = Demo|Any CPU
		{7D29ED20-FF3D-4FBB-B253-A44DE1E42BCC}.Dev|Any CPU.ActiveCfg = Dev|Any CPU
		{7D29ED20-FF3D-4FBB-B253-A44DE1E42BCC}.Dev|Any CPU.Build.0 = Dev|Any CPU
		{7D29ED20-FF3D-4FBB-B253-A44DE1E42BCC}.Local|Any CPU.ActiveCfg = Local|Any CPU
		{7D29ED20-FF3D-4FBB-B253-A44DE1E42BCC}.Local|Any CPU.Build.0 = Local|Any CPU
		{7D29ED20-FF3D-4FBB-B253-A44DE1E42BCC}.Pre|Any CPU.ActiveCfg = Pre|Any CPU
		{7D29ED20-FF3D-4FBB-B253-A44DE1E42BCC}.Pre|Any CPU.Build.0 = Pre|Any CPU
		{7D29ED20-FF3D-4FBB-B253-A44DE1E42BCC}.Prod|Any CPU.ActiveCfg = Prod|Any CPU
		{7D29ED20-FF3D-4FBB-B253-A44DE1E42BCC}.Prod|Any CPU.Build.0 = Prod|Any CPU
		{7D29ED20-FF3D-4FBB-B253-A44DE1E42BCC}.Sit|Any CPU.ActiveCfg = Sit|Any CPU
		{7D29ED20-FF3D-4FBB-B253-A44DE1E42BCC}.Sit|Any CPU.Build.0 = Sit|Any CPU
		{984F8CD2-61B3-48A4-B0CC-5D05E235983D}.Demo|Any CPU.ActiveCfg = Demo|Any CPU
		{984F8CD2-61B3-48A4-B0CC-5D05E235983D}.Demo|Any CPU.Build.0 = Demo|Any CPU
		{984F8CD2-61B3-48A4-B0CC-5D05E235983D}.Dev|Any CPU.ActiveCfg = Dev|Any CPU
		{984F8CD2-61B3-48A4-B0CC-5D05E235983D}.Dev|Any CPU.Build.0 = Dev|Any CPU
		{984F8CD2-61B3-48A4-B0CC-5D05E235983D}.Local|Any CPU.ActiveCfg = Local|Any CPU
		{984F8CD2-61B3-48A4-B0CC-5D05E235983D}.Local|Any CPU.Build.0 = Local|Any CPU
		{984F8CD2-61B3-48A4-B0CC-5D05E235983D}.Pre|Any CPU.ActiveCfg = Pre|Any CPU
		{984F8CD2-61B3-48A4-B0CC-5D05E235983D}.Pre|Any CPU.Build.0 = Pre|Any CPU
		{984F8CD2-61B3-48A4-B0CC-5D05E235983D}.Prod|Any CPU.ActiveCfg = Prod|Any CPU
		{984F8CD2-61B3-48A4-B0CC-5D05E235983D}.Prod|Any CPU.Build.0 = Prod|Any CPU
		{984F8CD2-61B3-48A4-B0CC-5D05E235983D}.Sit|Any CPU.ActiveCfg = Sit|Any CPU
		{984F8CD2-61B3-48A4-B0CC-5D05E235983D}.Sit|Any CPU.Build.0 = Sit|Any CPU
		{5E8E77CA-BB23-45DE-AADD-236CAFBC66E3}.Demo|Any CPU.ActiveCfg = Demo|Any CPU
		{5E8E77CA-BB23-45DE-AADD-236CAFBC66E3}.Demo|Any CPU.Build.0 = Demo|Any CPU
		{5E8E77CA-BB23-45DE-AADD-236CAFBC66E3}.Dev|Any CPU.ActiveCfg = Dev|Any CPU
		{5E8E77CA-BB23-45DE-AADD-236CAFBC66E3}.Dev|Any CPU.Build.0 = Dev|Any CPU
		{5E8E77CA-BB23-45DE-AADD-236CAFBC66E3}.Local|Any CPU.ActiveCfg = Local|Any CPU
		{5E8E77CA-BB23-45DE-AADD-236CAFBC66E3}.Local|Any CPU.Build.0 = Local|Any CPU
		{5E8E77CA-BB23-45DE-AADD-236CAFBC66E3}.Pre|Any CPU.ActiveCfg = Pre|Any CPU
		{5E8E77CA-BB23-45DE-AADD-236CAFBC66E3}.Pre|Any CPU.Build.0 = Pre|Any CPU
		{5E8E77CA-BB23-45DE-AADD-236CAFBC66E3}.Prod|Any CPU.ActiveCfg = Prod|Any CPU
		{5E8E77CA-BB23-45DE-AADD-236CAFBC66E3}.Prod|Any CPU.Build.0 = Prod|Any CPU
		{5E8E77CA-BB23-45DE-AADD-236CAFBC66E3}.Sit|Any CPU.ActiveCfg = Sit|Any CPU
		{5E8E77CA-BB23-45DE-AADD-236CAFBC66E3}.Sit|Any CPU.Build.0 = Sit|Any CPU
		{F01914FA-A911-4345-ACD4-FD80ADE21A8C}.Demo|Any CPU.ActiveCfg = Demo|Any CPU
		{F01914FA-A911-4345-ACD4-FD80ADE21A8C}.Demo|Any CPU.Build.0 = Demo|Any CPU
		{F01914FA-A911-4345-ACD4-FD80ADE21A8C}.Dev|Any CPU.ActiveCfg = Dev|Any CPU
		{F01914FA-A911-4345-ACD4-FD80ADE21A8C}.Dev|Any CPU.Build.0 = Dev|Any CPU
		{F01914FA-A911-4345-ACD4-FD80ADE21A8C}.Local|Any CPU.ActiveCfg = Local|Any CPU
		{F01914FA-A911-4345-ACD4-FD80ADE21A8C}.Local|Any CPU.Build.0 = Local|Any CPU
		{F01914FA-A911-4345-ACD4-FD80ADE21A8C}.Pre|Any CPU.ActiveCfg = Pre|Any CPU
		{F01914FA-A911-4345-ACD4-FD80ADE21A8C}.Pre|Any CPU.Build.0 = Pre|Any CPU
		{F01914FA-A911-4345-ACD4-FD80ADE21A8C}.Prod|Any CPU.ActiveCfg = Prod|Any CPU
		{F01914FA-A911-4345-ACD4-FD80ADE21A8C}.Prod|Any CPU.Build.0 = Prod|Any CPU
		{F01914FA-A911-4345-ACD4-FD80ADE21A8C}.Sit|Any CPU.ActiveCfg = Sit|Any CPU
		{F01914FA-A911-4345-ACD4-FD80ADE21A8C}.Sit|Any CPU.Build.0 = Sit|Any CPU
		{ADB1C795-A6AA-4CB8-82AE-2B8D10E22220}.Demo|Any CPU.ActiveCfg = Demo|Any CPU
		{ADB1C795-A6AA-4CB8-82AE-2B8D10E22220}.Demo|Any CPU.Build.0 = Demo|Any CPU
		{ADB1C795-A6AA-4CB8-82AE-2B8D10E22220}.Dev|Any CPU.ActiveCfg = Dev|Any CPU
		{ADB1C795-A6AA-4CB8-82AE-2B8D10E22220}.Dev|Any CPU.Build.0 = Dev|Any CPU
		{ADB1C795-A6AA-4CB8-82AE-2B8D10E22220}.Local|Any CPU.ActiveCfg = Local|Any CPU
		{ADB1C795-A6AA-4CB8-82AE-2B8D10E22220}.Local|Any CPU.Build.0 = Local|Any CPU
		{ADB1C795-A6AA-4CB8-82AE-2B8D10E22220}.Pre|Any CPU.ActiveCfg = Pre|Any CPU
		{ADB1C795-A6AA-4CB8-82AE-2B8D10E22220}.Pre|Any CPU.Build.0 = Pre|Any CPU
		{ADB1C795-A6AA-4CB8-82AE-2B8D10E22220}.Prod|Any CPU.ActiveCfg = Prod|Any CPU
		{ADB1C795-A6AA-4CB8-82AE-2B8D10E22220}.Prod|Any CPU.Build.0 = Prod|Any CPU
		{ADB1C795-A6AA-4CB8-82AE-2B8D10E22220}.Sit|Any CPU.ActiveCfg = Sit|Any CPU
		{ADB1C795-A6AA-4CB8-82AE-2B8D10E22220}.Sit|Any CPU.Build.0 = Sit|Any CPU
		{2752E3B6-358D-4C06-A31F-867304CAC53D}.Demo|Any CPU.ActiveCfg = Demo|Any CPU
		{2752E3B6-358D-4C06-A31F-867304CAC53D}.Demo|Any CPU.Build.0 = Demo|Any CPU
		{2752E3B6-358D-4C06-A31F-867304CAC53D}.Dev|Any CPU.ActiveCfg = Dev|Any CPU
		{2752E3B6-358D-4C06-A31F-867304CAC53D}.Dev|Any CPU.Build.0 = Dev|Any CPU
		{2752E3B6-358D-4C06-A31F-867304CAC53D}.Local|Any CPU.ActiveCfg = Local|Any CPU
		{2752E3B6-358D-4C06-A31F-867304CAC53D}.Local|Any CPU.Build.0 = Local|Any CPU
		{2752E3B6-358D-4C06-A31F-867304CAC53D}.Pre|Any CPU.ActiveCfg = Pre|Any CPU
		{2752E3B6-358D-4C06-A31F-867304CAC53D}.Pre|Any CPU.Build.0 = Pre|Any CPU
		{2752E3B6-358D-4C06-A31F-867304CAC53D}.Prod|Any CPU.ActiveCfg = Prod|Any CPU
		{2752E3B6-358D-4C06-A31F-867304CAC53D}.Prod|Any CPU.Build.0 = Prod|Any CPU
		{2752E3B6-358D-4C06-A31F-867304CAC53D}.Sit|Any CPU.ActiveCfg = Sit|Any CPU
		{2752E3B6-358D-4C06-A31F-867304CAC53D}.Sit|Any CPU.Build.0 = Sit|Any CPU
		{02D19199-A4BB-484A-AA48-208C7B6D819F}.Demo|Any CPU.ActiveCfg = Demo|Any CPU
		{02D19199-A4BB-484A-AA48-208C7B6D819F}.Demo|Any CPU.Build.0 = Demo|Any CPU
		{02D19199-A4BB-484A-AA48-208C7B6D819F}.Dev|Any CPU.ActiveCfg = Dev|Any CPU
		{02D19199-A4BB-484A-AA48-208C7B6D819F}.Dev|Any CPU.Build.0 = Dev|Any CPU
		{02D19199-A4BB-484A-AA48-208C7B6D819F}.Local|Any CPU.ActiveCfg = Local|Any CPU
		{02D19199-A4BB-484A-AA48-208C7B6D819F}.Local|Any CPU.Build.0 = Local|Any CPU
		{02D19199-A4BB-484A-AA48-208C7B6D819F}.Pre|Any CPU.ActiveCfg = Pre|Any CPU
		{02D19199-A4BB-484A-AA48-208C7B6D819F}.Pre|Any CPU.Build.0 = Pre|Any CPU
		{02D19199-A4BB-484A-AA48-208C7B6D819F}.Prod|Any CPU.ActiveCfg = Prod|Any CPU
		{02D19199-A4BB-484A-AA48-208C7B6D819F}.Prod|Any CPU.Build.0 = Prod|Any CPU
		{02D19199-A4BB-484A-AA48-208C7B6D819F}.Sit|Any CPU.ActiveCfg = Sit|Any CPU
		{02D19199-A4BB-484A-AA48-208C7B6D819F}.Sit|Any CPU.Build.0 = Sit|Any CPU
		{F75B0C62-89B5-473D-AF2D-366A5A6722AC}.Demo|Any CPU.ActiveCfg = Demo|Any CPU
		{F75B0C62-89B5-473D-AF2D-366A5A6722AC}.Demo|Any CPU.Build.0 = Demo|Any CPU
		{F75B0C62-89B5-473D-AF2D-366A5A6722AC}.Dev|Any CPU.ActiveCfg = Dev|Any CPU
		{F75B0C62-89B5-473D-AF2D-366A5A6722AC}.Dev|Any CPU.Build.0 = Dev|Any CPU
		{F75B0C62-89B5-473D-AF2D-366A5A6722AC}.Local|Any CPU.ActiveCfg = Local|Any CPU
		{F75B0C62-89B5-473D-AF2D-366A5A6722AC}.Local|Any CPU.Build.0 = Local|Any CPU
		{F75B0C62-89B5-473D-AF2D-366A5A6722AC}.Pre|Any CPU.ActiveCfg = Pre|Any CPU
		{F75B0C62-89B5-473D-AF2D-366A5A6722AC}.Pre|Any CPU.Build.0 = Pre|Any CPU
		{F75B0C62-89B5-473D-AF2D-366A5A6722AC}.Prod|Any CPU.ActiveCfg = Prod|Any CPU
		{F75B0C62-89B5-473D-AF2D-366A5A6722AC}.Prod|Any CPU.Build.0 = Prod|Any CPU
		{F75B0C62-89B5-473D-AF2D-366A5A6722AC}.Sit|Any CPU.ActiveCfg = Sit|Any CPU
		{F75B0C62-89B5-473D-AF2D-366A5A6722AC}.Sit|Any CPU.Build.0 = Sit|Any CPU
		{04796403-0EDF-4A8D-B725-180A9F83D958}.Demo|Any CPU.ActiveCfg = Demo|Any CPU
		{04796403-0EDF-4A8D-B725-180A9F83D958}.Demo|Any CPU.Build.0 = Demo|Any CPU
		{04796403-0EDF-4A8D-B725-180A9F83D958}.Dev|Any CPU.ActiveCfg = Dev|Any CPU
		{04796403-0EDF-4A8D-B725-180A9F83D958}.Dev|Any CPU.Build.0 = Dev|Any CPU
		{04796403-0EDF-4A8D-B725-180A9F83D958}.Local|Any CPU.ActiveCfg = Local|Any CPU
		{04796403-0EDF-4A8D-B725-180A9F83D958}.Local|Any CPU.Build.0 = Local|Any CPU
		{04796403-0EDF-4A8D-B725-180A9F83D958}.Pre|Any CPU.ActiveCfg = Pre|Any CPU
		{04796403-0EDF-4A8D-B725-180A9F83D958}.Pre|Any CPU.Build.0 = Pre|Any CPU
		{04796403-0EDF-4A8D-B725-180A9F83D958}.Prod|Any CPU.ActiveCfg = Prod|Any CPU
		{04796403-0EDF-4A8D-B725-180A9F83D958}.Prod|Any CPU.Build.0 = Prod|Any CPU
		{04796403-0EDF-4A8D-B725-180A9F83D958}.Sit|Any CPU.ActiveCfg = Sit|Any CPU
		{04796403-0EDF-4A8D-B725-180A9F83D958}.Sit|Any CPU.Build.0 = Sit|Any CPU
	EndGlobalSection
	GlobalSection(SolutionProperties) = preSolution
		HideSolutionNode = FALSE
	EndGlobalSection
	GlobalSection(NestedProjects) = preSolution
		{B633EE4E-7A58-4ACF-BBD9-0B19730B22FD} = {7981F780-CAF0-4117-A129-E91A5107E5F1}
		{E3F2F285-16EB-49C5-9668-8D8E1DB6C610} = {4FFE0ECC-842A-4C0F-BDB5-F61A7FB347D4}
		{CF497DD1-550D-4203-8FBF-C0A3B0109D2B} = {4FFE0ECC-842A-4C0F-BDB5-F61A7FB347D4}
		{78B1F2A1-DCC3-4ED3-8CE0-16E0781B59FA} = {0741AAC4-33B1-418A-B946-EE8ADD91A19B}
		{A2D82061-BCBD-4030-9EB4-5148AEE79241} = {0741AAC4-33B1-418A-B946-EE8ADD91A19B}
		{2C577447-2405-46B3-8065-613A19A58541} = {9BB7D203-46DB-4979-A324-2BBCFD6BE279}
		{FE5B99F5-66D8-42FC-A8B3-6562837623A4} = {0741AAC4-33B1-418A-B946-EE8ADD91A19B}
		{1F500137-C8E9-49AA-886E-1922D9D870EB} = {0741AAC4-33B1-418A-B946-EE8ADD91A19B}
		{4C2BE232-4DBD-44D0-B427-0450E2D857A5} = {4FFE0ECC-842A-4C0F-BDB5-F61A7FB347D4}
		{91DB99C3-50A9-4DED-AB90-2FF94D0B130E} = {4FFE0ECC-842A-4C0F-BDB5-F61A7FB347D4}
		{B1628369-3014-4A8B-BFFD-49CB8ADF3BD2} = {0741AAC4-33B1-418A-B946-EE8ADD91A19B}
		{D34D27D3-79A9-407E-86EF-AF3AC0EA024B} = {0741AAC4-33B1-418A-B946-EE8ADD91A19B}
		{83500887-E1B7-46BD-945B-4CC3D0069B6E} = {0741AAC4-33B1-418A-B946-EE8ADD91A19B}
		{56B18761-2665-454E-ACB7-E1B681B0185B} = {9BB7D203-46DB-4979-A324-2BBCFD6BE279}
		{CE04B708-FF21-41D4-B796-A36EDCE2960D} = {56B18761-2665-454E-ACB7-E1B681B0185B}
		{67CDACCD-5217-4110-8432-C6EF164BAA0D} = {56B18761-2665-454E-ACB7-E1B681B0185B}
		{7981F780-CAF0-4117-A129-E91A5107E5F1} = {0741AAC4-33B1-418A-B946-EE8ADD91A19B}
		{920F5834-459D-4E20-9B17-AAD52D2CC8FE} = {56B18761-2665-454E-ACB7-E1B681B0185B}
		{DD096F97-415D-4676-9F90-7AEE60213F49} = {56B18761-2665-454E-ACB7-E1B681B0185B}
		{A64FC67F-C873-4422-93DD-FBD8A6370EC3} = {56B18761-2665-454E-ACB7-E1B681B0185B}
		{1B92E84D-F15A-4521-BDB9-2BE321236167} = {56B18761-2665-454E-ACB7-E1B681B0185B}
		{C7CB47E8-C024-4DC0-9BDC-E325D3BFEADC} = {0741AAC4-33B1-418A-B946-EE8ADD91A19B}
		{0D94A2DF-6D5A-4DEC-B6A1-137F3B461B47} = {0741AAC4-33B1-418A-B946-EE8ADD91A19B}
		{ABD48D09-C35E-42CE-8A4D-81550C2B8554} = {0741AAC4-33B1-418A-B946-EE8ADD91A19B}
		{C91E4093-3348-43ED-B386-CF70000FFCB3} = {56B18761-2665-454E-ACB7-E1B681B0185B}
		{BB161A54-EF1A-4611-8296-9A0BE69B4587} = {0741AAC4-33B1-418A-B946-EE8ADD91A19B}
		{1F4776F3-884B-4B00-BA97-22BFA06C034E} = {0741AAC4-33B1-418A-B946-EE8ADD91A19B}
		{7D29ED20-FF3D-4FBB-B253-A44DE1E42BCC} = {56B18761-2665-454E-ACB7-E1B681B0185B}
		{984F8CD2-61B3-48A4-B0CC-5D05E235983D} = {56B18761-2665-454E-ACB7-E1B681B0185B}
		{5E8E77CA-BB23-45DE-AADD-236CAFBC66E3} = {56B18761-2665-454E-ACB7-E1B681B0185B}
		{F01914FA-A911-4345-ACD4-FD80ADE21A8C} = {56B18761-2665-454E-ACB7-E1B681B0185B}
		{83185B39-C02A-457F-A591-93DD9D5A8540} = {0741AAC4-33B1-418A-B946-EE8ADD91A19B}
		{ADB1C795-A6AA-4CB8-82AE-2B8D10E22220} = {83185B39-C02A-457F-A591-93DD9D5A8540}
		{2752E3B6-358D-4C06-A31F-867304CAC53D} = {56B18761-2665-454E-ACB7-E1B681B0185B}
		{02D19199-A4BB-484A-AA48-208C7B6D819F} = {0741AAC4-33B1-418A-B946-EE8ADD91A19B}
		{F75B0C62-89B5-473D-AF2D-366A5A6722AC} = {0741AAC4-33B1-418A-B946-EE8ADD91A19B}
		{EDB6D237-DD19-4168-8877-C316231480B7} = {9BB7D203-46DB-4979-A324-2BBCFD6BE279}
		{04796403-0EDF-4A8D-B725-180A9F83D958} = {EDB6D237-DD19-4168-8877-C316231480B7}
	EndGlobalSection
EndGlobal
