
Microsoft Visual Studio Solution File, Format Version 12.00
# Visual Studio 14
VisualStudioVersion = 14.0.24720.0
MinimumVisualStudioVersion = 10.0.40219.1
Project("{FAE04EC0-301F-11D3-BF4B-00C04F79EFBC}") = "SFA.Apprenticeships.Domain.Interfaces", "SFA.Apprenticeships.Domain.Interfaces\SFA.Apprenticeships.Domain.Interfaces.csproj", "{91DB99C3-50A9-4DED-AB90-2FF94D0B130E}"
EndProject
Project("{FAE04EC0-301F-11D3-BF4B-00C04F79EFBC}") = "SFA.Apprenticeships.Domain.Entities", "SFA.Apprenticeships.Domain.Entities\SFA.Apprenticeships.Domain.Entities.csproj", "{4C2BE232-4DBD-44D0-B427-0450E2D857A5}"
EndProject
Project("{FAE04EC0-301F-11D3-BF4B-00C04F79EFBC}") = "SFA.Infrastructure.Sql", "SFA.Infrastructure.Sql\SFA.Infrastructure.Sql.csproj", "{5F790D5C-5DA8-4CBB-B24D-7C3D565A251B}"
EndProject
Project("{FAE04EC0-301F-11D3-BF4B-00C04F79EFBC}") = "SFA.Apprenticeships.Infrastructure.Repositories.Vacancies.Sql", "SFA.Apprenticeships.Infrastructure.Repositories.Vacancies.Sql\SFA.Apprenticeships.Infrastructure.Repositories.Vacancies.Sql.csproj", "{20DDEAD1-3417-4A18-8186-D9C8CA88B690}"
EndProject
Project("{FAE04EC0-301F-11D3-BF4B-00C04F79EFBC}") = "SFA.Apprenticeships.Infrastructure.Repositories.Vacancies.Sql.Tests", "SFA.Apprenticeships.Infrastructure.Repositories.Vacancies.Sql.Tests\SFA.Apprenticeships.Infrastructure.Repositories.Vacancies.Sql.Tests.csproj", "{A1087A02-CAB9-4F9F-8816-86A419552830}"
EndProject
Project("{FAE04EC0-301F-11D3-BF4B-00C04F79EFBC}") = "SFA.Infrastructure", "SFA.Infrastructure\SFA.Infrastructure.csproj", "{1F500137-C8E9-49AA-886E-1922D9D870EB}"
EndProject
Project("{FAE04EC0-301F-11D3-BF4B-00C04F79EFBC}") = "SFA.Apprenticeships.NewDB.Domain.Entities", "SFA.Apprenticeships.NewDB.Domain.Entities\SFA.Apprenticeships.NewDB.Domain.Entities.csproj", "{0298EF49-182C-42B8-A3D1-6F3BEA9E4D1F}"
EndProject
Project("{00D1A9C2-B5F0-4AF3-8072-F6C62B433612}") = "SFA.Apprenticeships.Data", "SFA.Apprenticeships.Data\SFA.Apprenticeships.Data.sqlproj", "{331AE27B-BE3D-4833-94C7-7AA8E6FA97E6}"
EndProject
Project("{FAE04EC0-301F-11D3-BF4B-00C04F79EFBC}") = "SFA.Apprenticeships.Infrastructure.Common", "SFA.Apprenticeships.Infrastructure.Common\SFA.Apprenticeships.Infrastructure.Common.csproj", "{78B1F2A1-DCC3-4ED3-8CE0-16E0781B59FA}"
EndProject
Project("{FAE04EC0-301F-11D3-BF4B-00C04F79EFBC}") = "SFA.Apprenticeships.Web.Common", "SFA.Apprenticeships.Web.Common\SFA.Apprenticeships.Web.Common.csproj", "{ADB1C795-A6AA-4CB8-82AE-2B8D10E22220}"
EndProject
Project("{FAE04EC0-301F-11D3-BF4B-00C04F79EFBC}") = "SFA.Apprenticeships.Application.Interfaces", "SFA.Apprenticeships.Application.Interfaces\SFA.Apprenticeships.Application.Interfaces.csproj", "{2C577447-2405-46B3-8065-613A19A58541}"
EndProject
Project("{FAE04EC0-301F-11D3-BF4B-00C04F79EFBC}") = "SFA.Apprenticeships.Infrastructure.Azure.Common", "SFA.Apprenticeships.Infrastructure.Azure.Common\SFA.Apprenticeships.Infrastructure.Azure.Common.csproj", "{4FE5E4BE-91DF-49C6-B6CD-9B69FCD0C0FE}"
EndProject
Project("{FAE04EC0-301F-11D3-BF4B-00C04F79EFBC}") = "SFA.Infrastructure.Azure", "SFA.Infrastructure.Azure\SFA.Infrastructure.Azure.csproj", "{FE5B99F5-66D8-42FC-A8B3-6562837623A4}"
EndProject
Project("{FAE04EC0-301F-11D3-BF4B-00C04F79EFBC}") = "SFA.Apprenticeships.Infrastructure.Caching.Azure", "SFA.Apprenticeships.Infrastructure.Caching.Azure\SFA.Apprenticeships.Infrastructure.Caching.Azure.csproj", "{B3285E4A-29DD-4CB6-B8C9-51AA06DB4F83}"
EndProject
Project("{FAE04EC0-301F-11D3-BF4B-00C04F79EFBC}") = "SFA.Apprenticeships.Infrastructure.Caching.Memory", "SFA.Apprenticeships.Infrastructure.Caching.Memory\SFA.Apprenticeships.Infrastructure.Caching.Memory.csproj", "{B1628369-3014-4A8B-BFFD-49CB8ADF3BD2}"
EndProject
Project("{FAE04EC0-301F-11D3-BF4B-00C04F79EFBC}") = "SFA.Apprenticeships.Infrastructure.Logging", "SFA.Apprenticeships.Infrastructure.Logging\SFA.Apprenticeships.Infrastructure.Logging.csproj", "{A2D82061-BCBD-4030-9EB4-5148AEE79241}"
EndProject
Global
	GlobalSection(SolutionConfigurationPlatforms) = preSolution
		Debug|Any CPU = Debug|Any CPU
		Demo|Any CPU = Demo|Any CPU
		Dev|Any CPU = Dev|Any CPU
		Development|Any CPU = Development|Any CPU
		Local|Any CPU = Local|Any CPU
		Pre|Any CPU = Pre|Any CPU
		Prod|Any CPU = Prod|Any CPU
		Release|Any CPU = Release|Any CPU
		Sit|Any CPU = Sit|Any CPU
	EndGlobalSection
	GlobalSection(ProjectConfigurationPlatforms) = postSolution
		{91DB99C3-50A9-4DED-AB90-2FF94D0B130E}.Debug|Any CPU.ActiveCfg = Demo|Any CPU
		{91DB99C3-50A9-4DED-AB90-2FF94D0B130E}.Debug|Any CPU.Build.0 = Demo|Any CPU
		{91DB99C3-50A9-4DED-AB90-2FF94D0B130E}.Demo|Any CPU.ActiveCfg = Demo|Any CPU
		{91DB99C3-50A9-4DED-AB90-2FF94D0B130E}.Demo|Any CPU.Build.0 = Demo|Any CPU
		{91DB99C3-50A9-4DED-AB90-2FF94D0B130E}.Dev|Any CPU.ActiveCfg = Dev|Any CPU
		{91DB99C3-50A9-4DED-AB90-2FF94D0B130E}.Dev|Any CPU.Build.0 = Dev|Any CPU
		{91DB99C3-50A9-4DED-AB90-2FF94D0B130E}.Development|Any CPU.ActiveCfg = Dev|Any CPU
		{91DB99C3-50A9-4DED-AB90-2FF94D0B130E}.Development|Any CPU.Build.0 = Dev|Any CPU
		{91DB99C3-50A9-4DED-AB90-2FF94D0B130E}.Local|Any CPU.ActiveCfg = Local|Any CPU
		{91DB99C3-50A9-4DED-AB90-2FF94D0B130E}.Local|Any CPU.Build.0 = Local|Any CPU
		{91DB99C3-50A9-4DED-AB90-2FF94D0B130E}.Pre|Any CPU.ActiveCfg = Pre|Any CPU
		{91DB99C3-50A9-4DED-AB90-2FF94D0B130E}.Pre|Any CPU.Build.0 = Pre|Any CPU
		{91DB99C3-50A9-4DED-AB90-2FF94D0B130E}.Prod|Any CPU.ActiveCfg = Prod|Any CPU
		{91DB99C3-50A9-4DED-AB90-2FF94D0B130E}.Prod|Any CPU.Build.0 = Prod|Any CPU
		{91DB99C3-50A9-4DED-AB90-2FF94D0B130E}.Release|Any CPU.ActiveCfg = Demo|Any CPU
		{91DB99C3-50A9-4DED-AB90-2FF94D0B130E}.Release|Any CPU.Build.0 = Demo|Any CPU
		{91DB99C3-50A9-4DED-AB90-2FF94D0B130E}.Sit|Any CPU.ActiveCfg = Sit|Any CPU
		{91DB99C3-50A9-4DED-AB90-2FF94D0B130E}.Sit|Any CPU.Build.0 = Sit|Any CPU
		{4C2BE232-4DBD-44D0-B427-0450E2D857A5}.Debug|Any CPU.ActiveCfg = Demo|Any CPU
		{4C2BE232-4DBD-44D0-B427-0450E2D857A5}.Debug|Any CPU.Build.0 = Demo|Any CPU
		{4C2BE232-4DBD-44D0-B427-0450E2D857A5}.Demo|Any CPU.ActiveCfg = Demo|Any CPU
		{4C2BE232-4DBD-44D0-B427-0450E2D857A5}.Demo|Any CPU.Build.0 = Demo|Any CPU
		{4C2BE232-4DBD-44D0-B427-0450E2D857A5}.Dev|Any CPU.ActiveCfg = Dev|Any CPU
		{4C2BE232-4DBD-44D0-B427-0450E2D857A5}.Dev|Any CPU.Build.0 = Dev|Any CPU
		{4C2BE232-4DBD-44D0-B427-0450E2D857A5}.Development|Any CPU.ActiveCfg = Dev|Any CPU
		{4C2BE232-4DBD-44D0-B427-0450E2D857A5}.Development|Any CPU.Build.0 = Dev|Any CPU
		{4C2BE232-4DBD-44D0-B427-0450E2D857A5}.Local|Any CPU.ActiveCfg = Local|Any CPU
		{4C2BE232-4DBD-44D0-B427-0450E2D857A5}.Local|Any CPU.Build.0 = Local|Any CPU
		{4C2BE232-4DBD-44D0-B427-0450E2D857A5}.Pre|Any CPU.ActiveCfg = Pre|Any CPU
		{4C2BE232-4DBD-44D0-B427-0450E2D857A5}.Pre|Any CPU.Build.0 = Pre|Any CPU
		{4C2BE232-4DBD-44D0-B427-0450E2D857A5}.Prod|Any CPU.ActiveCfg = Prod|Any CPU
		{4C2BE232-4DBD-44D0-B427-0450E2D857A5}.Prod|Any CPU.Build.0 = Prod|Any CPU
		{4C2BE232-4DBD-44D0-B427-0450E2D857A5}.Release|Any CPU.ActiveCfg = Demo|Any CPU
		{4C2BE232-4DBD-44D0-B427-0450E2D857A5}.Release|Any CPU.Build.0 = Demo|Any CPU
		{4C2BE232-4DBD-44D0-B427-0450E2D857A5}.Sit|Any CPU.ActiveCfg = Sit|Any CPU
		{4C2BE232-4DBD-44D0-B427-0450E2D857A5}.Sit|Any CPU.Build.0 = Sit|Any CPU
		{5F790D5C-5DA8-4CBB-B24D-7C3D565A251B}.Debug|Any CPU.ActiveCfg = Demo|Any CPU
		{5F790D5C-5DA8-4CBB-B24D-7C3D565A251B}.Debug|Any CPU.Build.0 = Demo|Any CPU
		{5F790D5C-5DA8-4CBB-B24D-7C3D565A251B}.Demo|Any CPU.ActiveCfg = Demo|Any CPU
		{5F790D5C-5DA8-4CBB-B24D-7C3D565A251B}.Demo|Any CPU.Build.0 = Demo|Any CPU
		{5F790D5C-5DA8-4CBB-B24D-7C3D565A251B}.Dev|Any CPU.ActiveCfg = Dev|Any CPU
		{5F790D5C-5DA8-4CBB-B24D-7C3D565A251B}.Dev|Any CPU.Build.0 = Dev|Any CPU
		{5F790D5C-5DA8-4CBB-B24D-7C3D565A251B}.Development|Any CPU.ActiveCfg = Dev|Any CPU
		{5F790D5C-5DA8-4CBB-B24D-7C3D565A251B}.Development|Any CPU.Build.0 = Dev|Any CPU
		{5F790D5C-5DA8-4CBB-B24D-7C3D565A251B}.Local|Any CPU.ActiveCfg = Local|Any CPU
		{5F790D5C-5DA8-4CBB-B24D-7C3D565A251B}.Local|Any CPU.Build.0 = Local|Any CPU
		{5F790D5C-5DA8-4CBB-B24D-7C3D565A251B}.Pre|Any CPU.ActiveCfg = Pre|Any CPU
		{5F790D5C-5DA8-4CBB-B24D-7C3D565A251B}.Pre|Any CPU.Build.0 = Pre|Any CPU
		{5F790D5C-5DA8-4CBB-B24D-7C3D565A251B}.Prod|Any CPU.ActiveCfg = Prod|Any CPU
		{5F790D5C-5DA8-4CBB-B24D-7C3D565A251B}.Prod|Any CPU.Build.0 = Prod|Any CPU
		{5F790D5C-5DA8-4CBB-B24D-7C3D565A251B}.Release|Any CPU.ActiveCfg = Demo|Any CPU
		{5F790D5C-5DA8-4CBB-B24D-7C3D565A251B}.Release|Any CPU.Build.0 = Demo|Any CPU
		{5F790D5C-5DA8-4CBB-B24D-7C3D565A251B}.Sit|Any CPU.ActiveCfg = Sit|Any CPU
		{5F790D5C-5DA8-4CBB-B24D-7C3D565A251B}.Sit|Any CPU.Build.0 = Sit|Any CPU
		{20DDEAD1-3417-4A18-8186-D9C8CA88B690}.Debug|Any CPU.ActiveCfg = Demo|Any CPU
		{20DDEAD1-3417-4A18-8186-D9C8CA88B690}.Debug|Any CPU.Build.0 = Demo|Any CPU
		{20DDEAD1-3417-4A18-8186-D9C8CA88B690}.Demo|Any CPU.ActiveCfg = Demo|Any CPU
		{20DDEAD1-3417-4A18-8186-D9C8CA88B690}.Demo|Any CPU.Build.0 = Demo|Any CPU
		{20DDEAD1-3417-4A18-8186-D9C8CA88B690}.Dev|Any CPU.ActiveCfg = Dev|Any CPU
		{20DDEAD1-3417-4A18-8186-D9C8CA88B690}.Dev|Any CPU.Build.0 = Dev|Any CPU
		{20DDEAD1-3417-4A18-8186-D9C8CA88B690}.Development|Any CPU.ActiveCfg = Dev|Any CPU
		{20DDEAD1-3417-4A18-8186-D9C8CA88B690}.Development|Any CPU.Build.0 = Dev|Any CPU
		{20DDEAD1-3417-4A18-8186-D9C8CA88B690}.Local|Any CPU.ActiveCfg = Local|Any CPU
		{20DDEAD1-3417-4A18-8186-D9C8CA88B690}.Local|Any CPU.Build.0 = Local|Any CPU
		{20DDEAD1-3417-4A18-8186-D9C8CA88B690}.Pre|Any CPU.ActiveCfg = Pre|Any CPU
		{20DDEAD1-3417-4A18-8186-D9C8CA88B690}.Pre|Any CPU.Build.0 = Pre|Any CPU
		{20DDEAD1-3417-4A18-8186-D9C8CA88B690}.Prod|Any CPU.ActiveCfg = Prod|Any CPU
		{20DDEAD1-3417-4A18-8186-D9C8CA88B690}.Prod|Any CPU.Build.0 = Prod|Any CPU
		{20DDEAD1-3417-4A18-8186-D9C8CA88B690}.Release|Any CPU.ActiveCfg = Prod|Any CPU
		{20DDEAD1-3417-4A18-8186-D9C8CA88B690}.Release|Any CPU.Build.0 = Prod|Any CPU
		{20DDEAD1-3417-4A18-8186-D9C8CA88B690}.Sit|Any CPU.ActiveCfg = Sit|Any CPU
		{20DDEAD1-3417-4A18-8186-D9C8CA88B690}.Sit|Any CPU.Build.0 = Sit|Any CPU
		{A1087A02-CAB9-4F9F-8816-86A419552830}.Debug|Any CPU.ActiveCfg = Demo|Any CPU
		{A1087A02-CAB9-4F9F-8816-86A419552830}.Debug|Any CPU.Build.0 = Demo|Any CPU
		{A1087A02-CAB9-4F9F-8816-86A419552830}.Demo|Any CPU.ActiveCfg = Demo|Any CPU
		{A1087A02-CAB9-4F9F-8816-86A419552830}.Demo|Any CPU.Build.0 = Demo|Any CPU
		{A1087A02-CAB9-4F9F-8816-86A419552830}.Dev|Any CPU.ActiveCfg = Dev|Any CPU
		{A1087A02-CAB9-4F9F-8816-86A419552830}.Dev|Any CPU.Build.0 = Dev|Any CPU
		{A1087A02-CAB9-4F9F-8816-86A419552830}.Development|Any CPU.ActiveCfg = Dev|Any CPU
		{A1087A02-CAB9-4F9F-8816-86A419552830}.Development|Any CPU.Build.0 = Dev|Any CPU
		{A1087A02-CAB9-4F9F-8816-86A419552830}.Local|Any CPU.ActiveCfg = Local|Any CPU
		{A1087A02-CAB9-4F9F-8816-86A419552830}.Local|Any CPU.Build.0 = Local|Any CPU
		{A1087A02-CAB9-4F9F-8816-86A419552830}.Pre|Any CPU.ActiveCfg = Pre|Any CPU
		{A1087A02-CAB9-4F9F-8816-86A419552830}.Pre|Any CPU.Build.0 = Pre|Any CPU
		{A1087A02-CAB9-4F9F-8816-86A419552830}.Prod|Any CPU.ActiveCfg = Prod|Any CPU
		{A1087A02-CAB9-4F9F-8816-86A419552830}.Prod|Any CPU.Build.0 = Prod|Any CPU
		{A1087A02-CAB9-4F9F-8816-86A419552830}.Release|Any CPU.ActiveCfg = Demo|Any CPU
		{A1087A02-CAB9-4F9F-8816-86A419552830}.Release|Any CPU.Build.0 = Demo|Any CPU
		{A1087A02-CAB9-4F9F-8816-86A419552830}.Sit|Any CPU.ActiveCfg = Sit|Any CPU
		{A1087A02-CAB9-4F9F-8816-86A419552830}.Sit|Any CPU.Build.0 = Sit|Any CPU
		{1F500137-C8E9-49AA-886E-1922D9D870EB}.Debug|Any CPU.ActiveCfg = Demo|Any CPU
		{1F500137-C8E9-49AA-886E-1922D9D870EB}.Debug|Any CPU.Build.0 = Demo|Any CPU
		{1F500137-C8E9-49AA-886E-1922D9D870EB}.Demo|Any CPU.ActiveCfg = Demo|Any CPU
		{1F500137-C8E9-49AA-886E-1922D9D870EB}.Demo|Any CPU.Build.0 = Demo|Any CPU
		{1F500137-C8E9-49AA-886E-1922D9D870EB}.Dev|Any CPU.ActiveCfg = Dev|Any CPU
		{1F500137-C8E9-49AA-886E-1922D9D870EB}.Dev|Any CPU.Build.0 = Dev|Any CPU
		{1F500137-C8E9-49AA-886E-1922D9D870EB}.Development|Any CPU.ActiveCfg = Dev|Any CPU
		{1F500137-C8E9-49AA-886E-1922D9D870EB}.Development|Any CPU.Build.0 = Dev|Any CPU
		{1F500137-C8E9-49AA-886E-1922D9D870EB}.Local|Any CPU.ActiveCfg = Local|Any CPU
		{1F500137-C8E9-49AA-886E-1922D9D870EB}.Local|Any CPU.Build.0 = Local|Any CPU
		{1F500137-C8E9-49AA-886E-1922D9D870EB}.Pre|Any CPU.ActiveCfg = Local|Any CPU
		{1F500137-C8E9-49AA-886E-1922D9D870EB}.Pre|Any CPU.Build.0 = Local|Any CPU
		{1F500137-C8E9-49AA-886E-1922D9D870EB}.Prod|Any CPU.ActiveCfg = Local|Any CPU
		{1F500137-C8E9-49AA-886E-1922D9D870EB}.Prod|Any CPU.Build.0 = Local|Any CPU
		{1F500137-C8E9-49AA-886E-1922D9D870EB}.Release|Any CPU.ActiveCfg = Demo|Any CPU
		{1F500137-C8E9-49AA-886E-1922D9D870EB}.Release|Any CPU.Build.0 = Demo|Any CPU
		{1F500137-C8E9-49AA-886E-1922D9D870EB}.Sit|Any CPU.ActiveCfg = Local|Any CPU
		{1F500137-C8E9-49AA-886E-1922D9D870EB}.Sit|Any CPU.Build.0 = Local|Any CPU
		{0298EF49-182C-42B8-A3D1-6F3BEA9E4D1F}.Debug|Any CPU.ActiveCfg = Demo|Any CPU
		{0298EF49-182C-42B8-A3D1-6F3BEA9E4D1F}.Debug|Any CPU.Build.0 = Demo|Any CPU
		{0298EF49-182C-42B8-A3D1-6F3BEA9E4D1F}.Demo|Any CPU.ActiveCfg = Demo|Any CPU
		{0298EF49-182C-42B8-A3D1-6F3BEA9E4D1F}.Demo|Any CPU.Build.0 = Demo|Any CPU
		{0298EF49-182C-42B8-A3D1-6F3BEA9E4D1F}.Dev|Any CPU.ActiveCfg = Dev|Any CPU
		{0298EF49-182C-42B8-A3D1-6F3BEA9E4D1F}.Dev|Any CPU.Build.0 = Dev|Any CPU
		{0298EF49-182C-42B8-A3D1-6F3BEA9E4D1F}.Development|Any CPU.ActiveCfg = Dev|Any CPU
		{0298EF49-182C-42B8-A3D1-6F3BEA9E4D1F}.Development|Any CPU.Build.0 = Dev|Any CPU
		{0298EF49-182C-42B8-A3D1-6F3BEA9E4D1F}.Local|Any CPU.ActiveCfg = Local|Any CPU
		{0298EF49-182C-42B8-A3D1-6F3BEA9E4D1F}.Local|Any CPU.Build.0 = Local|Any CPU
		{0298EF49-182C-42B8-A3D1-6F3BEA9E4D1F}.Pre|Any CPU.ActiveCfg = Pre|Any CPU
		{0298EF49-182C-42B8-A3D1-6F3BEA9E4D1F}.Pre|Any CPU.Build.0 = Pre|Any CPU
		{0298EF49-182C-42B8-A3D1-6F3BEA9E4D1F}.Prod|Any CPU.ActiveCfg = Prod|Any CPU
		{0298EF49-182C-42B8-A3D1-6F3BEA9E4D1F}.Prod|Any CPU.Build.0 = Prod|Any CPU
		{0298EF49-182C-42B8-A3D1-6F3BEA9E4D1F}.Release|Any CPU.ActiveCfg = Demo|Any CPU
		{0298EF49-182C-42B8-A3D1-6F3BEA9E4D1F}.Release|Any CPU.Build.0 = Demo|Any CPU
		{0298EF49-182C-42B8-A3D1-6F3BEA9E4D1F}.Sit|Any CPU.ActiveCfg = Sit|Any CPU
		{0298EF49-182C-42B8-A3D1-6F3BEA9E4D1F}.Sit|Any CPU.Build.0 = Sit|Any CPU
		{331AE27B-BE3D-4833-94C7-7AA8E6FA97E6}.Debug|Any CPU.ActiveCfg = Demo|Any CPU
		{331AE27B-BE3D-4833-94C7-7AA8E6FA97E6}.Debug|Any CPU.Build.0 = Demo|Any CPU
		{331AE27B-BE3D-4833-94C7-7AA8E6FA97E6}.Debug|Any CPU.Deploy.0 = Demo|Any CPU
		{331AE27B-BE3D-4833-94C7-7AA8E6FA97E6}.Demo|Any CPU.ActiveCfg = Demo|Any CPU
		{331AE27B-BE3D-4833-94C7-7AA8E6FA97E6}.Demo|Any CPU.Build.0 = Demo|Any CPU
		{331AE27B-BE3D-4833-94C7-7AA8E6FA97E6}.Demo|Any CPU.Deploy.0 = Demo|Any CPU
		{331AE27B-BE3D-4833-94C7-7AA8E6FA97E6}.Dev|Any CPU.ActiveCfg = Dev|Any CPU
		{331AE27B-BE3D-4833-94C7-7AA8E6FA97E6}.Dev|Any CPU.Build.0 = Dev|Any CPU
		{331AE27B-BE3D-4833-94C7-7AA8E6FA97E6}.Dev|Any CPU.Deploy.0 = Dev|Any CPU
		{331AE27B-BE3D-4833-94C7-7AA8E6FA97E6}.Development|Any CPU.ActiveCfg = Dev|Any CPU
		{331AE27B-BE3D-4833-94C7-7AA8E6FA97E6}.Development|Any CPU.Build.0 = Dev|Any CPU
		{331AE27B-BE3D-4833-94C7-7AA8E6FA97E6}.Development|Any CPU.Deploy.0 = Dev|Any CPU
		{331AE27B-BE3D-4833-94C7-7AA8E6FA97E6}.Local|Any CPU.ActiveCfg = Local|Any CPU
		{331AE27B-BE3D-4833-94C7-7AA8E6FA97E6}.Local|Any CPU.Build.0 = Local|Any CPU
		{331AE27B-BE3D-4833-94C7-7AA8E6FA97E6}.Local|Any CPU.Deploy.0 = Local|Any CPU
		{331AE27B-BE3D-4833-94C7-7AA8E6FA97E6}.Pre|Any CPU.ActiveCfg = Pre|Any CPU
		{331AE27B-BE3D-4833-94C7-7AA8E6FA97E6}.Pre|Any CPU.Build.0 = Pre|Any CPU
		{331AE27B-BE3D-4833-94C7-7AA8E6FA97E6}.Pre|Any CPU.Deploy.0 = Pre|Any CPU
		{331AE27B-BE3D-4833-94C7-7AA8E6FA97E6}.Prod|Any CPU.ActiveCfg = Prod|Any CPU
		{331AE27B-BE3D-4833-94C7-7AA8E6FA97E6}.Prod|Any CPU.Build.0 = Prod|Any CPU
		{331AE27B-BE3D-4833-94C7-7AA8E6FA97E6}.Prod|Any CPU.Deploy.0 = Prod|Any CPU
		{331AE27B-BE3D-4833-94C7-7AA8E6FA97E6}.Release|Any CPU.ActiveCfg = Prod|Any CPU
		{331AE27B-BE3D-4833-94C7-7AA8E6FA97E6}.Release|Any CPU.Build.0 = Prod|Any CPU
		{331AE27B-BE3D-4833-94C7-7AA8E6FA97E6}.Release|Any CPU.Deploy.0 = Prod|Any CPU
		{331AE27B-BE3D-4833-94C7-7AA8E6FA97E6}.Sit|Any CPU.ActiveCfg = Sit|Any CPU
		{331AE27B-BE3D-4833-94C7-7AA8E6FA97E6}.Sit|Any CPU.Build.0 = Sit|Any CPU
		{331AE27B-BE3D-4833-94C7-7AA8E6FA97E6}.Sit|Any CPU.Deploy.0 = Sit|Any CPU
		{78B1F2A1-DCC3-4ED3-8CE0-16E0781B59FA}.Debug|Any CPU.ActiveCfg = Demo|Any CPU
		{78B1F2A1-DCC3-4ED3-8CE0-16E0781B59FA}.Debug|Any CPU.Build.0 = Demo|Any CPU
		{78B1F2A1-DCC3-4ED3-8CE0-16E0781B59FA}.Demo|Any CPU.ActiveCfg = Demo|Any CPU
		{78B1F2A1-DCC3-4ED3-8CE0-16E0781B59FA}.Demo|Any CPU.Build.0 = Demo|Any CPU
		{78B1F2A1-DCC3-4ED3-8CE0-16E0781B59FA}.Dev|Any CPU.ActiveCfg = Dev|Any CPU
		{78B1F2A1-DCC3-4ED3-8CE0-16E0781B59FA}.Dev|Any CPU.Build.0 = Dev|Any CPU
		{78B1F2A1-DCC3-4ED3-8CE0-16E0781B59FA}.Development|Any CPU.ActiveCfg = Dev|Any CPU
		{78B1F2A1-DCC3-4ED3-8CE0-16E0781B59FA}.Development|Any CPU.Build.0 = Dev|Any CPU
		{78B1F2A1-DCC3-4ED3-8CE0-16E0781B59FA}.Local|Any CPU.ActiveCfg = Local|Any CPU
		{78B1F2A1-DCC3-4ED3-8CE0-16E0781B59FA}.Local|Any CPU.Build.0 = Local|Any CPU
		{78B1F2A1-DCC3-4ED3-8CE0-16E0781B59FA}.Pre|Any CPU.ActiveCfg = Pre|Any CPU
		{78B1F2A1-DCC3-4ED3-8CE0-16E0781B59FA}.Pre|Any CPU.Build.0 = Pre|Any CPU
		{78B1F2A1-DCC3-4ED3-8CE0-16E0781B59FA}.Prod|Any CPU.ActiveCfg = Prod|Any CPU
		{78B1F2A1-DCC3-4ED3-8CE0-16E0781B59FA}.Prod|Any CPU.Build.0 = Prod|Any CPU
		{78B1F2A1-DCC3-4ED3-8CE0-16E0781B59FA}.Release|Any CPU.ActiveCfg = Demo|Any CPU
		{78B1F2A1-DCC3-4ED3-8CE0-16E0781B59FA}.Release|Any CPU.Build.0 = Demo|Any CPU
		{78B1F2A1-DCC3-4ED3-8CE0-16E0781B59FA}.Sit|Any CPU.ActiveCfg = Sit|Any CPU
		{78B1F2A1-DCC3-4ED3-8CE0-16E0781B59FA}.Sit|Any CPU.Build.0 = Sit|Any CPU
		{ADB1C795-A6AA-4CB8-82AE-2B8D10E22220}.Debug|Any CPU.ActiveCfg = Demo|Any CPU
		{ADB1C795-A6AA-4CB8-82AE-2B8D10E22220}.Debug|Any CPU.Build.0 = Demo|Any CPU
		{ADB1C795-A6AA-4CB8-82AE-2B8D10E22220}.Demo|Any CPU.ActiveCfg = Demo|Any CPU
		{ADB1C795-A6AA-4CB8-82AE-2B8D10E22220}.Demo|Any CPU.Build.0 = Demo|Any CPU
		{ADB1C795-A6AA-4CB8-82AE-2B8D10E22220}.Dev|Any CPU.ActiveCfg = Dev|Any CPU
		{ADB1C795-A6AA-4CB8-82AE-2B8D10E22220}.Dev|Any CPU.Build.0 = Dev|Any CPU
		{ADB1C795-A6AA-4CB8-82AE-2B8D10E22220}.Development|Any CPU.ActiveCfg = Dev|Any CPU
		{ADB1C795-A6AA-4CB8-82AE-2B8D10E22220}.Development|Any CPU.Build.0 = Dev|Any CPU
		{ADB1C795-A6AA-4CB8-82AE-2B8D10E22220}.Local|Any CPU.ActiveCfg = Local|Any CPU
		{ADB1C795-A6AA-4CB8-82AE-2B8D10E22220}.Local|Any CPU.Build.0 = Local|Any CPU
		{ADB1C795-A6AA-4CB8-82AE-2B8D10E22220}.Pre|Any CPU.ActiveCfg = Pre|Any CPU
		{ADB1C795-A6AA-4CB8-82AE-2B8D10E22220}.Pre|Any CPU.Build.0 = Pre|Any CPU
		{ADB1C795-A6AA-4CB8-82AE-2B8D10E22220}.Prod|Any CPU.ActiveCfg = Prod|Any CPU
		{ADB1C795-A6AA-4CB8-82AE-2B8D10E22220}.Prod|Any CPU.Build.0 = Prod|Any CPU
		{ADB1C795-A6AA-4CB8-82AE-2B8D10E22220}.Release|Any CPU.ActiveCfg = Demo|Any CPU
		{ADB1C795-A6AA-4CB8-82AE-2B8D10E22220}.Release|Any CPU.Build.0 = Demo|Any CPU
		{ADB1C795-A6AA-4CB8-82AE-2B8D10E22220}.Sit|Any CPU.ActiveCfg = Sit|Any CPU
		{ADB1C795-A6AA-4CB8-82AE-2B8D10E22220}.Sit|Any CPU.Build.0 = Sit|Any CPU
		{2C577447-2405-46B3-8065-613A19A58541}.Debug|Any CPU.ActiveCfg = Demo|Any CPU
		{2C577447-2405-46B3-8065-613A19A58541}.Debug|Any CPU.Build.0 = Demo|Any CPU
		{2C577447-2405-46B3-8065-613A19A58541}.Demo|Any CPU.ActiveCfg = Demo|Any CPU
		{2C577447-2405-46B3-8065-613A19A58541}.Demo|Any CPU.Build.0 = Demo|Any CPU
		{2C577447-2405-46B3-8065-613A19A58541}.Dev|Any CPU.ActiveCfg = Dev|Any CPU
		{2C577447-2405-46B3-8065-613A19A58541}.Dev|Any CPU.Build.0 = Dev|Any CPU
		{2C577447-2405-46B3-8065-613A19A58541}.Development|Any CPU.ActiveCfg = Dev|Any CPU
		{2C577447-2405-46B3-8065-613A19A58541}.Development|Any CPU.Build.0 = Dev|Any CPU
		{2C577447-2405-46B3-8065-613A19A58541}.Local|Any CPU.ActiveCfg = Local|Any CPU
		{2C577447-2405-46B3-8065-613A19A58541}.Local|Any CPU.Build.0 = Local|Any CPU
		{2C577447-2405-46B3-8065-613A19A58541}.Pre|Any CPU.ActiveCfg = Pre|Any CPU
		{2C577447-2405-46B3-8065-613A19A58541}.Pre|Any CPU.Build.0 = Pre|Any CPU
		{2C577447-2405-46B3-8065-613A19A58541}.Prod|Any CPU.ActiveCfg = Prod|Any CPU
		{2C577447-2405-46B3-8065-613A19A58541}.Prod|Any CPU.Build.0 = Prod|Any CPU
		{2C577447-2405-46B3-8065-613A19A58541}.Release|Any CPU.ActiveCfg = Demo|Any CPU
		{2C577447-2405-46B3-8065-613A19A58541}.Release|Any CPU.Build.0 = Demo|Any CPU
		{2C577447-2405-46B3-8065-613A19A58541}.Sit|Any CPU.ActiveCfg = Sit|Any CPU
		{2C577447-2405-46B3-8065-613A19A58541}.Sit|Any CPU.Build.0 = Sit|Any CPU
		{4FE5E4BE-91DF-49C6-B6CD-9B69FCD0C0FE}.Debug|Any CPU.ActiveCfg = Demo|Any CPU
		{4FE5E4BE-91DF-49C6-B6CD-9B69FCD0C0FE}.Debug|Any CPU.Build.0 = Demo|Any CPU
		{4FE5E4BE-91DF-49C6-B6CD-9B69FCD0C0FE}.Demo|Any CPU.ActiveCfg = Demo|Any CPU
		{4FE5E4BE-91DF-49C6-B6CD-9B69FCD0C0FE}.Demo|Any CPU.Build.0 = Demo|Any CPU
		{4FE5E4BE-91DF-49C6-B6CD-9B69FCD0C0FE}.Dev|Any CPU.ActiveCfg = Dev|Any CPU
		{4FE5E4BE-91DF-49C6-B6CD-9B69FCD0C0FE}.Dev|Any CPU.Build.0 = Dev|Any CPU
		{4FE5E4BE-91DF-49C6-B6CD-9B69FCD0C0FE}.Development|Any CPU.ActiveCfg = Dev|Any CPU
		{4FE5E4BE-91DF-49C6-B6CD-9B69FCD0C0FE}.Development|Any CPU.Build.0 = Dev|Any CPU
		{4FE5E4BE-91DF-49C6-B6CD-9B69FCD0C0FE}.Local|Any CPU.ActiveCfg = Local|Any CPU
		{4FE5E4BE-91DF-49C6-B6CD-9B69FCD0C0FE}.Local|Any CPU.Build.0 = Local|Any CPU
		{4FE5E4BE-91DF-49C6-B6CD-9B69FCD0C0FE}.Pre|Any CPU.ActiveCfg = Pre|Any CPU
		{4FE5E4BE-91DF-49C6-B6CD-9B69FCD0C0FE}.Pre|Any CPU.Build.0 = Pre|Any CPU
		{4FE5E4BE-91DF-49C6-B6CD-9B69FCD0C0FE}.Prod|Any CPU.ActiveCfg = Prod|Any CPU
		{4FE5E4BE-91DF-49C6-B6CD-9B69FCD0C0FE}.Prod|Any CPU.Build.0 = Prod|Any CPU
		{4FE5E4BE-91DF-49C6-B6CD-9B69FCD0C0FE}.Release|Any CPU.ActiveCfg = Demo|Any CPU
		{4FE5E4BE-91DF-49C6-B6CD-9B69FCD0C0FE}.Release|Any CPU.Build.0 = Demo|Any CPU
		{4FE5E4BE-91DF-49C6-B6CD-9B69FCD0C0FE}.Sit|Any CPU.ActiveCfg = Sit|Any CPU
		{4FE5E4BE-91DF-49C6-B6CD-9B69FCD0C0FE}.Sit|Any CPU.Build.0 = Sit|Any CPU
		{FE5B99F5-66D8-42FC-A8B3-6562837623A4}.Debug|Any CPU.ActiveCfg = Debug|Any CPU
		{FE5B99F5-66D8-42FC-A8B3-6562837623A4}.Debug|Any CPU.Build.0 = Debug|Any CPU
		{FE5B99F5-66D8-42FC-A8B3-6562837623A4}.Demo|Any CPU.ActiveCfg = Debug|Any CPU
		{FE5B99F5-66D8-42FC-A8B3-6562837623A4}.Demo|Any CPU.Build.0 = Debug|Any CPU
		{FE5B99F5-66D8-42FC-A8B3-6562837623A4}.Dev|Any CPU.ActiveCfg = Debug|Any CPU
		{FE5B99F5-66D8-42FC-A8B3-6562837623A4}.Dev|Any CPU.Build.0 = Debug|Any CPU
		{FE5B99F5-66D8-42FC-A8B3-6562837623A4}.Development|Any CPU.ActiveCfg = Debug|Any CPU
		{FE5B99F5-66D8-42FC-A8B3-6562837623A4}.Development|Any CPU.Build.0 = Debug|Any CPU
		{FE5B99F5-66D8-42FC-A8B3-6562837623A4}.Local|Any CPU.ActiveCfg = Local|Any CPU
		{FE5B99F5-66D8-42FC-A8B3-6562837623A4}.Local|Any CPU.Build.0 = Local|Any CPU
		{FE5B99F5-66D8-42FC-A8B3-6562837623A4}.Pre|Any CPU.ActiveCfg = Local|Any CPU
		{FE5B99F5-66D8-42FC-A8B3-6562837623A4}.Pre|Any CPU.Build.0 = Local|Any CPU
		{FE5B99F5-66D8-42FC-A8B3-6562837623A4}.Prod|Any CPU.ActiveCfg = Local|Any CPU
		{FE5B99F5-66D8-42FC-A8B3-6562837623A4}.Prod|Any CPU.Build.0 = Local|Any CPU
		{FE5B99F5-66D8-42FC-A8B3-6562837623A4}.Release|Any CPU.ActiveCfg = Release|Any CPU
		{FE5B99F5-66D8-42FC-A8B3-6562837623A4}.Release|Any CPU.Build.0 = Release|Any CPU
		{FE5B99F5-66D8-42FC-A8B3-6562837623A4}.Sit|Any CPU.ActiveCfg = Local|Any CPU
		{FE5B99F5-66D8-42FC-A8B3-6562837623A4}.Sit|Any CPU.Build.0 = Local|Any CPU
		{B3285E4A-29DD-4CB6-B8C9-51AA06DB4F83}.Debug|Any CPU.ActiveCfg = Demo|Any CPU
		{B3285E4A-29DD-4CB6-B8C9-51AA06DB4F83}.Debug|Any CPU.Build.0 = Demo|Any CPU
		{B3285E4A-29DD-4CB6-B8C9-51AA06DB4F83}.Demo|Any CPU.ActiveCfg = Demo|Any CPU
		{B3285E4A-29DD-4CB6-B8C9-51AA06DB4F83}.Demo|Any CPU.Build.0 = Demo|Any CPU
		{B3285E4A-29DD-4CB6-B8C9-51AA06DB4F83}.Dev|Any CPU.ActiveCfg = Dev|Any CPU
		{B3285E4A-29DD-4CB6-B8C9-51AA06DB4F83}.Dev|Any CPU.Build.0 = Dev|Any CPU
		{B3285E4A-29DD-4CB6-B8C9-51AA06DB4F83}.Development|Any CPU.ActiveCfg = Dev|Any CPU
		{B3285E4A-29DD-4CB6-B8C9-51AA06DB4F83}.Development|Any CPU.Build.0 = Dev|Any CPU
		{B3285E4A-29DD-4CB6-B8C9-51AA06DB4F83}.Local|Any CPU.ActiveCfg = Local|Any CPU
		{B3285E4A-29DD-4CB6-B8C9-51AA06DB4F83}.Local|Any CPU.Build.0 = Local|Any CPU
		{B3285E4A-29DD-4CB6-B8C9-51AA06DB4F83}.Pre|Any CPU.ActiveCfg = Pre|Any CPU
		{B3285E4A-29DD-4CB6-B8C9-51AA06DB4F83}.Pre|Any CPU.Build.0 = Pre|Any CPU
		{B3285E4A-29DD-4CB6-B8C9-51AA06DB4F83}.Prod|Any CPU.ActiveCfg = Prod|Any CPU
		{B3285E4A-29DD-4CB6-B8C9-51AA06DB4F83}.Prod|Any CPU.Build.0 = Prod|Any CPU
		{B3285E4A-29DD-4CB6-B8C9-51AA06DB4F83}.Release|Any CPU.ActiveCfg = Demo|Any CPU
		{B3285E4A-29DD-4CB6-B8C9-51AA06DB4F83}.Release|Any CPU.Build.0 = Demo|Any CPU
		{B3285E4A-29DD-4CB6-B8C9-51AA06DB4F83}.Sit|Any CPU.ActiveCfg = Sit|Any CPU
		{B3285E4A-29DD-4CB6-B8C9-51AA06DB4F83}.Sit|Any CPU.Build.0 = Sit|Any CPU
		{B1628369-3014-4A8B-BFFD-49CB8ADF3BD2}.Debug|Any CPU.ActiveCfg = Demo|Any CPU
		{B1628369-3014-4A8B-BFFD-49CB8ADF3BD2}.Debug|Any CPU.Build.0 = Demo|Any CPU
		{B1628369-3014-4A8B-BFFD-49CB8ADF3BD2}.Demo|Any CPU.ActiveCfg = Demo|Any CPU
		{B1628369-3014-4A8B-BFFD-49CB8ADF3BD2}.Demo|Any CPU.Build.0 = Demo|Any CPU
		{B1628369-3014-4A8B-BFFD-49CB8ADF3BD2}.Dev|Any CPU.ActiveCfg = Dev|Any CPU
		{B1628369-3014-4A8B-BFFD-49CB8ADF3BD2}.Dev|Any CPU.Build.0 = Dev|Any CPU
		{B1628369-3014-4A8B-BFFD-49CB8ADF3BD2}.Development|Any CPU.ActiveCfg = Dev|Any CPU
		{B1628369-3014-4A8B-BFFD-49CB8ADF3BD2}.Development|Any CPU.Build.0 = Dev|Any CPU
		{B1628369-3014-4A8B-BFFD-49CB8ADF3BD2}.Local|Any CPU.ActiveCfg = Local|Any CPU
		{B1628369-3014-4A8B-BFFD-49CB8ADF3BD2}.Local|Any CPU.Build.0 = Local|Any CPU
		{B1628369-3014-4A8B-BFFD-49CB8ADF3BD2}.Pre|Any CPU.ActiveCfg = Pre|Any CPU
		{B1628369-3014-4A8B-BFFD-49CB8ADF3BD2}.Pre|Any CPU.Build.0 = Pre|Any CPU
		{B1628369-3014-4A8B-BFFD-49CB8ADF3BD2}.Prod|Any CPU.ActiveCfg = Prod|Any CPU
		{B1628369-3014-4A8B-BFFD-49CB8ADF3BD2}.Prod|Any CPU.Build.0 = Prod|Any CPU
		{B1628369-3014-4A8B-BFFD-49CB8ADF3BD2}.Release|Any CPU.ActiveCfg = Demo|Any CPU
		{B1628369-3014-4A8B-BFFD-49CB8ADF3BD2}.Release|Any CPU.Build.0 = Demo|Any CPU
		{B1628369-3014-4A8B-BFFD-49CB8ADF3BD2}.Sit|Any CPU.ActiveCfg = Sit|Any CPU
		{B1628369-3014-4A8B-BFFD-49CB8ADF3BD2}.Sit|Any CPU.Build.0 = Sit|Any CPU
		{A2D82061-BCBD-4030-9EB4-5148AEE79241}.Debug|Any CPU.ActiveCfg = Demo|Any CPU
		{A2D82061-BCBD-4030-9EB4-5148AEE79241}.Debug|Any CPU.Build.0 = Demo|Any CPU
		{A2D82061-BCBD-4030-9EB4-5148AEE79241}.Demo|Any CPU.ActiveCfg = Demo|Any CPU
		{A2D82061-BCBD-4030-9EB4-5148AEE79241}.Demo|Any CPU.Build.0 = Demo|Any CPU
		{A2D82061-BCBD-4030-9EB4-5148AEE79241}.Dev|Any CPU.ActiveCfg = Dev|Any CPU
		{A2D82061-BCBD-4030-9EB4-5148AEE79241}.Dev|Any CPU.Build.0 = Dev|Any CPU
		{A2D82061-BCBD-4030-9EB4-5148AEE79241}.Development|Any CPU.ActiveCfg = Dev|Any CPU
		{A2D82061-BCBD-4030-9EB4-5148AEE79241}.Development|Any CPU.Build.0 = Dev|Any CPU
		{A2D82061-BCBD-4030-9EB4-5148AEE79241}.Local|Any CPU.ActiveCfg = Local|Any CPU
		{A2D82061-BCBD-4030-9EB4-5148AEE79241}.Local|Any CPU.Build.0 = Local|Any CPU
		{A2D82061-BCBD-4030-9EB4-5148AEE79241}.Pre|Any CPU.ActiveCfg = Pre|Any CPU
		{A2D82061-BCBD-4030-9EB4-5148AEE79241}.Pre|Any CPU.Build.0 = Pre|Any CPU
		{A2D82061-BCBD-4030-9EB4-5148AEE79241}.Prod|Any CPU.ActiveCfg = Prod|Any CPU
		{A2D82061-BCBD-4030-9EB4-5148AEE79241}.Prod|Any CPU.Build.0 = Prod|Any CPU
		{A2D82061-BCBD-4030-9EB4-5148AEE79241}.Release|Any CPU.ActiveCfg = Demo|Any CPU
		{A2D82061-BCBD-4030-9EB4-5148AEE79241}.Release|Any CPU.Build.0 = Demo|Any CPU
		{A2D82061-BCBD-4030-9EB4-5148AEE79241}.Sit|Any CPU.ActiveCfg = Sit|Any CPU
		{A2D82061-BCBD-4030-9EB4-5148AEE79241}.Sit|Any CPU.Build.0 = Sit|Any CPU
	EndGlobalSection
	GlobalSection(SolutionProperties) = preSolution
		HideSolutionNode = FALSE
	EndGlobalSection
EndGlobal
