
Microsoft Visual Studio Solution File, Format Version 12.00
# Visual Studio 14
VisualStudioVersion = 14.0.24720.0
MinimumVisualStudioVersion = 10.0.40219.1
Project("{FAE04EC0-301F-11D3-BF4B-00C04F79EFBC}") = "SFA.Apprenticeships.Domain.Interfaces", "SFA.Apprenticeships.Domain.Interfaces\SFA.Apprenticeships.Domain.Interfaces.csproj", "{91DB99C3-50A9-4DED-AB90-2FF94D0B130E}"
EndProject
Project("{FAE04EC0-301F-11D3-BF4B-00C04F79EFBC}") = "SFA.Apprenticeships.Domain.Entities", "SFA.Apprenticeships.Domain.Entities\SFA.Apprenticeships.Domain.Entities.csproj", "{4C2BE232-4DBD-44D0-B427-0450E2D857A5}"
EndProject
Project("{FAE04EC0-301F-11D3-BF4B-00C04F79EFBC}") = "SFA.Infrastructure.Sql", "SFA.Infrastructure.Sql\SFA.Infrastructure.Sql.csproj", "{5F790D5C-5DA8-4CBB-B24D-7C3D565A251B}"
EndProject
Project("{FAE04EC0-301F-11D3-BF4B-00C04F79EFBC}") = "SFA.Apprenticeships.Infrastructure.Repositories.Vacancies.Sql", "SFA.Apprenticeships.Infrastructure.Repositories.Vacancies.Sql\SFA.Apprenticeships.Infrastructure.Repositories.Vacancies.Sql.csproj", "{20DDEAD1-3417-4A18-8186-D9C8CA88B690}"
EndProject
Project("{FAE04EC0-301F-11D3-BF4B-00C04F79EFBC}") = "SFA.Apprenticeships.Infrastructure.Repositories.Vacancies.Sql.Tests", "SFA.Apprenticeships.Infrastructure.Repositories.Vacancies.Sql.Tests\SFA.Apprenticeships.Infrastructure.Repositories.Vacancies.Sql.Tests.csproj", "{A1087A02-CAB9-4F9F-8816-86A419552830}"
EndProject
Project("{FAE04EC0-301F-11D3-BF4B-00C04F79EFBC}") = "SFA.Infrastructure", "SFA.Infrastructure\SFA.Infrastructure.csproj", "{1F500137-C8E9-49AA-886E-1922D9D870EB}"
EndProject
Project("{FAE04EC0-301F-11D3-BF4B-00C04F79EFBC}") = "SFA.Apprenticeships.NewDB.Domain.Entities", "SFA.Apprenticeships.NewDB.Domain.Entities\SFA.Apprenticeships.NewDB.Domain.Entities.csproj", "{0298EF49-182C-42B8-A3D1-6F3BEA9E4D1F}"
EndProject
Project("{00D1A9C2-B5F0-4AF3-8072-F6C62B433612}") = "SFA.Apprenticeships.Data", "SFA.Apprenticeships.Data\SFA.Apprenticeships.Data.sqlproj", "{331AE27B-BE3D-4833-94C7-7AA8E6FA97E6}"
EndProject
Global
	GlobalSection(SolutionConfigurationPlatforms) = preSolution
		Debug|Any CPU = Debug|Any CPU
		Demo|Any CPU = Demo|Any CPU
		Dev|Any CPU = Dev|Any CPU
		Development|Any CPU = Development|Any CPU
		Local|Any CPU = Local|Any CPU
		Pre|Any CPU = Pre|Any CPU
		Prod|Any CPU = Prod|Any CPU
		Release|Any CPU = Release|Any CPU
		Sit|Any CPU = Sit|Any CPU
	EndGlobalSection
	GlobalSection(ProjectConfigurationPlatforms) = postSolution
		{91DB99C3-50A9-4DED-AB90-2FF94D0B130E}.Debug|Any CPU.ActiveCfg = Demo|Any CPU
		{91DB99C3-50A9-4DED-AB90-2FF94D0B130E}.Debug|Any CPU.Build.0 = Demo|Any CPU
		{91DB99C3-50A9-4DED-AB90-2FF94D0B130E}.Demo|Any CPU.ActiveCfg = Demo|Any CPU
		{91DB99C3-50A9-4DED-AB90-2FF94D0B130E}.Demo|Any CPU.Build.0 = Demo|Any CPU
		{91DB99C3-50A9-4DED-AB90-2FF94D0B130E}.Dev|Any CPU.ActiveCfg = Dev|Any CPU
		{91DB99C3-50A9-4DED-AB90-2FF94D0B130E}.Dev|Any CPU.Build.0 = Dev|Any CPU
		{91DB99C3-50A9-4DED-AB90-2FF94D0B130E}.Development|Any CPU.ActiveCfg = Dev|Any CPU
		{91DB99C3-50A9-4DED-AB90-2FF94D0B130E}.Development|Any CPU.Build.0 = Dev|Any CPU
		{91DB99C3-50A9-4DED-AB90-2FF94D0B130E}.Local|Any CPU.ActiveCfg = Local|Any CPU
		{91DB99C3-50A9-4DED-AB90-2FF94D0B130E}.Local|Any CPU.Build.0 = Local|Any CPU
		{91DB99C3-50A9-4DED-AB90-2FF94D0B130E}.Pre|Any CPU.ActiveCfg = Pre|Any CPU
		{91DB99C3-50A9-4DED-AB90-2FF94D0B130E}.Pre|Any CPU.Build.0 = Pre|Any CPU
		{91DB99C3-50A9-4DED-AB90-2FF94D0B130E}.Prod|Any CPU.ActiveCfg = Prod|Any CPU
		{91DB99C3-50A9-4DED-AB90-2FF94D0B130E}.Prod|Any CPU.Build.0 = Prod|Any CPU
		{91DB99C3-50A9-4DED-AB90-2FF94D0B130E}.Release|Any CPU.ActiveCfg = Demo|Any CPU
		{91DB99C3-50A9-4DED-AB90-2FF94D0B130E}.Release|Any CPU.Build.0 = Demo|Any CPU
		{91DB99C3-50A9-4DED-AB90-2FF94D0B130E}.Sit|Any CPU.ActiveCfg = Sit|Any CPU
		{91DB99C3-50A9-4DED-AB90-2FF94D0B130E}.Sit|Any CPU.Build.0 = Sit|Any CPU
		{4C2BE232-4DBD-44D0-B427-0450E2D857A5}.Debug|Any CPU.ActiveCfg = Demo|Any CPU
		{4C2BE232-4DBD-44D0-B427-0450E2D857A5}.Debug|Any CPU.Build.0 = Demo|Any CPU
		{4C2BE232-4DBD-44D0-B427-0450E2D857A5}.Demo|Any CPU.ActiveCfg = Demo|Any CPU
		{4C2BE232-4DBD-44D0-B427-0450E2D857A5}.Demo|Any CPU.Build.0 = Demo|Any CPU
		{4C2BE232-4DBD-44D0-B427-0450E2D857A5}.Dev|Any CPU.ActiveCfg = Dev|Any CPU
		{4C2BE232-4DBD-44D0-B427-0450E2D857A5}.Dev|Any CPU.Build.0 = Dev|Any CPU
		{4C2BE232-4DBD-44D0-B427-0450E2D857A5}.Development|Any CPU.ActiveCfg = Dev|Any CPU
		{4C2BE232-4DBD-44D0-B427-0450E2D857A5}.Development|Any CPU.Build.0 = Dev|Any CPU
		{4C2BE232-4DBD-44D0-B427-0450E2D857A5}.Local|Any CPU.ActiveCfg = Local|Any CPU
		{4C2BE232-4DBD-44D0-B427-0450E2D857A5}.Local|Any CPU.Build.0 = Local|Any CPU
		{4C2BE232-4DBD-44D0-B427-0450E2D857A5}.Pre|Any CPU.ActiveCfg = Pre|Any CPU
		{4C2BE232-4DBD-44D0-B427-0450E2D857A5}.Pre|Any CPU.Build.0 = Pre|Any CPU
		{4C2BE232-4DBD-44D0-B427-0450E2D857A5}.Prod|Any CPU.ActiveCfg = Prod|Any CPU
		{4C2BE232-4DBD-44D0-B427-0450E2D857A5}.Prod|Any CPU.Build.0 = Prod|Any CPU
		{4C2BE232-4DBD-44D0-B427-0450E2D857A5}.Release|Any CPU.ActiveCfg = Demo|Any CPU
		{4C2BE232-4DBD-44D0-B427-0450E2D857A5}.Release|Any CPU.Build.0 = Demo|Any CPU
		{4C2BE232-4DBD-44D0-B427-0450E2D857A5}.Sit|Any CPU.ActiveCfg = Sit|Any CPU
		{4C2BE232-4DBD-44D0-B427-0450E2D857A5}.Sit|Any CPU.Build.0 = Sit|Any CPU
		{5F790D5C-5DA8-4CBB-B24D-7C3D565A251B}.Debug|Any CPU.ActiveCfg = Demo|Any CPU
		{5F790D5C-5DA8-4CBB-B24D-7C3D565A251B}.Debug|Any CPU.Build.0 = Demo|Any CPU
		{5F790D5C-5DA8-4CBB-B24D-7C3D565A251B}.Demo|Any CPU.ActiveCfg = Demo|Any CPU
		{5F790D5C-5DA8-4CBB-B24D-7C3D565A251B}.Demo|Any CPU.Build.0 = Demo|Any CPU
		{5F790D5C-5DA8-4CBB-B24D-7C3D565A251B}.Dev|Any CPU.ActiveCfg = Dev|Any CPU
		{5F790D5C-5DA8-4CBB-B24D-7C3D565A251B}.Dev|Any CPU.Build.0 = Dev|Any CPU
		{5F790D5C-5DA8-4CBB-B24D-7C3D565A251B}.Development|Any CPU.ActiveCfg = Dev|Any CPU
		{5F790D5C-5DA8-4CBB-B24D-7C3D565A251B}.Development|Any CPU.Build.0 = Dev|Any CPU
		{5F790D5C-5DA8-4CBB-B24D-7C3D565A251B}.Local|Any CPU.ActiveCfg = Local|Any CPU
		{5F790D5C-5DA8-4CBB-B24D-7C3D565A251B}.Local|Any CPU.Build.0 = Local|Any CPU
		{5F790D5C-5DA8-4CBB-B24D-7C3D565A251B}.Pre|Any CPU.ActiveCfg = Pre|Any CPU
		{5F790D5C-5DA8-4CBB-B24D-7C3D565A251B}.Pre|Any CPU.Build.0 = Pre|Any CPU
		{5F790D5C-5DA8-4CBB-B24D-7C3D565A251B}.Prod|Any CPU.ActiveCfg = Prod|Any CPU
		{5F790D5C-5DA8-4CBB-B24D-7C3D565A251B}.Prod|Any CPU.Build.0 = Prod|Any CPU
		{5F790D5C-5DA8-4CBB-B24D-7C3D565A251B}.Release|Any CPU.ActiveCfg = Demo|Any CPU
		{5F790D5C-5DA8-4CBB-B24D-7C3D565A251B}.Release|Any CPU.Build.0 = Demo|Any CPU
		{5F790D5C-5DA8-4CBB-B24D-7C3D565A251B}.Sit|Any CPU.ActiveCfg = Sit|Any CPU
		{5F790D5C-5DA8-4CBB-B24D-7C3D565A251B}.Sit|Any CPU.Build.0 = Sit|Any CPU
		{20DDEAD1-3417-4A18-8186-D9C8CA88B690}.Debug|Any CPU.ActiveCfg = Demo|Any CPU
		{20DDEAD1-3417-4A18-8186-D9C8CA88B690}.Debug|Any CPU.Build.0 = Demo|Any CPU
		{20DDEAD1-3417-4A18-8186-D9C8CA88B690}.Demo|Any CPU.ActiveCfg = Demo|Any CPU
		{20DDEAD1-3417-4A18-8186-D9C8CA88B690}.Demo|Any CPU.Build.0 = Demo|Any CPU
		{20DDEAD1-3417-4A18-8186-D9C8CA88B690}.Dev|Any CPU.ActiveCfg = Dev|Any CPU
		{20DDEAD1-3417-4A18-8186-D9C8CA88B690}.Dev|Any CPU.Build.0 = Dev|Any CPU
		{20DDEAD1-3417-4A18-8186-D9C8CA88B690}.Development|Any CPU.ActiveCfg = Dev|Any CPU
		{20DDEAD1-3417-4A18-8186-D9C8CA88B690}.Development|Any CPU.Build.0 = Dev|Any CPU
		{20DDEAD1-3417-4A18-8186-D9C8CA88B690}.Local|Any CPU.ActiveCfg = Local|Any CPU
		{20DDEAD1-3417-4A18-8186-D9C8CA88B690}.Local|Any CPU.Build.0 = Local|Any CPU
		{20DDEAD1-3417-4A18-8186-D9C8CA88B690}.Pre|Any CPU.ActiveCfg = Pre|Any CPU
		{20DDEAD1-3417-4A18-8186-D9C8CA88B690}.Pre|Any CPU.Build.0 = Pre|Any CPU
		{20DDEAD1-3417-4A18-8186-D9C8CA88B690}.Prod|Any CPU.ActiveCfg = Prod|Any CPU
		{20DDEAD1-3417-4A18-8186-D9C8CA88B690}.Prod|Any CPU.Build.0 = Prod|Any CPU
		{20DDEAD1-3417-4A18-8186-D9C8CA88B690}.Release|Any CPU.ActiveCfg = Prod|Any CPU
		{20DDEAD1-3417-4A18-8186-D9C8CA88B690}.Release|Any CPU.Build.0 = Prod|Any CPU
		{20DDEAD1-3417-4A18-8186-D9C8CA88B690}.Sit|Any CPU.ActiveCfg = Sit|Any CPU
		{20DDEAD1-3417-4A18-8186-D9C8CA88B690}.Sit|Any CPU.Build.0 = Sit|Any CPU
		{A1087A02-CAB9-4F9F-8816-86A419552830}.Debug|Any CPU.ActiveCfg = Demo|Any CPU
		{A1087A02-CAB9-4F9F-8816-86A419552830}.Debug|Any CPU.Build.0 = Demo|Any CPU
		{A1087A02-CAB9-4F9F-8816-86A419552830}.Demo|Any CPU.ActiveCfg = Demo|Any CPU
		{A1087A02-CAB9-4F9F-8816-86A419552830}.Demo|Any CPU.Build.0 = Demo|Any CPU
		{A1087A02-CAB9-4F9F-8816-86A419552830}.Dev|Any CPU.ActiveCfg = Dev|Any CPU
		{A1087A02-CAB9-4F9F-8816-86A419552830}.Dev|Any CPU.Build.0 = Dev|Any CPU
		{A1087A02-CAB9-4F9F-8816-86A419552830}.Development|Any CPU.ActiveCfg = Dev|Any CPU
		{A1087A02-CAB9-4F9F-8816-86A419552830}.Development|Any CPU.Build.0 = Dev|Any CPU
		{A1087A02-CAB9-4F9F-8816-86A419552830}.Local|Any CPU.ActiveCfg = Local|Any CPU
		{A1087A02-CAB9-4F9F-8816-86A419552830}.Local|Any CPU.Build.0 = Local|Any CPU
		{A1087A02-CAB9-4F9F-8816-86A419552830}.Pre|Any CPU.ActiveCfg = Pre|Any CPU
		{A1087A02-CAB9-4F9F-8816-86A419552830}.Pre|Any CPU.Build.0 = Pre|Any CPU
		{A1087A02-CAB9-4F9F-8816-86A419552830}.Prod|Any CPU.ActiveCfg = Prod|Any CPU
		{A1087A02-CAB9-4F9F-8816-86A419552830}.Prod|Any CPU.Build.0 = Prod|Any CPU
		{A1087A02-CAB9-4F9F-8816-86A419552830}.Release|Any CPU.ActiveCfg = Demo|Any CPU
		{A1087A02-CAB9-4F9F-8816-86A419552830}.Release|Any CPU.Build.0 = Demo|Any CPU
		{A1087A02-CAB9-4F9F-8816-86A419552830}.Sit|Any CPU.ActiveCfg = Sit|Any CPU
		{A1087A02-CAB9-4F9F-8816-86A419552830}.Sit|Any CPU.Build.0 = Sit|Any CPU
		{1F500137-C8E9-49AA-886E-1922D9D870EB}.Debug|Any CPU.ActiveCfg = Demo|Any CPU
		{1F500137-C8E9-49AA-886E-1922D9D870EB}.Debug|Any CPU.Build.0 = Demo|Any CPU
		{1F500137-C8E9-49AA-886E-1922D9D870EB}.Demo|Any CPU.ActiveCfg = Demo|Any CPU
		{1F500137-C8E9-49AA-886E-1922D9D870EB}.Demo|Any CPU.Build.0 = Demo|Any CPU
		{1F500137-C8E9-49AA-886E-1922D9D870EB}.Dev|Any CPU.ActiveCfg = Dev|Any CPU
		{1F500137-C8E9-49AA-886E-1922D9D870EB}.Dev|Any CPU.Build.0 = Dev|Any CPU
		{1F500137-C8E9-49AA-886E-1922D9D870EB}.Development|Any CPU.ActiveCfg = Dev|Any CPU
		{1F500137-C8E9-49AA-886E-1922D9D870EB}.Development|Any CPU.Build.0 = Dev|Any CPU
		{1F500137-C8E9-49AA-886E-1922D9D870EB}.Local|Any CPU.ActiveCfg = Local|Any CPU
		{1F500137-C8E9-49AA-886E-1922D9D870EB}.Local|Any CPU.Build.0 = Local|Any CPU
		{1F500137-C8E9-49AA-886E-1922D9D870EB}.Pre|Any CPU.ActiveCfg = Local|Any CPU
		{1F500137-C8E9-49AA-886E-1922D9D870EB}.Pre|Any CPU.Build.0 = Local|Any CPU
		{1F500137-C8E9-49AA-886E-1922D9D870EB}.Prod|Any CPU.ActiveCfg = Local|Any CPU
		{1F500137-C8E9-49AA-886E-1922D9D870EB}.Prod|Any CPU.Build.0 = Local|Any CPU
		{1F500137-C8E9-49AA-886E-1922D9D870EB}.Release|Any CPU.ActiveCfg = Demo|Any CPU
		{1F500137-C8E9-49AA-886E-1922D9D870EB}.Release|Any CPU.Build.0 = Demo|Any CPU
		{1F500137-C8E9-49AA-886E-1922D9D870EB}.Sit|Any CPU.ActiveCfg = Local|Any CPU
		{1F500137-C8E9-49AA-886E-1922D9D870EB}.Sit|Any CPU.Build.0 = Local|Any CPU
		{0298EF49-182C-42B8-A3D1-6F3BEA9E4D1F}.Debug|Any CPU.ActiveCfg = Demo|Any CPU
		{0298EF49-182C-42B8-A3D1-6F3BEA9E4D1F}.Debug|Any CPU.Build.0 = Demo|Any CPU
		{0298EF49-182C-42B8-A3D1-6F3BEA9E4D1F}.Demo|Any CPU.ActiveCfg = Demo|Any CPU
		{0298EF49-182C-42B8-A3D1-6F3BEA9E4D1F}.Demo|Any CPU.Build.0 = Demo|Any CPU
		{0298EF49-182C-42B8-A3D1-6F3BEA9E4D1F}.Dev|Any CPU.ActiveCfg = Dev|Any CPU
		{0298EF49-182C-42B8-A3D1-6F3BEA9E4D1F}.Dev|Any CPU.Build.0 = Dev|Any CPU
		{0298EF49-182C-42B8-A3D1-6F3BEA9E4D1F}.Development|Any CPU.ActiveCfg = Dev|Any CPU
		{0298EF49-182C-42B8-A3D1-6F3BEA9E4D1F}.Development|Any CPU.Build.0 = Dev|Any CPU
		{0298EF49-182C-42B8-A3D1-6F3BEA9E4D1F}.Local|Any CPU.ActiveCfg = Local|Any CPU
		{0298EF49-182C-42B8-A3D1-6F3BEA9E4D1F}.Local|Any CPU.Build.0 = Local|Any CPU
		{0298EF49-182C-42B8-A3D1-6F3BEA9E4D1F}.Pre|Any CPU.ActiveCfg = Pre|Any CPU
		{0298EF49-182C-42B8-A3D1-6F3BEA9E4D1F}.Pre|Any CPU.Build.0 = Pre|Any CPU
		{0298EF49-182C-42B8-A3D1-6F3BEA9E4D1F}.Prod|Any CPU.ActiveCfg = Prod|Any CPU
		{0298EF49-182C-42B8-A3D1-6F3BEA9E4D1F}.Prod|Any CPU.Build.0 = Prod|Any CPU
		{0298EF49-182C-42B8-A3D1-6F3BEA9E4D1F}.Release|Any CPU.ActiveCfg = Demo|Any CPU
		{0298EF49-182C-42B8-A3D1-6F3BEA9E4D1F}.Release|Any CPU.Build.0 = Demo|Any CPU
		{0298EF49-182C-42B8-A3D1-6F3BEA9E4D1F}.Sit|Any CPU.ActiveCfg = Sit|Any CPU
		{0298EF49-182C-42B8-A3D1-6F3BEA9E4D1F}.Sit|Any CPU.Build.0 = Sit|Any CPU
		{331AE27B-BE3D-4833-94C7-7AA8E6FA97E6}.Debug|Any CPU.ActiveCfg = Demo|Any CPU
		{331AE27B-BE3D-4833-94C7-7AA8E6FA97E6}.Debug|Any CPU.Build.0 = Demo|Any CPU
		{331AE27B-BE3D-4833-94C7-7AA8E6FA97E6}.Debug|Any CPU.Deploy.0 = Demo|Any CPU
		{331AE27B-BE3D-4833-94C7-7AA8E6FA97E6}.Demo|Any CPU.ActiveCfg = Demo|Any CPU
		{331AE27B-BE3D-4833-94C7-7AA8E6FA97E6}.Demo|Any CPU.Build.0 = Demo|Any CPU
		{331AE27B-BE3D-4833-94C7-7AA8E6FA97E6}.Demo|Any CPU.Deploy.0 = Demo|Any CPU
		{331AE27B-BE3D-4833-94C7-7AA8E6FA97E6}.Dev|Any CPU.ActiveCfg = Dev|Any CPU
		{331AE27B-BE3D-4833-94C7-7AA8E6FA97E6}.Dev|Any CPU.Build.0 = Dev|Any CPU
		{331AE27B-BE3D-4833-94C7-7AA8E6FA97E6}.Dev|Any CPU.Deploy.0 = Dev|Any CPU
		{331AE27B-BE3D-4833-94C7-7AA8E6FA97E6}.Development|Any CPU.ActiveCfg = Dev|Any CPU
		{331AE27B-BE3D-4833-94C7-7AA8E6FA97E6}.Development|Any CPU.Build.0 = Dev|Any CPU
		{331AE27B-BE3D-4833-94C7-7AA8E6FA97E6}.Development|Any CPU.Deploy.0 = Dev|Any CPU
		{331AE27B-BE3D-4833-94C7-7AA8E6FA97E6}.Local|Any CPU.ActiveCfg = Local|Any CPU
		{331AE27B-BE3D-4833-94C7-7AA8E6FA97E6}.Local|Any CPU.Build.0 = Local|Any CPU
		{331AE27B-BE3D-4833-94C7-7AA8E6FA97E6}.Local|Any CPU.Deploy.0 = Local|Any CPU
		{331AE27B-BE3D-4833-94C7-7AA8E6FA97E6}.Pre|Any CPU.ActiveCfg = Pre|Any CPU
		{331AE27B-BE3D-4833-94C7-7AA8E6FA97E6}.Pre|Any CPU.Build.0 = Pre|Any CPU
		{331AE27B-BE3D-4833-94C7-7AA8E6FA97E6}.Pre|Any CPU.Deploy.0 = Pre|Any CPU
		{331AE27B-BE3D-4833-94C7-7AA8E6FA97E6}.Prod|Any CPU.ActiveCfg = Prod|Any CPU
		{331AE27B-BE3D-4833-94C7-7AA8E6FA97E6}.Prod|Any CPU.Build.0 = Prod|Any CPU
		{331AE27B-BE3D-4833-94C7-7AA8E6FA97E6}.Prod|Any CPU.Deploy.0 = Prod|Any CPU
		{331AE27B-BE3D-4833-94C7-7AA8E6FA97E6}.Release|Any CPU.ActiveCfg = Prod|Any CPU
		{331AE27B-BE3D-4833-94C7-7AA8E6FA97E6}.Release|Any CPU.Build.0 = Prod|Any CPU
		{331AE27B-BE3D-4833-94C7-7AA8E6FA97E6}.Release|Any CPU.Deploy.0 = Prod|Any CPU
		{331AE27B-BE3D-4833-94C7-7AA8E6FA97E6}.Sit|Any CPU.ActiveCfg = Sit|Any CPU
		{331AE27B-BE3D-4833-94C7-7AA8E6FA97E6}.Sit|Any CPU.Build.0 = Sit|Any CPU
		{331AE27B-BE3D-4833-94C7-7AA8E6FA97E6}.Sit|Any CPU.Deploy.0 = Sit|Any CPU
	EndGlobalSection
	GlobalSection(SolutionProperties) = preSolution
		HideSolutionNode = FALSE
	EndGlobalSection
EndGlobal
