
Microsoft Visual Studio Solution File, Format Version 12.00
# Visual Studio 14
VisualStudioVersion = 14.0.24720.0
MinimumVisualStudioVersion = 10.0.40219.1
Project("{2150E333-8FDC-42A3-9474-1A3956D46DE8}") = "Infrastructure", "Infrastructure", "{3C5459A4-C60C-4342-85E8-602BDE6447F6}"
EndProject
Project("{2150E333-8FDC-42A3-9474-1A3956D46DE8}") = "Web", "Web", "{A87CC381-CADF-489D-814F-213DFA5B2698}"
EndProject
Project("{FAE04EC0-301F-11D3-BF4B-00C04F79EFBC}") = "SFA.Apprenticeships.Web.Manage", "SFA.Apprenticeships.Web.Manage\SFA.Apprenticeships.Web.Manage.csproj", "{456A5D7B-80BB-486A-B521-861691836145}"
EndProject
Project("{CC5FD16D-436D-48AD-A40C-5A424C6E3E79}") = "SFA.Apprenticeships.Web.Manage.Azure", "SFA.Apprenticeships.Web.Manage.Azure\SFA.Apprenticeships.Web.Manage.Azure.ccproj", "{502F1A87-8037-4CFB-B1A0-EE1664B45189}"
EndProject
Project("{FAE04EC0-301F-11D3-BF4B-00C04F79EFBC}") = "SFA.Apprenticeships.Web.Raa.Common", "SFA.Apprenticeships.Web.Raa.Common\SFA.Apprenticeships.Web.Raa.Common.csproj", "{700D41DD-527A-42BD-94D2-FD49A5F00A18}"
EndProject
Project("{FAE04EC0-301F-11D3-BF4B-00C04F79EFBC}") = "SFA.Apprenticeships.Web.Recruit", "SFA.Apprenticeships.Web.Recruit\SFA.Apprenticeships.Web.Recruit.csproj", "{AF7E6460-86F4-40D6-8C46-AB97C283479B}"
EndProject
Project("{CC5FD16D-436D-48AD-A40C-5A424C6E3E79}") = "SFA.Apprenticeships.Web.Recruit.Azure", "SFA.Apprenticeships.Web.Recruit.Azure\SFA.Apprenticeships.Web.Recruit.Azure.ccproj", "{CE530672-D25F-410B-B966-66E297AA3669}"
EndProject
Project("{2150E333-8FDC-42A3-9474-1A3956D46DE8}") = "Repositories", "Repositories", "{F07E04EC-42B7-46DE-98C5-8665751ED4C7}"
EndProject
Project("{FAE04EC0-301F-11D3-BF4B-00C04F79EFBC}") = "SFA.Apprenticeships.Infrastructure.Repositories.Sql", "SFA.Apprenticeships.Infrastructure.Repositories.Sql\SFA.Apprenticeships.Infrastructure.Repositories.Sql.csproj", "{B633EE4E-7A58-4ACF-BBD9-0B19730B22FD}"
EndProject
Project("{FAE04EC0-301F-11D3-BF4B-00C04F79EFBC}") = "SFA.Apprenticeships.Infrastructure.Repositories.Sql.Tests", "SFA.Apprenticeships.Infrastructure.Repositories.Sql.Tests\SFA.Apprenticeships.Infrastructure.Repositories.Sql.Tests.csproj", "{36E83135-5C14-4179-B4AD-3C120B05B73B}"
EndProject
Project("{FAE04EC0-301F-11D3-BF4B-00C04F79EFBC}") = "SFA.Apprenticeships.Infrastructure.Repositories.Sql.UnitTests", "SFA.Apprenticeships.Infrastructure.Repositories.Sql.UnitTests\SFA.Apprenticeships.Infrastructure.Repositories.Sql.UnitTests.csproj", "{4E423F21-5A4F-444D-AD72-2E2566AFF713}"
EndProject
Project("{2150E333-8FDC-42A3-9474-1A3956D46DE8}") = "Domain", "Domain", "{DF629006-DF20-471F-9AA5-664E88DD63D5}"
EndProject
Project("{FAE04EC0-301F-11D3-BF4B-00C04F79EFBC}") = "SFA.Apprenticeships.Domain.Raa.Interfaces", "SFA.Apprenticeships.Domain.Raa.Interfaces\SFA.Apprenticeships.Domain.Raa.Interfaces.csproj", "{CF497DD1-550D-4203-8FBF-C0A3B0109D2B}"
EndProject
Project("{FAE04EC0-301F-11D3-BF4B-00C04F79EFBC}") = "SFA.Infrastructure", "SFA.Infrastructure\SFA.Infrastructure.csproj", "{1F500137-C8E9-49AA-886E-1922D9D870EB}"
EndProject
Project("{FAE04EC0-301F-11D3-BF4B-00C04F79EFBC}") = "SFA.Infrastructure.Azure", "SFA.Infrastructure.Azure\SFA.Infrastructure.Azure.csproj", "{FE5B99F5-66D8-42FC-A8B3-6562837623A4}"
EndProject
Project("{FAE04EC0-301F-11D3-BF4B-00C04F79EFBC}") = "SFA.Apprenticeships.Domain.Entities.Raa", "SFA.Apprenticeships.Domain.Entities.Raa\SFA.Apprenticeships.Domain.Entities.Raa.csproj", "{E3F2F285-16EB-49C5-9668-8D8E1DB6C610}"
EndProject
Project("{FAE04EC0-301F-11D3-BF4B-00C04F79EFBC}") = "SFA.Apprenticeships.Infrastructure.Common", "SFA.Apprenticeships.Infrastructure.Common\SFA.Apprenticeships.Infrastructure.Common.csproj", "{78B1F2A1-DCC3-4ED3-8CE0-16E0781B59FA}"
EndProject
Project("{FAE04EC0-301F-11D3-BF4B-00C04F79EFBC}") = "SFA.Apprenticeships.Infrastructure.Caching.Azure", "SFA.Apprenticeships.Infrastructure.Caching.Azure\SFA.Apprenticeships.Infrastructure.Caching.Azure.csproj", "{B3285E4A-29DD-4CB6-B8C9-51AA06DB4F83}"
EndProject
Project("{FAE04EC0-301F-11D3-BF4B-00C04F79EFBC}") = "SFA.Apprenticeships.Infrastructure.Caching.Memory", "SFA.Apprenticeships.Infrastructure.Caching.Memory\SFA.Apprenticeships.Infrastructure.Caching.Memory.csproj", "{B1628369-3014-4A8B-BFFD-49CB8ADF3BD2}"
EndProject
Project("{FAE04EC0-301F-11D3-BF4B-00C04F79EFBC}") = "SFA.Apprenticeships.Domain.Entities", "SFA.Apprenticeships.Domain.Entities\SFA.Apprenticeships.Domain.Entities.csproj", "{4C2BE232-4DBD-44D0-B427-0450E2D857A5}"
EndProject
Project("{FAE04EC0-301F-11D3-BF4B-00C04F79EFBC}") = "SFA.Apprenticeships.Infrastructure.Presentation", "SFA.Apprenticeships.Infrastructure.Presentation\SFA.Apprenticeships.Infrastructure.Presentation.csproj", "{83500887-E1B7-46BD-945B-4CC3D0069B6E}"
EndProject
Project("{FAE04EC0-301F-11D3-BF4B-00C04F79EFBC}") = "SFA.Apprenticeships.Web.Common", "SFA.Apprenticeships.Web.Common\SFA.Apprenticeships.Web.Common.csproj", "{ADB1C795-A6AA-4CB8-82AE-2B8D10E22220}"
EndProject
Project("{2150E333-8FDC-42A3-9474-1A3956D46DE8}") = "Application", "Application", "{2BEB3267-7ADA-4763-869F-9534DC7C7BE8}"
EndProject
Project("{FAE04EC0-301F-11D3-BF4B-00C04F79EFBC}") = "SFA.Apprenticeships.Application.Interfaces", "SFA.Apprenticeships.Application.Interfaces\SFA.Apprenticeships.Application.Interfaces.csproj", "{2C577447-2405-46B3-8065-613A19A58541}"
EndProject
Project("{FAE04EC0-301F-11D3-BF4B-00C04F79EFBC}") = "SFA.Apprenticeships.Domain.Interfaces", "SFA.Apprenticeships.Domain.Interfaces\SFA.Apprenticeships.Domain.Interfaces.csproj", "{91DB99C3-50A9-4DED-AB90-2FF94D0B130E}"
EndProject
Project("{FAE04EC0-301F-11D3-BF4B-00C04F79EFBC}") = "SFA.Apprenticeships.Infrastructure.Logging", "SFA.Apprenticeships.Infrastructure.Logging\SFA.Apprenticeships.Infrastructure.Logging.csproj", "{A2D82061-BCBD-4030-9EB4-5148AEE79241}"
EndProject
Project("{2150E333-8FDC-42A3-9474-1A3956D46DE8}") = "Services", "Services", "{8FD51F7F-B82F-4FAB-9DF4-017BBA6E966D}"
EndProject
Project("{FAE04EC0-301F-11D3-BF4B-00C04F79EFBC}") = "SFA.Apprenticeships.Application.Application", "SFA.Apprenticeships.Application.Application\SFA.Apprenticeships.Application.Application.csproj", "{7D29ED20-FF3D-4FBB-B253-A44DE1E42BCC}"
EndProject
Project("{FAE04EC0-301F-11D3-BF4B-00C04F79EFBC}") = "SFA.Apprenticeships.Infrastructure.Azure.ServiceBus", "SFA.Apprenticeships.Infrastructure.Azure.ServiceBus\SFA.Apprenticeships.Infrastructure.Azure.ServiceBus.csproj", "{BB161A54-EF1A-4611-8296-9A0BE69B4587}"
EndProject
Project("{FAE04EC0-301F-11D3-BF4B-00C04F79EFBC}") = "SFA.Apprenticeships.Application.Provider", "SFA.Apprenticeships.Application.Provider\SFA.Apprenticeships.Application.Provider.csproj", "{920F5834-459D-4E20-9B17-AAD52D2CC8FE}"
EndProject
Project("{FAE04EC0-301F-11D3-BF4B-00C04F79EFBC}") = "SFA.Apprenticeships.Application.UserAccount", "SFA.Apprenticeships.Application.UserAccount\SFA.Apprenticeships.Application.UserAccount.csproj", "{F01914FA-A911-4345-ACD4-FD80ADE21A8C}"
EndProject
Project("{FAE04EC0-301F-11D3-BF4B-00C04F79EFBC}") = "SFA.Apprenticeships.Application.UserProfile", "SFA.Apprenticeships.Application.UserProfile\SFA.Apprenticeships.Application.UserProfile.csproj", "{5853DBD3-4999-4710-8CAA-7BC0603C5827}"
EndProject
Project("{FAE04EC0-301F-11D3-BF4B-00C04F79EFBC}") = "SFA.Apprenticeships.Application.VacancyPosting", "SFA.Apprenticeships.Application.VacancyPosting\SFA.Apprenticeships.Application.VacancyPosting.csproj", "{CE04B708-FF21-41D4-B796-A36EDCE2960D}"
EndProject
Project("{FAE04EC0-301F-11D3-BF4B-00C04F79EFBC}") = "SFA.Apprenticeships.Infrastructure.EmployerDataService", "SFA.Apprenticeships.Infrastructure.EmployerDataService\SFA.Apprenticeships.Infrastructure.EmployerDataService.csproj", "{C7CB47E8-C024-4DC0-9BDC-E325D3BFEADC}"
EndProject
Project("{FAE04EC0-301F-11D3-BF4B-00C04F79EFBC}") = "SFA.Apprenticeships.Infrastructure.Postcode", "SFA.Apprenticeships.Infrastructure.Postcode\SFA.Apprenticeships.Infrastructure.Postcode.csproj", "{ABD48D09-C35E-42CE-8A4D-81550C2B8554}"
EndProject
Project("{FAE04EC0-301F-11D3-BF4B-00C04F79EFBC}") = "SFA.Apprenticeships.Infrastructure.TacticalDataServices", "SFA.Apprenticeships.Infrastructure.TacticalDataServices\SFA.Apprenticeships.Infrastructure.TacticalDataServices.csproj", "{24BDBCAC-42EE-4253-8E8A-34FF5F0F41E7}"
EndProject
Project("{FAE04EC0-301F-11D3-BF4B-00C04F79EFBC}") = "SFA.Apprenticeships.Infrastructure.Repositories.Mongo", "SFA.Apprenticeships.Infrastructure.Repositories.Mongo\SFA.Apprenticeships.Infrastructure.Repositories.Mongo.csproj", "{A4DE4AF3-F06D-4D0F-AF2E-E72A11BAB49B}"
EndProject
Project("{FAE04EC0-301F-11D3-BF4B-00C04F79EFBC}") = "SFA.Apprenticeships.Infrastructure.Repositories.Mongo.Tests", "SFA.Apprenticeships.Infrastructure.Repositories.Mongo.Tests\SFA.Apprenticeships.Infrastructure.Repositories.Mongo.Tests.csproj", "{E7451275-D6E9-43CD-824D-324AB17FB2F0}"
EndProject
Project("{2150E333-8FDC-42A3-9474-1A3956D46DE8}") = "Processes", "Processes", "{A099B558-0D02-4CBD-BAB1-723E7F1DDF1E}"
EndProject
Project("{FAE04EC0-301F-11D3-BF4B-00C04F79EFBC}") = "SFA.Apprenticeships.Application.Applications", "SFA.Apprenticeships.Application.Applications\SFA.Apprenticeships.Application.Applications.csproj", "{F5F29922-2FBC-4BF4-9CBB-424A71FD98C1}"
EndProject
Project("{FAE04EC0-301F-11D3-BF4B-00C04F79EFBC}") = "SFA.Apprenticeships.Application.Candidates", "SFA.Apprenticeships.Application.Candidates\SFA.Apprenticeships.Application.Candidates.csproj", "{297A98C9-78DE-4E2E-BD6A-3998C3C9238B}"
EndProject
Project("{FAE04EC0-301F-11D3-BF4B-00C04F79EFBC}") = "SFA.Apprenticeships.Application.Authentication", "SFA.Apprenticeships.Application.Authentication\SFA.Apprenticeships.Application.Authentication.csproj", "{2752E3B6-358D-4C06-A31F-867304CAC53D}"
EndProject
Project("{FAE04EC0-301F-11D3-BF4B-00C04F79EFBC}") = "SFA.Apprenticeships.Application.Organisation", "SFA.Apprenticeships.Application.Organisation\SFA.Apprenticeships.Application.Organisation.csproj", "{1B92E84D-F15A-4521-BDB9-2BE321236167}"
EndProject
Project("{FAE04EC0-301F-11D3-BF4B-00C04F79EFBC}") = "SFA.Apprenticeships.Infrastructure.WebServices", "SFA.Apprenticeships.Infrastructure.WebServices\SFA.Apprenticeships.Infrastructure.WebServices.csproj", "{0D94A2DF-6D5A-4DEC-B6A1-137F3B461B47}"
EndProject
Project("{FAE04EC0-301F-11D3-BF4B-00C04F79EFBC}") = "SFA.Apprenticeships.Application.Location", "SFA.Apprenticeships.Application.Location\SFA.Apprenticeships.Application.Location.csproj", "{A64FC67F-C873-4422-93DD-FBD8A6370EC3}"
EndProject
Project("{FAE04EC0-301F-11D3-BF4B-00C04F79EFBC}") = "SFA.Apprenticeships.Application.ReferenceData", "SFA.Apprenticeships.Application.ReferenceData\SFA.Apprenticeships.Application.ReferenceData.csproj", "{5E8E77CA-BB23-45DE-AADD-236CAFBC66E3}"
EndProject
Project("{FAE04EC0-301F-11D3-BF4B-00C04F79EFBC}") = "SFA.Apprenticeships.Application.Communication", "SFA.Apprenticeships.Application.Communication\SFA.Apprenticeships.Application.Communication.csproj", "{C91E4093-3348-43ED-B386-CF70000FFCB3}"
EndProject
Project("{FAE04EC0-301F-11D3-BF4B-00C04F79EFBC}") = "SFA.Apprenticeships.Application.Employer", "SFA.Apprenticeships.Application.Employer\SFA.Apprenticeships.Application.Employer.csproj", "{DD096F97-415D-4676-9F90-7AEE60213F49}"
EndProject
Project("{FAE04EC0-301F-11D3-BF4B-00C04F79EFBC}") = "SFA.Apprenticeships.Application.Vacancy", "SFA.Apprenticeships.Application.Vacancy\SFA.Apprenticeships.Application.Vacancy.csproj", "{67CDACCD-5217-4110-8432-C6EF164BAA0D}"
EndProject
Project("{FAE04EC0-301F-11D3-BF4B-00C04F79EFBC}") = "SFA.Apprenticeships.Application.Candidate", "SFA.Apprenticeships.Application.Candidate\SFA.Apprenticeships.Application.Candidate.csproj", "{984F8CD2-61B3-48A4-B0CC-5D05E235983D}"
EndProject
Project("{FAE04EC0-301F-11D3-BF4B-00C04F79EFBC}") = "SFA.Apprenticeships.Infrastructure.Communication", "SFA.Apprenticeships.Infrastructure.Communication\SFA.Apprenticeships.Infrastructure.Communication.csproj", "{D34D27D3-79A9-407E-86EF-AF3AC0EA024B}"
EndProject
Project("{2150E333-8FDC-42A3-9474-1A3956D46DE8}") = "Tests", "Tests", "{8B828680-9321-41B1-B24D-7A7254ADC6F2}"
EndProject
Project("{2150E333-8FDC-42A3-9474-1A3956D46DE8}") = "Application", "Application", "{12EBB548-169C-4CA0-94A8-11FD8FA12F40}"
EndProject
Project("{FAE04EC0-301F-11D3-BF4B-00C04F79EFBC}") = "SFA.Apprenticeships.Application.UnitTests", "SFA.Apprenticeships.Application.UnitTests\SFA.Apprenticeships.Application.UnitTests.csproj", "{980296FF-5859-4FB1-8100-A836ED103FE4}"
EndProject
Project("{FAE04EC0-301F-11D3-BF4B-00C04F79EFBC}") = "SFA.Apprenticeships.Application.Communications", "SFA.Apprenticeships.Application.Communications\SFA.Apprenticeships.Application.Communications.csproj", "{D91E4093-3348-43ED-B386-CF70000FFCB3}"
EndProject
Project("{FAE04EC0-301F-11D3-BF4B-00C04F79EFBC}") = "SFA.Apprenticeships.Application.Vacancies", "SFA.Apprenticeships.Application.Vacancies\SFA.Apprenticeships.Application.Vacancies.csproj", "{04796403-0EDF-4A8D-B725-180A9F83D958}"
EndProject
Project("{2150E333-8FDC-42A3-9474-1A3956D46DE8}") = "Domain", "Domain", "{B63C9ECB-7EF7-4131-BB5C-0CA61AAEDF56}"
EndProject
Project("{FAE04EC0-301F-11D3-BF4B-00C04F79EFBC}") = "SFA.Apprenticeships.Domain.Entities.Raa.UnitTests", "SFA.Apprenticeships.Domain.Entities.Raa.UnitTests\SFA.Apprenticeships.Domain.Entities.Raa.UnitTests.csproj", "{E9B83262-916C-4AF9-A55C-F89F623847AE}"
EndProject
Project("{FAE04EC0-301F-11D3-BF4B-00C04F79EFBC}") = "SFA.Apprenticeships.Domain.Entities.UnitTests", "SFA.Apprenticeships.Domain.Entities.UnitTests\SFA.Apprenticeships.Domain.Entities.UnitTests.csproj", "{4741B9B0-C694-4D34-8D30-D5B82BC87724}"
EndProject
Project("{2150E333-8FDC-42A3-9474-1A3956D46DE8}") = "Infrastructure", "Infrastructure", "{0CED2734-EDB4-4E5A-8CE2-5F1B6593AFDC}"
EndProject
Project("{2150E333-8FDC-42A3-9474-1A3956D46DE8}") = "Web", "Web", "{2E868CD1-5B62-48A3-AC9A-F1B5E2F93573}"
EndProject
Project("{FAE04EC0-301F-11D3-BF4B-00C04F79EFBC}") = "SFA.Apprenticeships.Web.Common.UnitTests", "SFA.Apprenticeships.Web.Common.UnitTests\SFA.Apprenticeships.Web.Common.UnitTests.csproj", "{3CA36139-BBDD-4305-B15A-E9500606B672}"
EndProject
Project("{FAE04EC0-301F-11D3-BF4B-00C04F79EFBC}") = "SFA.Apprenticeships.Web.Manage.UnitTests", "SFA.Apprenticeships.Web.Manage.UnitTests\SFA.Apprenticeships.Web.Manage.UnitTests.csproj", "{84881750-9710-4278-94BE-016B1C0C36E6}"
EndProject
Project("{FAE04EC0-301F-11D3-BF4B-00C04F79EFBC}") = "SFA.Apprenticeships.Web.Recruit.UnitTests", "SFA.Apprenticeships.Web.Recruit.UnitTests\SFA.Apprenticeships.Web.Recruit.UnitTests.csproj", "{06F89D8B-E303-43F6-9982-D730FE355038}"
EndProject
Project("{2150E333-8FDC-42A3-9474-1A3956D46DE8}") = "Workers", "Workers", "{9950E800-448D-4246-8E8A-392353EFF279}"
EndProject
Project("{FAE04EC0-301F-11D3-BF4B-00C04F79EFBC}") = "SFA.Apprenticeships.Infrastructure.Migrate", "SFA.Apprenticeships.Infrastructure.Migrate\SFA.Apprenticeships.Infrastructure.Migrate.csproj", "{F1446ECB-60F3-401E-A8EF-5F8227519842}"
EndProject
Project("{CC5FD16D-436D-48AD-A40C-5A424C6E3E79}") = "SFA.Apprenticeships.Infrastructure.MigrateRole.Azure", "SFA.Apprenticeships.Infrastructure.MigrateRole.Azure\SFA.Apprenticeships.Infrastructure.MigrateRole.Azure.ccproj", "{90752230-6869-4DE6-8264-CDECFA8A5AC0}"
EndProject
Project("{2150E333-8FDC-42A3-9474-1A3956D46DE8}") = "Data", "Data", "{BCBD93B6-1046-4A73-AC5C-4BBD03E12EE3}"
EndProject
Project("{00D1A9C2-B5F0-4AF3-8072-F6C62B433612}") = "SFA.Apprenticeships.Data.AvmsPlus", "SFA.Apprenticeships.Data.AvmsPlus\SFA.Apprenticeships.Data.AvmsPlus.sqlproj", "{6C7EBDB8-70E9-49A2-8EFF-C664D8AE7E56}"
EndProject
Project("{FAE04EC0-301F-11D3-BF4B-00C04F79EFBC}") = "SFA.Apprenticeships.Data.Migrate", "SFA.Apprenticeships.Data.Migrate\SFA.Apprenticeships.Data.Migrate.csproj", "{73C8A0C0-3B18-4ED6-8D14-15F3E009C26C}"
EndProject
Global
	GlobalSection(SolutionConfigurationPlatforms) = preSolution
		Demo|Any CPU = Demo|Any CPU
		Dev|Any CPU = Dev|Any CPU
		Local|Any CPU = Local|Any CPU
		MSDN|Any CPU = MSDN|Any CPU
		Pre|Any CPU = Pre|Any CPU
		Prod|Any CPU = Prod|Any CPU
		Release|Any CPU = Release|Any CPU
		Sit|Any CPU = Sit|Any CPU
	EndGlobalSection
	GlobalSection(ProjectConfigurationPlatforms) = postSolution
		{456A5D7B-80BB-486A-B521-861691836145}.Demo|Any CPU.ActiveCfg = Demo|Any CPU
		{456A5D7B-80BB-486A-B521-861691836145}.Demo|Any CPU.Build.0 = Demo|Any CPU
		{456A5D7B-80BB-486A-B521-861691836145}.Dev|Any CPU.ActiveCfg = Dev|Any CPU
		{456A5D7B-80BB-486A-B521-861691836145}.Dev|Any CPU.Build.0 = Dev|Any CPU
		{456A5D7B-80BB-486A-B521-861691836145}.Local|Any CPU.ActiveCfg = Local|Any CPU
		{456A5D7B-80BB-486A-B521-861691836145}.Local|Any CPU.Build.0 = Local|Any CPU
		{456A5D7B-80BB-486A-B521-861691836145}.MSDN|Any CPU.ActiveCfg = Release|Any CPU
		{456A5D7B-80BB-486A-B521-861691836145}.MSDN|Any CPU.Build.0 = Release|Any CPU
		{456A5D7B-80BB-486A-B521-861691836145}.Pre|Any CPU.ActiveCfg = Pre|Any CPU
		{456A5D7B-80BB-486A-B521-861691836145}.Pre|Any CPU.Build.0 = Pre|Any CPU
		{456A5D7B-80BB-486A-B521-861691836145}.Prod|Any CPU.ActiveCfg = Prod|Any CPU
		{456A5D7B-80BB-486A-B521-861691836145}.Prod|Any CPU.Build.0 = Prod|Any CPU
		{456A5D7B-80BB-486A-B521-861691836145}.Release|Any CPU.ActiveCfg = Release|Any CPU
		{456A5D7B-80BB-486A-B521-861691836145}.Release|Any CPU.Build.0 = Release|Any CPU
		{456A5D7B-80BB-486A-B521-861691836145}.Sit|Any CPU.ActiveCfg = Sit|Any CPU
		{456A5D7B-80BB-486A-B521-861691836145}.Sit|Any CPU.Build.0 = Sit|Any CPU
		{502F1A87-8037-4CFB-B1A0-EE1664B45189}.Demo|Any CPU.ActiveCfg = Demo|Any CPU
		{502F1A87-8037-4CFB-B1A0-EE1664B45189}.Demo|Any CPU.Build.0 = Demo|Any CPU
		{502F1A87-8037-4CFB-B1A0-EE1664B45189}.Dev|Any CPU.ActiveCfg = Dev|Any CPU
		{502F1A87-8037-4CFB-B1A0-EE1664B45189}.Dev|Any CPU.Build.0 = Dev|Any CPU
		{502F1A87-8037-4CFB-B1A0-EE1664B45189}.Local|Any CPU.ActiveCfg = Local|Any CPU
		{502F1A87-8037-4CFB-B1A0-EE1664B45189}.Local|Any CPU.Build.0 = Local|Any CPU
		{502F1A87-8037-4CFB-B1A0-EE1664B45189}.MSDN|Any CPU.ActiveCfg = MSDN|Any CPU
		{502F1A87-8037-4CFB-B1A0-EE1664B45189}.MSDN|Any CPU.Build.0 = MSDN|Any CPU
		{502F1A87-8037-4CFB-B1A0-EE1664B45189}.Pre|Any CPU.ActiveCfg = Pre|Any CPU
		{502F1A87-8037-4CFB-B1A0-EE1664B45189}.Pre|Any CPU.Build.0 = Pre|Any CPU
		{502F1A87-8037-4CFB-B1A0-EE1664B45189}.Prod|Any CPU.ActiveCfg = Prod|Any CPU
		{502F1A87-8037-4CFB-B1A0-EE1664B45189}.Prod|Any CPU.Build.0 = Prod|Any CPU
		{502F1A87-8037-4CFB-B1A0-EE1664B45189}.Release|Any CPU.ActiveCfg = MSDN|Any CPU
		{502F1A87-8037-4CFB-B1A0-EE1664B45189}.Release|Any CPU.Build.0 = MSDN|Any CPU
		{502F1A87-8037-4CFB-B1A0-EE1664B45189}.Sit|Any CPU.ActiveCfg = Sit|Any CPU
		{502F1A87-8037-4CFB-B1A0-EE1664B45189}.Sit|Any CPU.Build.0 = Sit|Any CPU
		{700D41DD-527A-42BD-94D2-FD49A5F00A18}.Demo|Any CPU.ActiveCfg = Demo|Any CPU
		{700D41DD-527A-42BD-94D2-FD49A5F00A18}.Demo|Any CPU.Build.0 = Demo|Any CPU
		{700D41DD-527A-42BD-94D2-FD49A5F00A18}.Dev|Any CPU.ActiveCfg = Dev|Any CPU
		{700D41DD-527A-42BD-94D2-FD49A5F00A18}.Dev|Any CPU.Build.0 = Dev|Any CPU
		{700D41DD-527A-42BD-94D2-FD49A5F00A18}.Local|Any CPU.ActiveCfg = Local|Any CPU
		{700D41DD-527A-42BD-94D2-FD49A5F00A18}.Local|Any CPU.Build.0 = Local|Any CPU
		{700D41DD-527A-42BD-94D2-FD49A5F00A18}.MSDN|Any CPU.ActiveCfg = Demo|Any CPU
		{700D41DD-527A-42BD-94D2-FD49A5F00A18}.MSDN|Any CPU.Build.0 = Demo|Any CPU
		{700D41DD-527A-42BD-94D2-FD49A5F00A18}.Pre|Any CPU.ActiveCfg = Pre|Any CPU
		{700D41DD-527A-42BD-94D2-FD49A5F00A18}.Pre|Any CPU.Build.0 = Pre|Any CPU
		{700D41DD-527A-42BD-94D2-FD49A5F00A18}.Prod|Any CPU.ActiveCfg = Prod|Any CPU
		{700D41DD-527A-42BD-94D2-FD49A5F00A18}.Prod|Any CPU.Build.0 = Prod|Any CPU
		{700D41DD-527A-42BD-94D2-FD49A5F00A18}.Release|Any CPU.ActiveCfg = Demo|Any CPU
		{700D41DD-527A-42BD-94D2-FD49A5F00A18}.Release|Any CPU.Build.0 = Demo|Any CPU
		{700D41DD-527A-42BD-94D2-FD49A5F00A18}.Sit|Any CPU.ActiveCfg = Sit|Any CPU
		{700D41DD-527A-42BD-94D2-FD49A5F00A18}.Sit|Any CPU.Build.0 = Sit|Any CPU
		{AF7E6460-86F4-40D6-8C46-AB97C283479B}.Demo|Any CPU.ActiveCfg = Demo|Any CPU
		{AF7E6460-86F4-40D6-8C46-AB97C283479B}.Demo|Any CPU.Build.0 = Demo|Any CPU
		{AF7E6460-86F4-40D6-8C46-AB97C283479B}.Dev|Any CPU.ActiveCfg = Dev|Any CPU
		{AF7E6460-86F4-40D6-8C46-AB97C283479B}.Dev|Any CPU.Build.0 = Dev|Any CPU
		{AF7E6460-86F4-40D6-8C46-AB97C283479B}.Local|Any CPU.ActiveCfg = Local|Any CPU
		{AF7E6460-86F4-40D6-8C46-AB97C283479B}.Local|Any CPU.Build.0 = Local|Any CPU
		{AF7E6460-86F4-40D6-8C46-AB97C283479B}.MSDN|Any CPU.ActiveCfg = Release|Any CPU
		{AF7E6460-86F4-40D6-8C46-AB97C283479B}.MSDN|Any CPU.Build.0 = Release|Any CPU
		{AF7E6460-86F4-40D6-8C46-AB97C283479B}.Pre|Any CPU.ActiveCfg = Pre|Any CPU
		{AF7E6460-86F4-40D6-8C46-AB97C283479B}.Pre|Any CPU.Build.0 = Pre|Any CPU
		{AF7E6460-86F4-40D6-8C46-AB97C283479B}.Prod|Any CPU.ActiveCfg = Prod|Any CPU
		{AF7E6460-86F4-40D6-8C46-AB97C283479B}.Prod|Any CPU.Build.0 = Prod|Any CPU
		{AF7E6460-86F4-40D6-8C46-AB97C283479B}.Release|Any CPU.ActiveCfg = Release|Any CPU
		{AF7E6460-86F4-40D6-8C46-AB97C283479B}.Release|Any CPU.Build.0 = Release|Any CPU
		{AF7E6460-86F4-40D6-8C46-AB97C283479B}.Sit|Any CPU.ActiveCfg = Sit|Any CPU
		{AF7E6460-86F4-40D6-8C46-AB97C283479B}.Sit|Any CPU.Build.0 = Sit|Any CPU
		{CE530672-D25F-410B-B966-66E297AA3669}.Demo|Any CPU.ActiveCfg = Demo|Any CPU
		{CE530672-D25F-410B-B966-66E297AA3669}.Demo|Any CPU.Build.0 = Demo|Any CPU
		{CE530672-D25F-410B-B966-66E297AA3669}.Dev|Any CPU.ActiveCfg = Dev|Any CPU
		{CE530672-D25F-410B-B966-66E297AA3669}.Dev|Any CPU.Build.0 = Dev|Any CPU
		{CE530672-D25F-410B-B966-66E297AA3669}.Local|Any CPU.ActiveCfg = Local|Any CPU
		{CE530672-D25F-410B-B966-66E297AA3669}.Local|Any CPU.Build.0 = Local|Any CPU
		{CE530672-D25F-410B-B966-66E297AA3669}.MSDN|Any CPU.ActiveCfg = MSDN|Any CPU
		{CE530672-D25F-410B-B966-66E297AA3669}.MSDN|Any CPU.Build.0 = MSDN|Any CPU
		{CE530672-D25F-410B-B966-66E297AA3669}.Pre|Any CPU.ActiveCfg = Pre|Any CPU
		{CE530672-D25F-410B-B966-66E297AA3669}.Pre|Any CPU.Build.0 = Pre|Any CPU
		{CE530672-D25F-410B-B966-66E297AA3669}.Prod|Any CPU.ActiveCfg = Prod|Any CPU
		{CE530672-D25F-410B-B966-66E297AA3669}.Prod|Any CPU.Build.0 = Prod|Any CPU
		{CE530672-D25F-410B-B966-66E297AA3669}.Release|Any CPU.ActiveCfg = MSDN|Any CPU
		{CE530672-D25F-410B-B966-66E297AA3669}.Release|Any CPU.Build.0 = MSDN|Any CPU
		{CE530672-D25F-410B-B966-66E297AA3669}.Sit|Any CPU.ActiveCfg = Sit|Any CPU
		{CE530672-D25F-410B-B966-66E297AA3669}.Sit|Any CPU.Build.0 = Sit|Any CPU
		{B633EE4E-7A58-4ACF-BBD9-0B19730B22FD}.Demo|Any CPU.ActiveCfg = Demo|Any CPU
		{B633EE4E-7A58-4ACF-BBD9-0B19730B22FD}.Demo|Any CPU.Build.0 = Demo|Any CPU
		{B633EE4E-7A58-4ACF-BBD9-0B19730B22FD}.Dev|Any CPU.ActiveCfg = Dev|Any CPU
		{B633EE4E-7A58-4ACF-BBD9-0B19730B22FD}.Dev|Any CPU.Build.0 = Dev|Any CPU
		{B633EE4E-7A58-4ACF-BBD9-0B19730B22FD}.Local|Any CPU.ActiveCfg = Local|Any CPU
		{B633EE4E-7A58-4ACF-BBD9-0B19730B22FD}.Local|Any CPU.Build.0 = Local|Any CPU
		{B633EE4E-7A58-4ACF-BBD9-0B19730B22FD}.MSDN|Any CPU.ActiveCfg = Demo|Any CPU
		{B633EE4E-7A58-4ACF-BBD9-0B19730B22FD}.MSDN|Any CPU.Build.0 = Demo|Any CPU
		{B633EE4E-7A58-4ACF-BBD9-0B19730B22FD}.Pre|Any CPU.ActiveCfg = Pre|Any CPU
		{B633EE4E-7A58-4ACF-BBD9-0B19730B22FD}.Pre|Any CPU.Build.0 = Pre|Any CPU
		{B633EE4E-7A58-4ACF-BBD9-0B19730B22FD}.Prod|Any CPU.ActiveCfg = Prod|Any CPU
		{B633EE4E-7A58-4ACF-BBD9-0B19730B22FD}.Prod|Any CPU.Build.0 = Prod|Any CPU
		{B633EE4E-7A58-4ACF-BBD9-0B19730B22FD}.Release|Any CPU.ActiveCfg = Demo|Any CPU
		{B633EE4E-7A58-4ACF-BBD9-0B19730B22FD}.Release|Any CPU.Build.0 = Demo|Any CPU
		{B633EE4E-7A58-4ACF-BBD9-0B19730B22FD}.Sit|Any CPU.ActiveCfg = Sit|Any CPU
		{B633EE4E-7A58-4ACF-BBD9-0B19730B22FD}.Sit|Any CPU.Build.0 = Sit|Any CPU
		{36E83135-5C14-4179-B4AD-3C120B05B73B}.Demo|Any CPU.ActiveCfg = Demo|Any CPU
		{36E83135-5C14-4179-B4AD-3C120B05B73B}.Demo|Any CPU.Build.0 = Demo|Any CPU
		{36E83135-5C14-4179-B4AD-3C120B05B73B}.Dev|Any CPU.ActiveCfg = Dev|Any CPU
		{36E83135-5C14-4179-B4AD-3C120B05B73B}.Dev|Any CPU.Build.0 = Dev|Any CPU
		{36E83135-5C14-4179-B4AD-3C120B05B73B}.Local|Any CPU.ActiveCfg = Local|Any CPU
		{36E83135-5C14-4179-B4AD-3C120B05B73B}.Local|Any CPU.Build.0 = Local|Any CPU
		{36E83135-5C14-4179-B4AD-3C120B05B73B}.MSDN|Any CPU.ActiveCfg = Demo|Any CPU
		{36E83135-5C14-4179-B4AD-3C120B05B73B}.MSDN|Any CPU.Build.0 = Demo|Any CPU
		{36E83135-5C14-4179-B4AD-3C120B05B73B}.Pre|Any CPU.ActiveCfg = Pre|Any CPU
		{36E83135-5C14-4179-B4AD-3C120B05B73B}.Pre|Any CPU.Build.0 = Pre|Any CPU
		{36E83135-5C14-4179-B4AD-3C120B05B73B}.Prod|Any CPU.ActiveCfg = Prod|Any CPU
		{36E83135-5C14-4179-B4AD-3C120B05B73B}.Prod|Any CPU.Build.0 = Prod|Any CPU
		{36E83135-5C14-4179-B4AD-3C120B05B73B}.Release|Any CPU.ActiveCfg = Demo|Any CPU
		{36E83135-5C14-4179-B4AD-3C120B05B73B}.Release|Any CPU.Build.0 = Demo|Any CPU
		{36E83135-5C14-4179-B4AD-3C120B05B73B}.Sit|Any CPU.ActiveCfg = Sit|Any CPU
		{36E83135-5C14-4179-B4AD-3C120B05B73B}.Sit|Any CPU.Build.0 = Sit|Any CPU
		{4E423F21-5A4F-444D-AD72-2E2566AFF713}.Demo|Any CPU.ActiveCfg = Demo|Any CPU
		{4E423F21-5A4F-444D-AD72-2E2566AFF713}.Demo|Any CPU.Build.0 = Demo|Any CPU
		{4E423F21-5A4F-444D-AD72-2E2566AFF713}.Dev|Any CPU.ActiveCfg = Dev|Any CPU
		{4E423F21-5A4F-444D-AD72-2E2566AFF713}.Dev|Any CPU.Build.0 = Dev|Any CPU
		{4E423F21-5A4F-444D-AD72-2E2566AFF713}.Local|Any CPU.ActiveCfg = Local|Any CPU
		{4E423F21-5A4F-444D-AD72-2E2566AFF713}.Local|Any CPU.Build.0 = Local|Any CPU
		{4E423F21-5A4F-444D-AD72-2E2566AFF713}.MSDN|Any CPU.ActiveCfg = Demo|Any CPU
		{4E423F21-5A4F-444D-AD72-2E2566AFF713}.MSDN|Any CPU.Build.0 = Demo|Any CPU
		{4E423F21-5A4F-444D-AD72-2E2566AFF713}.Pre|Any CPU.ActiveCfg = Pre|Any CPU
		{4E423F21-5A4F-444D-AD72-2E2566AFF713}.Pre|Any CPU.Build.0 = Pre|Any CPU
		{4E423F21-5A4F-444D-AD72-2E2566AFF713}.Prod|Any CPU.ActiveCfg = Prod|Any CPU
		{4E423F21-5A4F-444D-AD72-2E2566AFF713}.Prod|Any CPU.Build.0 = Prod|Any CPU
		{4E423F21-5A4F-444D-AD72-2E2566AFF713}.Release|Any CPU.ActiveCfg = Demo|Any CPU
		{4E423F21-5A4F-444D-AD72-2E2566AFF713}.Release|Any CPU.Build.0 = Demo|Any CPU
		{4E423F21-5A4F-444D-AD72-2E2566AFF713}.Sit|Any CPU.ActiveCfg = Sit|Any CPU
		{4E423F21-5A4F-444D-AD72-2E2566AFF713}.Sit|Any CPU.Build.0 = Sit|Any CPU
		{CF497DD1-550D-4203-8FBF-C0A3B0109D2B}.Demo|Any CPU.ActiveCfg = Demo|Any CPU
		{CF497DD1-550D-4203-8FBF-C0A3B0109D2B}.Demo|Any CPU.Build.0 = Demo|Any CPU
		{CF497DD1-550D-4203-8FBF-C0A3B0109D2B}.Dev|Any CPU.ActiveCfg = Dev|Any CPU
		{CF497DD1-550D-4203-8FBF-C0A3B0109D2B}.Dev|Any CPU.Build.0 = Dev|Any CPU
		{CF497DD1-550D-4203-8FBF-C0A3B0109D2B}.Local|Any CPU.ActiveCfg = Local|Any CPU
		{CF497DD1-550D-4203-8FBF-C0A3B0109D2B}.Local|Any CPU.Build.0 = Local|Any CPU
		{CF497DD1-550D-4203-8FBF-C0A3B0109D2B}.MSDN|Any CPU.ActiveCfg = Demo|Any CPU
		{CF497DD1-550D-4203-8FBF-C0A3B0109D2B}.MSDN|Any CPU.Build.0 = Demo|Any CPU
		{CF497DD1-550D-4203-8FBF-C0A3B0109D2B}.Pre|Any CPU.ActiveCfg = Pre|Any CPU
		{CF497DD1-550D-4203-8FBF-C0A3B0109D2B}.Pre|Any CPU.Build.0 = Pre|Any CPU
		{CF497DD1-550D-4203-8FBF-C0A3B0109D2B}.Prod|Any CPU.ActiveCfg = Prod|Any CPU
		{CF497DD1-550D-4203-8FBF-C0A3B0109D2B}.Prod|Any CPU.Build.0 = Prod|Any CPU
		{CF497DD1-550D-4203-8FBF-C0A3B0109D2B}.Release|Any CPU.ActiveCfg = Demo|Any CPU
		{CF497DD1-550D-4203-8FBF-C0A3B0109D2B}.Release|Any CPU.Build.0 = Demo|Any CPU
		{CF497DD1-550D-4203-8FBF-C0A3B0109D2B}.Sit|Any CPU.ActiveCfg = Sit|Any CPU
		{CF497DD1-550D-4203-8FBF-C0A3B0109D2B}.Sit|Any CPU.Build.0 = Sit|Any CPU
		{1F500137-C8E9-49AA-886E-1922D9D870EB}.Demo|Any CPU.ActiveCfg = Demo|Any CPU
		{1F500137-C8E9-49AA-886E-1922D9D870EB}.Demo|Any CPU.Build.0 = Demo|Any CPU
		{1F500137-C8E9-49AA-886E-1922D9D870EB}.Dev|Any CPU.ActiveCfg = Dev|Any CPU
		{1F500137-C8E9-49AA-886E-1922D9D870EB}.Dev|Any CPU.Build.0 = Dev|Any CPU
		{1F500137-C8E9-49AA-886E-1922D9D870EB}.Local|Any CPU.ActiveCfg = Local|Any CPU
		{1F500137-C8E9-49AA-886E-1922D9D870EB}.Local|Any CPU.Build.0 = Local|Any CPU
		{1F500137-C8E9-49AA-886E-1922D9D870EB}.MSDN|Any CPU.ActiveCfg = Demo|Any CPU
		{1F500137-C8E9-49AA-886E-1922D9D870EB}.MSDN|Any CPU.Build.0 = Demo|Any CPU
		{1F500137-C8E9-49AA-886E-1922D9D870EB}.Pre|Any CPU.ActiveCfg = Pre|Any CPU
		{1F500137-C8E9-49AA-886E-1922D9D870EB}.Pre|Any CPU.Build.0 = Pre|Any CPU
		{1F500137-C8E9-49AA-886E-1922D9D870EB}.Prod|Any CPU.ActiveCfg = Prod|Any CPU
		{1F500137-C8E9-49AA-886E-1922D9D870EB}.Prod|Any CPU.Build.0 = Prod|Any CPU
		{1F500137-C8E9-49AA-886E-1922D9D870EB}.Release|Any CPU.ActiveCfg = Demo|Any CPU
		{1F500137-C8E9-49AA-886E-1922D9D870EB}.Release|Any CPU.Build.0 = Demo|Any CPU
		{1F500137-C8E9-49AA-886E-1922D9D870EB}.Sit|Any CPU.ActiveCfg = Sit|Any CPU
		{1F500137-C8E9-49AA-886E-1922D9D870EB}.Sit|Any CPU.Build.0 = Sit|Any CPU
		{FE5B99F5-66D8-42FC-A8B3-6562837623A4}.Demo|Any CPU.ActiveCfg = Demo|Any CPU
		{FE5B99F5-66D8-42FC-A8B3-6562837623A4}.Demo|Any CPU.Build.0 = Demo|Any CPU
		{FE5B99F5-66D8-42FC-A8B3-6562837623A4}.Dev|Any CPU.ActiveCfg = Dev|Any CPU
		{FE5B99F5-66D8-42FC-A8B3-6562837623A4}.Dev|Any CPU.Build.0 = Dev|Any CPU
		{FE5B99F5-66D8-42FC-A8B3-6562837623A4}.Local|Any CPU.ActiveCfg = Local|Any CPU
		{FE5B99F5-66D8-42FC-A8B3-6562837623A4}.Local|Any CPU.Build.0 = Local|Any CPU
		{FE5B99F5-66D8-42FC-A8B3-6562837623A4}.MSDN|Any CPU.ActiveCfg = Demo|Any CPU
		{FE5B99F5-66D8-42FC-A8B3-6562837623A4}.MSDN|Any CPU.Build.0 = Demo|Any CPU
		{FE5B99F5-66D8-42FC-A8B3-6562837623A4}.Pre|Any CPU.ActiveCfg = Pre|Any CPU
		{FE5B99F5-66D8-42FC-A8B3-6562837623A4}.Pre|Any CPU.Build.0 = Pre|Any CPU
		{FE5B99F5-66D8-42FC-A8B3-6562837623A4}.Prod|Any CPU.ActiveCfg = Prod|Any CPU
		{FE5B99F5-66D8-42FC-A8B3-6562837623A4}.Prod|Any CPU.Build.0 = Prod|Any CPU
		{FE5B99F5-66D8-42FC-A8B3-6562837623A4}.Release|Any CPU.ActiveCfg = Demo|Any CPU
		{FE5B99F5-66D8-42FC-A8B3-6562837623A4}.Release|Any CPU.Build.0 = Demo|Any CPU
		{FE5B99F5-66D8-42FC-A8B3-6562837623A4}.Sit|Any CPU.ActiveCfg = Sit|Any CPU
		{FE5B99F5-66D8-42FC-A8B3-6562837623A4}.Sit|Any CPU.Build.0 = Sit|Any CPU
		{E3F2F285-16EB-49C5-9668-8D8E1DB6C610}.Demo|Any CPU.ActiveCfg = Demo|Any CPU
		{E3F2F285-16EB-49C5-9668-8D8E1DB6C610}.Demo|Any CPU.Build.0 = Demo|Any CPU
		{E3F2F285-16EB-49C5-9668-8D8E1DB6C610}.Dev|Any CPU.ActiveCfg = Dev|Any CPU
		{E3F2F285-16EB-49C5-9668-8D8E1DB6C610}.Dev|Any CPU.Build.0 = Dev|Any CPU
		{E3F2F285-16EB-49C5-9668-8D8E1DB6C610}.Local|Any CPU.ActiveCfg = Local|Any CPU
		{E3F2F285-16EB-49C5-9668-8D8E1DB6C610}.Local|Any CPU.Build.0 = Local|Any CPU
		{E3F2F285-16EB-49C5-9668-8D8E1DB6C610}.MSDN|Any CPU.ActiveCfg = Demo|Any CPU
		{E3F2F285-16EB-49C5-9668-8D8E1DB6C610}.MSDN|Any CPU.Build.0 = Demo|Any CPU
		{E3F2F285-16EB-49C5-9668-8D8E1DB6C610}.Pre|Any CPU.ActiveCfg = Pre|Any CPU
		{E3F2F285-16EB-49C5-9668-8D8E1DB6C610}.Pre|Any CPU.Build.0 = Pre|Any CPU
		{E3F2F285-16EB-49C5-9668-8D8E1DB6C610}.Prod|Any CPU.ActiveCfg = Prod|Any CPU
		{E3F2F285-16EB-49C5-9668-8D8E1DB6C610}.Prod|Any CPU.Build.0 = Prod|Any CPU
		{E3F2F285-16EB-49C5-9668-8D8E1DB6C610}.Release|Any CPU.ActiveCfg = Demo|Any CPU
		{E3F2F285-16EB-49C5-9668-8D8E1DB6C610}.Release|Any CPU.Build.0 = Demo|Any CPU
		{E3F2F285-16EB-49C5-9668-8D8E1DB6C610}.Sit|Any CPU.ActiveCfg = Sit|Any CPU
		{E3F2F285-16EB-49C5-9668-8D8E1DB6C610}.Sit|Any CPU.Build.0 = Sit|Any CPU
		{78B1F2A1-DCC3-4ED3-8CE0-16E0781B59FA}.Demo|Any CPU.ActiveCfg = Demo|Any CPU
		{78B1F2A1-DCC3-4ED3-8CE0-16E0781B59FA}.Demo|Any CPU.Build.0 = Demo|Any CPU
		{78B1F2A1-DCC3-4ED3-8CE0-16E0781B59FA}.Dev|Any CPU.ActiveCfg = Dev|Any CPU
		{78B1F2A1-DCC3-4ED3-8CE0-16E0781B59FA}.Dev|Any CPU.Build.0 = Dev|Any CPU
		{78B1F2A1-DCC3-4ED3-8CE0-16E0781B59FA}.Local|Any CPU.ActiveCfg = Local|Any CPU
		{78B1F2A1-DCC3-4ED3-8CE0-16E0781B59FA}.Local|Any CPU.Build.0 = Local|Any CPU
		{78B1F2A1-DCC3-4ED3-8CE0-16E0781B59FA}.MSDN|Any CPU.ActiveCfg = Demo|Any CPU
		{78B1F2A1-DCC3-4ED3-8CE0-16E0781B59FA}.MSDN|Any CPU.Build.0 = Demo|Any CPU
		{78B1F2A1-DCC3-4ED3-8CE0-16E0781B59FA}.Pre|Any CPU.ActiveCfg = Pre|Any CPU
		{78B1F2A1-DCC3-4ED3-8CE0-16E0781B59FA}.Pre|Any CPU.Build.0 = Pre|Any CPU
		{78B1F2A1-DCC3-4ED3-8CE0-16E0781B59FA}.Prod|Any CPU.ActiveCfg = Prod|Any CPU
		{78B1F2A1-DCC3-4ED3-8CE0-16E0781B59FA}.Prod|Any CPU.Build.0 = Prod|Any CPU
		{78B1F2A1-DCC3-4ED3-8CE0-16E0781B59FA}.Release|Any CPU.ActiveCfg = Demo|Any CPU
		{78B1F2A1-DCC3-4ED3-8CE0-16E0781B59FA}.Release|Any CPU.Build.0 = Demo|Any CPU
		{78B1F2A1-DCC3-4ED3-8CE0-16E0781B59FA}.Sit|Any CPU.ActiveCfg = Sit|Any CPU
		{78B1F2A1-DCC3-4ED3-8CE0-16E0781B59FA}.Sit|Any CPU.Build.0 = Sit|Any CPU
		{B3285E4A-29DD-4CB6-B8C9-51AA06DB4F83}.Demo|Any CPU.ActiveCfg = Demo|Any CPU
		{B3285E4A-29DD-4CB6-B8C9-51AA06DB4F83}.Demo|Any CPU.Build.0 = Demo|Any CPU
		{B3285E4A-29DD-4CB6-B8C9-51AA06DB4F83}.Dev|Any CPU.ActiveCfg = Dev|Any CPU
		{B3285E4A-29DD-4CB6-B8C9-51AA06DB4F83}.Dev|Any CPU.Build.0 = Dev|Any CPU
		{B3285E4A-29DD-4CB6-B8C9-51AA06DB4F83}.Local|Any CPU.ActiveCfg = Local|Any CPU
		{B3285E4A-29DD-4CB6-B8C9-51AA06DB4F83}.Local|Any CPU.Build.0 = Local|Any CPU
		{B3285E4A-29DD-4CB6-B8C9-51AA06DB4F83}.MSDN|Any CPU.ActiveCfg = Demo|Any CPU
		{B3285E4A-29DD-4CB6-B8C9-51AA06DB4F83}.MSDN|Any CPU.Build.0 = Demo|Any CPU
		{B3285E4A-29DD-4CB6-B8C9-51AA06DB4F83}.Pre|Any CPU.ActiveCfg = Pre|Any CPU
		{B3285E4A-29DD-4CB6-B8C9-51AA06DB4F83}.Pre|Any CPU.Build.0 = Pre|Any CPU
		{B3285E4A-29DD-4CB6-B8C9-51AA06DB4F83}.Prod|Any CPU.ActiveCfg = Prod|Any CPU
		{B3285E4A-29DD-4CB6-B8C9-51AA06DB4F83}.Prod|Any CPU.Build.0 = Prod|Any CPU
		{B3285E4A-29DD-4CB6-B8C9-51AA06DB4F83}.Release|Any CPU.ActiveCfg = Demo|Any CPU
		{B3285E4A-29DD-4CB6-B8C9-51AA06DB4F83}.Release|Any CPU.Build.0 = Demo|Any CPU
		{B3285E4A-29DD-4CB6-B8C9-51AA06DB4F83}.Sit|Any CPU.ActiveCfg = Sit|Any CPU
		{B3285E4A-29DD-4CB6-B8C9-51AA06DB4F83}.Sit|Any CPU.Build.0 = Sit|Any CPU
		{B1628369-3014-4A8B-BFFD-49CB8ADF3BD2}.Demo|Any CPU.ActiveCfg = Demo|Any CPU
		{B1628369-3014-4A8B-BFFD-49CB8ADF3BD2}.Demo|Any CPU.Build.0 = Demo|Any CPU
		{B1628369-3014-4A8B-BFFD-49CB8ADF3BD2}.Dev|Any CPU.ActiveCfg = Dev|Any CPU
		{B1628369-3014-4A8B-BFFD-49CB8ADF3BD2}.Dev|Any CPU.Build.0 = Dev|Any CPU
		{B1628369-3014-4A8B-BFFD-49CB8ADF3BD2}.Local|Any CPU.ActiveCfg = Local|Any CPU
		{B1628369-3014-4A8B-BFFD-49CB8ADF3BD2}.Local|Any CPU.Build.0 = Local|Any CPU
		{B1628369-3014-4A8B-BFFD-49CB8ADF3BD2}.MSDN|Any CPU.ActiveCfg = Demo|Any CPU
		{B1628369-3014-4A8B-BFFD-49CB8ADF3BD2}.MSDN|Any CPU.Build.0 = Demo|Any CPU
		{B1628369-3014-4A8B-BFFD-49CB8ADF3BD2}.Pre|Any CPU.ActiveCfg = Pre|Any CPU
		{B1628369-3014-4A8B-BFFD-49CB8ADF3BD2}.Pre|Any CPU.Build.0 = Pre|Any CPU
		{B1628369-3014-4A8B-BFFD-49CB8ADF3BD2}.Prod|Any CPU.ActiveCfg = Prod|Any CPU
		{B1628369-3014-4A8B-BFFD-49CB8ADF3BD2}.Prod|Any CPU.Build.0 = Prod|Any CPU
		{B1628369-3014-4A8B-BFFD-49CB8ADF3BD2}.Release|Any CPU.ActiveCfg = Demo|Any CPU
		{B1628369-3014-4A8B-BFFD-49CB8ADF3BD2}.Release|Any CPU.Build.0 = Demo|Any CPU
		{B1628369-3014-4A8B-BFFD-49CB8ADF3BD2}.Sit|Any CPU.ActiveCfg = Sit|Any CPU
		{B1628369-3014-4A8B-BFFD-49CB8ADF3BD2}.Sit|Any CPU.Build.0 = Sit|Any CPU
		{4C2BE232-4DBD-44D0-B427-0450E2D857A5}.Demo|Any CPU.ActiveCfg = Demo|Any CPU
		{4C2BE232-4DBD-44D0-B427-0450E2D857A5}.Demo|Any CPU.Build.0 = Demo|Any CPU
		{4C2BE232-4DBD-44D0-B427-0450E2D857A5}.Dev|Any CPU.ActiveCfg = Dev|Any CPU
		{4C2BE232-4DBD-44D0-B427-0450E2D857A5}.Dev|Any CPU.Build.0 = Dev|Any CPU
		{4C2BE232-4DBD-44D0-B427-0450E2D857A5}.Local|Any CPU.ActiveCfg = Local|Any CPU
		{4C2BE232-4DBD-44D0-B427-0450E2D857A5}.Local|Any CPU.Build.0 = Local|Any CPU
		{4C2BE232-4DBD-44D0-B427-0450E2D857A5}.MSDN|Any CPU.ActiveCfg = Demo|Any CPU
		{4C2BE232-4DBD-44D0-B427-0450E2D857A5}.MSDN|Any CPU.Build.0 = Demo|Any CPU
		{4C2BE232-4DBD-44D0-B427-0450E2D857A5}.Pre|Any CPU.ActiveCfg = Pre|Any CPU
		{4C2BE232-4DBD-44D0-B427-0450E2D857A5}.Pre|Any CPU.Build.0 = Pre|Any CPU
		{4C2BE232-4DBD-44D0-B427-0450E2D857A5}.Prod|Any CPU.ActiveCfg = Prod|Any CPU
		{4C2BE232-4DBD-44D0-B427-0450E2D857A5}.Prod|Any CPU.Build.0 = Prod|Any CPU
		{4C2BE232-4DBD-44D0-B427-0450E2D857A5}.Release|Any CPU.ActiveCfg = Demo|Any CPU
		{4C2BE232-4DBD-44D0-B427-0450E2D857A5}.Release|Any CPU.Build.0 = Demo|Any CPU
		{4C2BE232-4DBD-44D0-B427-0450E2D857A5}.Sit|Any CPU.ActiveCfg = Sit|Any CPU
		{4C2BE232-4DBD-44D0-B427-0450E2D857A5}.Sit|Any CPU.Build.0 = Sit|Any CPU
		{83500887-E1B7-46BD-945B-4CC3D0069B6E}.Demo|Any CPU.ActiveCfg = Demo|Any CPU
		{83500887-E1B7-46BD-945B-4CC3D0069B6E}.Demo|Any CPU.Build.0 = Demo|Any CPU
		{83500887-E1B7-46BD-945B-4CC3D0069B6E}.Dev|Any CPU.ActiveCfg = Dev|Any CPU
		{83500887-E1B7-46BD-945B-4CC3D0069B6E}.Dev|Any CPU.Build.0 = Dev|Any CPU
		{83500887-E1B7-46BD-945B-4CC3D0069B6E}.Local|Any CPU.ActiveCfg = Local|Any CPU
		{83500887-E1B7-46BD-945B-4CC3D0069B6E}.Local|Any CPU.Build.0 = Local|Any CPU
		{83500887-E1B7-46BD-945B-4CC3D0069B6E}.MSDN|Any CPU.ActiveCfg = Demo|Any CPU
		{83500887-E1B7-46BD-945B-4CC3D0069B6E}.MSDN|Any CPU.Build.0 = Demo|Any CPU
		{83500887-E1B7-46BD-945B-4CC3D0069B6E}.Pre|Any CPU.ActiveCfg = Pre|Any CPU
		{83500887-E1B7-46BD-945B-4CC3D0069B6E}.Pre|Any CPU.Build.0 = Pre|Any CPU
		{83500887-E1B7-46BD-945B-4CC3D0069B6E}.Prod|Any CPU.ActiveCfg = Prod|Any CPU
		{83500887-E1B7-46BD-945B-4CC3D0069B6E}.Prod|Any CPU.Build.0 = Prod|Any CPU
		{83500887-E1B7-46BD-945B-4CC3D0069B6E}.Release|Any CPU.ActiveCfg = Demo|Any CPU
		{83500887-E1B7-46BD-945B-4CC3D0069B6E}.Release|Any CPU.Build.0 = Demo|Any CPU
		{83500887-E1B7-46BD-945B-4CC3D0069B6E}.Sit|Any CPU.ActiveCfg = Sit|Any CPU
		{83500887-E1B7-46BD-945B-4CC3D0069B6E}.Sit|Any CPU.Build.0 = Sit|Any CPU
		{ADB1C795-A6AA-4CB8-82AE-2B8D10E22220}.Demo|Any CPU.ActiveCfg = Demo|Any CPU
		{ADB1C795-A6AA-4CB8-82AE-2B8D10E22220}.Demo|Any CPU.Build.0 = Demo|Any CPU
		{ADB1C795-A6AA-4CB8-82AE-2B8D10E22220}.Dev|Any CPU.ActiveCfg = Dev|Any CPU
		{ADB1C795-A6AA-4CB8-82AE-2B8D10E22220}.Dev|Any CPU.Build.0 = Dev|Any CPU
		{ADB1C795-A6AA-4CB8-82AE-2B8D10E22220}.Local|Any CPU.ActiveCfg = Local|Any CPU
		{ADB1C795-A6AA-4CB8-82AE-2B8D10E22220}.Local|Any CPU.Build.0 = Local|Any CPU
		{ADB1C795-A6AA-4CB8-82AE-2B8D10E22220}.MSDN|Any CPU.ActiveCfg = Demo|Any CPU
		{ADB1C795-A6AA-4CB8-82AE-2B8D10E22220}.MSDN|Any CPU.Build.0 = Demo|Any CPU
		{ADB1C795-A6AA-4CB8-82AE-2B8D10E22220}.Pre|Any CPU.ActiveCfg = Pre|Any CPU
		{ADB1C795-A6AA-4CB8-82AE-2B8D10E22220}.Pre|Any CPU.Build.0 = Pre|Any CPU
		{ADB1C795-A6AA-4CB8-82AE-2B8D10E22220}.Prod|Any CPU.ActiveCfg = Prod|Any CPU
		{ADB1C795-A6AA-4CB8-82AE-2B8D10E22220}.Prod|Any CPU.Build.0 = Prod|Any CPU
		{ADB1C795-A6AA-4CB8-82AE-2B8D10E22220}.Release|Any CPU.ActiveCfg = Demo|Any CPU
		{ADB1C795-A6AA-4CB8-82AE-2B8D10E22220}.Release|Any CPU.Build.0 = Demo|Any CPU
		{ADB1C795-A6AA-4CB8-82AE-2B8D10E22220}.Sit|Any CPU.ActiveCfg = Sit|Any CPU
		{ADB1C795-A6AA-4CB8-82AE-2B8D10E22220}.Sit|Any CPU.Build.0 = Sit|Any CPU
		{2C577447-2405-46B3-8065-613A19A58541}.Demo|Any CPU.ActiveCfg = Demo|Any CPU
		{2C577447-2405-46B3-8065-613A19A58541}.Demo|Any CPU.Build.0 = Demo|Any CPU
		{2C577447-2405-46B3-8065-613A19A58541}.Dev|Any CPU.ActiveCfg = Dev|Any CPU
		{2C577447-2405-46B3-8065-613A19A58541}.Dev|Any CPU.Build.0 = Dev|Any CPU
		{2C577447-2405-46B3-8065-613A19A58541}.Local|Any CPU.ActiveCfg = Local|Any CPU
		{2C577447-2405-46B3-8065-613A19A58541}.Local|Any CPU.Build.0 = Local|Any CPU
		{2C577447-2405-46B3-8065-613A19A58541}.MSDN|Any CPU.ActiveCfg = Demo|Any CPU
		{2C577447-2405-46B3-8065-613A19A58541}.MSDN|Any CPU.Build.0 = Demo|Any CPU
		{2C577447-2405-46B3-8065-613A19A58541}.Pre|Any CPU.ActiveCfg = Pre|Any CPU
		{2C577447-2405-46B3-8065-613A19A58541}.Pre|Any CPU.Build.0 = Pre|Any CPU
		{2C577447-2405-46B3-8065-613A19A58541}.Prod|Any CPU.ActiveCfg = Prod|Any CPU
		{2C577447-2405-46B3-8065-613A19A58541}.Prod|Any CPU.Build.0 = Prod|Any CPU
		{2C577447-2405-46B3-8065-613A19A58541}.Release|Any CPU.ActiveCfg = Demo|Any CPU
		{2C577447-2405-46B3-8065-613A19A58541}.Release|Any CPU.Build.0 = Demo|Any CPU
		{2C577447-2405-46B3-8065-613A19A58541}.Sit|Any CPU.ActiveCfg = Sit|Any CPU
		{2C577447-2405-46B3-8065-613A19A58541}.Sit|Any CPU.Build.0 = Sit|Any CPU
		{91DB99C3-50A9-4DED-AB90-2FF94D0B130E}.Demo|Any CPU.ActiveCfg = Demo|Any CPU
		{91DB99C3-50A9-4DED-AB90-2FF94D0B130E}.Demo|Any CPU.Build.0 = Demo|Any CPU
		{91DB99C3-50A9-4DED-AB90-2FF94D0B130E}.Dev|Any CPU.ActiveCfg = Dev|Any CPU
		{91DB99C3-50A9-4DED-AB90-2FF94D0B130E}.Dev|Any CPU.Build.0 = Dev|Any CPU
		{91DB99C3-50A9-4DED-AB90-2FF94D0B130E}.Local|Any CPU.ActiveCfg = Local|Any CPU
		{91DB99C3-50A9-4DED-AB90-2FF94D0B130E}.Local|Any CPU.Build.0 = Local|Any CPU
		{91DB99C3-50A9-4DED-AB90-2FF94D0B130E}.MSDN|Any CPU.ActiveCfg = Demo|Any CPU
		{91DB99C3-50A9-4DED-AB90-2FF94D0B130E}.MSDN|Any CPU.Build.0 = Demo|Any CPU
		{91DB99C3-50A9-4DED-AB90-2FF94D0B130E}.Pre|Any CPU.ActiveCfg = Pre|Any CPU
		{91DB99C3-50A9-4DED-AB90-2FF94D0B130E}.Pre|Any CPU.Build.0 = Pre|Any CPU
		{91DB99C3-50A9-4DED-AB90-2FF94D0B130E}.Prod|Any CPU.ActiveCfg = Prod|Any CPU
		{91DB99C3-50A9-4DED-AB90-2FF94D0B130E}.Prod|Any CPU.Build.0 = Prod|Any CPU
		{91DB99C3-50A9-4DED-AB90-2FF94D0B130E}.Release|Any CPU.ActiveCfg = Demo|Any CPU
		{91DB99C3-50A9-4DED-AB90-2FF94D0B130E}.Release|Any CPU.Build.0 = Demo|Any CPU
		{91DB99C3-50A9-4DED-AB90-2FF94D0B130E}.Sit|Any CPU.ActiveCfg = Sit|Any CPU
		{91DB99C3-50A9-4DED-AB90-2FF94D0B130E}.Sit|Any CPU.Build.0 = Sit|Any CPU
		{A2D82061-BCBD-4030-9EB4-5148AEE79241}.Demo|Any CPU.ActiveCfg = Demo|Any CPU
		{A2D82061-BCBD-4030-9EB4-5148AEE79241}.Demo|Any CPU.Build.0 = Demo|Any CPU
		{A2D82061-BCBD-4030-9EB4-5148AEE79241}.Dev|Any CPU.ActiveCfg = Dev|Any CPU
		{A2D82061-BCBD-4030-9EB4-5148AEE79241}.Dev|Any CPU.Build.0 = Dev|Any CPU
		{A2D82061-BCBD-4030-9EB4-5148AEE79241}.Local|Any CPU.ActiveCfg = Local|Any CPU
		{A2D82061-BCBD-4030-9EB4-5148AEE79241}.Local|Any CPU.Build.0 = Local|Any CPU
		{A2D82061-BCBD-4030-9EB4-5148AEE79241}.MSDN|Any CPU.ActiveCfg = Demo|Any CPU
		{A2D82061-BCBD-4030-9EB4-5148AEE79241}.MSDN|Any CPU.Build.0 = Demo|Any CPU
		{A2D82061-BCBD-4030-9EB4-5148AEE79241}.Pre|Any CPU.ActiveCfg = Pre|Any CPU
		{A2D82061-BCBD-4030-9EB4-5148AEE79241}.Pre|Any CPU.Build.0 = Pre|Any CPU
		{A2D82061-BCBD-4030-9EB4-5148AEE79241}.Prod|Any CPU.ActiveCfg = Prod|Any CPU
		{A2D82061-BCBD-4030-9EB4-5148AEE79241}.Prod|Any CPU.Build.0 = Prod|Any CPU
		{A2D82061-BCBD-4030-9EB4-5148AEE79241}.Release|Any CPU.ActiveCfg = Demo|Any CPU
		{A2D82061-BCBD-4030-9EB4-5148AEE79241}.Release|Any CPU.Build.0 = Demo|Any CPU
		{A2D82061-BCBD-4030-9EB4-5148AEE79241}.Sit|Any CPU.ActiveCfg = Sit|Any CPU
		{A2D82061-BCBD-4030-9EB4-5148AEE79241}.Sit|Any CPU.Build.0 = Sit|Any CPU
		{7D29ED20-FF3D-4FBB-B253-A44DE1E42BCC}.Demo|Any CPU.ActiveCfg = Demo|Any CPU
		{7D29ED20-FF3D-4FBB-B253-A44DE1E42BCC}.Demo|Any CPU.Build.0 = Demo|Any CPU
		{7D29ED20-FF3D-4FBB-B253-A44DE1E42BCC}.Dev|Any CPU.ActiveCfg = Dev|Any CPU
		{7D29ED20-FF3D-4FBB-B253-A44DE1E42BCC}.Dev|Any CPU.Build.0 = Dev|Any CPU
		{7D29ED20-FF3D-4FBB-B253-A44DE1E42BCC}.Local|Any CPU.ActiveCfg = Local|Any CPU
		{7D29ED20-FF3D-4FBB-B253-A44DE1E42BCC}.Local|Any CPU.Build.0 = Local|Any CPU
		{7D29ED20-FF3D-4FBB-B253-A44DE1E42BCC}.MSDN|Any CPU.ActiveCfg = Demo|Any CPU
		{7D29ED20-FF3D-4FBB-B253-A44DE1E42BCC}.MSDN|Any CPU.Build.0 = Demo|Any CPU
		{7D29ED20-FF3D-4FBB-B253-A44DE1E42BCC}.Pre|Any CPU.ActiveCfg = Pre|Any CPU
		{7D29ED20-FF3D-4FBB-B253-A44DE1E42BCC}.Pre|Any CPU.Build.0 = Pre|Any CPU
		{7D29ED20-FF3D-4FBB-B253-A44DE1E42BCC}.Prod|Any CPU.ActiveCfg = Prod|Any CPU
		{7D29ED20-FF3D-4FBB-B253-A44DE1E42BCC}.Prod|Any CPU.Build.0 = Prod|Any CPU
		{7D29ED20-FF3D-4FBB-B253-A44DE1E42BCC}.Release|Any CPU.ActiveCfg = Demo|Any CPU
		{7D29ED20-FF3D-4FBB-B253-A44DE1E42BCC}.Release|Any CPU.Build.0 = Demo|Any CPU
		{7D29ED20-FF3D-4FBB-B253-A44DE1E42BCC}.Sit|Any CPU.ActiveCfg = Sit|Any CPU
		{7D29ED20-FF3D-4FBB-B253-A44DE1E42BCC}.Sit|Any CPU.Build.0 = Sit|Any CPU
		{BB161A54-EF1A-4611-8296-9A0BE69B4587}.Demo|Any CPU.ActiveCfg = Demo|Any CPU
		{BB161A54-EF1A-4611-8296-9A0BE69B4587}.Demo|Any CPU.Build.0 = Demo|Any CPU
		{BB161A54-EF1A-4611-8296-9A0BE69B4587}.Dev|Any CPU.ActiveCfg = Dev|Any CPU
		{BB161A54-EF1A-4611-8296-9A0BE69B4587}.Dev|Any CPU.Build.0 = Dev|Any CPU
		{BB161A54-EF1A-4611-8296-9A0BE69B4587}.Local|Any CPU.ActiveCfg = Local|Any CPU
		{BB161A54-EF1A-4611-8296-9A0BE69B4587}.Local|Any CPU.Build.0 = Local|Any CPU
		{BB161A54-EF1A-4611-8296-9A0BE69B4587}.MSDN|Any CPU.ActiveCfg = Sit|Any CPU
		{BB161A54-EF1A-4611-8296-9A0BE69B4587}.MSDN|Any CPU.Build.0 = Sit|Any CPU
		{BB161A54-EF1A-4611-8296-9A0BE69B4587}.Pre|Any CPU.ActiveCfg = Pre|Any CPU
		{BB161A54-EF1A-4611-8296-9A0BE69B4587}.Pre|Any CPU.Build.0 = Pre|Any CPU
		{BB161A54-EF1A-4611-8296-9A0BE69B4587}.Prod|Any CPU.ActiveCfg = Prod|Any CPU
		{BB161A54-EF1A-4611-8296-9A0BE69B4587}.Prod|Any CPU.Build.0 = Prod|Any CPU
		{BB161A54-EF1A-4611-8296-9A0BE69B4587}.Release|Any CPU.ActiveCfg = Sit|Any CPU
		{BB161A54-EF1A-4611-8296-9A0BE69B4587}.Release|Any CPU.Build.0 = Sit|Any CPU
		{BB161A54-EF1A-4611-8296-9A0BE69B4587}.Sit|Any CPU.ActiveCfg = Sit|Any CPU
		{BB161A54-EF1A-4611-8296-9A0BE69B4587}.Sit|Any CPU.Build.0 = Sit|Any CPU
		{920F5834-459D-4E20-9B17-AAD52D2CC8FE}.Demo|Any CPU.ActiveCfg = Demo|Any CPU
		{920F5834-459D-4E20-9B17-AAD52D2CC8FE}.Demo|Any CPU.Build.0 = Demo|Any CPU
		{920F5834-459D-4E20-9B17-AAD52D2CC8FE}.Dev|Any CPU.ActiveCfg = Dev|Any CPU
		{920F5834-459D-4E20-9B17-AAD52D2CC8FE}.Dev|Any CPU.Build.0 = Dev|Any CPU
		{920F5834-459D-4E20-9B17-AAD52D2CC8FE}.Local|Any CPU.ActiveCfg = Local|Any CPU
		{920F5834-459D-4E20-9B17-AAD52D2CC8FE}.Local|Any CPU.Build.0 = Local|Any CPU
		{920F5834-459D-4E20-9B17-AAD52D2CC8FE}.MSDN|Any CPU.ActiveCfg = Demo|Any CPU
		{920F5834-459D-4E20-9B17-AAD52D2CC8FE}.MSDN|Any CPU.Build.0 = Demo|Any CPU
		{920F5834-459D-4E20-9B17-AAD52D2CC8FE}.Pre|Any CPU.ActiveCfg = Pre|Any CPU
		{920F5834-459D-4E20-9B17-AAD52D2CC8FE}.Pre|Any CPU.Build.0 = Pre|Any CPU
		{920F5834-459D-4E20-9B17-AAD52D2CC8FE}.Prod|Any CPU.ActiveCfg = Prod|Any CPU
		{920F5834-459D-4E20-9B17-AAD52D2CC8FE}.Prod|Any CPU.Build.0 = Prod|Any CPU
		{920F5834-459D-4E20-9B17-AAD52D2CC8FE}.Release|Any CPU.ActiveCfg = Demo|Any CPU
		{920F5834-459D-4E20-9B17-AAD52D2CC8FE}.Release|Any CPU.Build.0 = Demo|Any CPU
		{920F5834-459D-4E20-9B17-AAD52D2CC8FE}.Sit|Any CPU.ActiveCfg = Sit|Any CPU
		{920F5834-459D-4E20-9B17-AAD52D2CC8FE}.Sit|Any CPU.Build.0 = Sit|Any CPU
		{F01914FA-A911-4345-ACD4-FD80ADE21A8C}.Demo|Any CPU.ActiveCfg = Demo|Any CPU
		{F01914FA-A911-4345-ACD4-FD80ADE21A8C}.Demo|Any CPU.Build.0 = Demo|Any CPU
		{F01914FA-A911-4345-ACD4-FD80ADE21A8C}.Dev|Any CPU.ActiveCfg = Dev|Any CPU
		{F01914FA-A911-4345-ACD4-FD80ADE21A8C}.Dev|Any CPU.Build.0 = Dev|Any CPU
		{F01914FA-A911-4345-ACD4-FD80ADE21A8C}.Local|Any CPU.ActiveCfg = Local|Any CPU
		{F01914FA-A911-4345-ACD4-FD80ADE21A8C}.Local|Any CPU.Build.0 = Local|Any CPU
		{F01914FA-A911-4345-ACD4-FD80ADE21A8C}.MSDN|Any CPU.ActiveCfg = Demo|Any CPU
		{F01914FA-A911-4345-ACD4-FD80ADE21A8C}.MSDN|Any CPU.Build.0 = Demo|Any CPU
		{F01914FA-A911-4345-ACD4-FD80ADE21A8C}.Pre|Any CPU.ActiveCfg = Pre|Any CPU
		{F01914FA-A911-4345-ACD4-FD80ADE21A8C}.Pre|Any CPU.Build.0 = Pre|Any CPU
		{F01914FA-A911-4345-ACD4-FD80ADE21A8C}.Prod|Any CPU.ActiveCfg = Prod|Any CPU
		{F01914FA-A911-4345-ACD4-FD80ADE21A8C}.Prod|Any CPU.Build.0 = Prod|Any CPU
		{F01914FA-A911-4345-ACD4-FD80ADE21A8C}.Release|Any CPU.ActiveCfg = Demo|Any CPU
		{F01914FA-A911-4345-ACD4-FD80ADE21A8C}.Release|Any CPU.Build.0 = Demo|Any CPU
		{F01914FA-A911-4345-ACD4-FD80ADE21A8C}.Sit|Any CPU.ActiveCfg = Sit|Any CPU
		{F01914FA-A911-4345-ACD4-FD80ADE21A8C}.Sit|Any CPU.Build.0 = Sit|Any CPU
		{5853DBD3-4999-4710-8CAA-7BC0603C5827}.Demo|Any CPU.ActiveCfg = Demo|Any CPU
		{5853DBD3-4999-4710-8CAA-7BC0603C5827}.Demo|Any CPU.Build.0 = Demo|Any CPU
		{5853DBD3-4999-4710-8CAA-7BC0603C5827}.Dev|Any CPU.ActiveCfg = Dev|Any CPU
		{5853DBD3-4999-4710-8CAA-7BC0603C5827}.Dev|Any CPU.Build.0 = Dev|Any CPU
		{5853DBD3-4999-4710-8CAA-7BC0603C5827}.Local|Any CPU.ActiveCfg = Local|Any CPU
		{5853DBD3-4999-4710-8CAA-7BC0603C5827}.Local|Any CPU.Build.0 = Local|Any CPU
		{5853DBD3-4999-4710-8CAA-7BC0603C5827}.MSDN|Any CPU.ActiveCfg = Demo|Any CPU
		{5853DBD3-4999-4710-8CAA-7BC0603C5827}.MSDN|Any CPU.Build.0 = Demo|Any CPU
		{5853DBD3-4999-4710-8CAA-7BC0603C5827}.Pre|Any CPU.ActiveCfg = Pre|Any CPU
		{5853DBD3-4999-4710-8CAA-7BC0603C5827}.Pre|Any CPU.Build.0 = Pre|Any CPU
		{5853DBD3-4999-4710-8CAA-7BC0603C5827}.Prod|Any CPU.ActiveCfg = Prod|Any CPU
		{5853DBD3-4999-4710-8CAA-7BC0603C5827}.Prod|Any CPU.Build.0 = Prod|Any CPU
		{5853DBD3-4999-4710-8CAA-7BC0603C5827}.Release|Any CPU.ActiveCfg = Demo|Any CPU
		{5853DBD3-4999-4710-8CAA-7BC0603C5827}.Release|Any CPU.Build.0 = Demo|Any CPU
		{5853DBD3-4999-4710-8CAA-7BC0603C5827}.Sit|Any CPU.ActiveCfg = Sit|Any CPU
		{5853DBD3-4999-4710-8CAA-7BC0603C5827}.Sit|Any CPU.Build.0 = Sit|Any CPU
		{CE04B708-FF21-41D4-B796-A36EDCE2960D}.Demo|Any CPU.ActiveCfg = Demo|Any CPU
		{CE04B708-FF21-41D4-B796-A36EDCE2960D}.Demo|Any CPU.Build.0 = Demo|Any CPU
		{CE04B708-FF21-41D4-B796-A36EDCE2960D}.Dev|Any CPU.ActiveCfg = Dev|Any CPU
		{CE04B708-FF21-41D4-B796-A36EDCE2960D}.Dev|Any CPU.Build.0 = Dev|Any CPU
		{CE04B708-FF21-41D4-B796-A36EDCE2960D}.Local|Any CPU.ActiveCfg = Local|Any CPU
		{CE04B708-FF21-41D4-B796-A36EDCE2960D}.Local|Any CPU.Build.0 = Local|Any CPU
		{CE04B708-FF21-41D4-B796-A36EDCE2960D}.MSDN|Any CPU.ActiveCfg = Demo|Any CPU
		{CE04B708-FF21-41D4-B796-A36EDCE2960D}.MSDN|Any CPU.Build.0 = Demo|Any CPU
		{CE04B708-FF21-41D4-B796-A36EDCE2960D}.Pre|Any CPU.ActiveCfg = Pre|Any CPU
		{CE04B708-FF21-41D4-B796-A36EDCE2960D}.Pre|Any CPU.Build.0 = Pre|Any CPU
		{CE04B708-FF21-41D4-B796-A36EDCE2960D}.Prod|Any CPU.ActiveCfg = Prod|Any CPU
		{CE04B708-FF21-41D4-B796-A36EDCE2960D}.Prod|Any CPU.Build.0 = Prod|Any CPU
		{CE04B708-FF21-41D4-B796-A36EDCE2960D}.Release|Any CPU.ActiveCfg = Demo|Any CPU
		{CE04B708-FF21-41D4-B796-A36EDCE2960D}.Release|Any CPU.Build.0 = Demo|Any CPU
		{CE04B708-FF21-41D4-B796-A36EDCE2960D}.Sit|Any CPU.ActiveCfg = Sit|Any CPU
		{CE04B708-FF21-41D4-B796-A36EDCE2960D}.Sit|Any CPU.Build.0 = Sit|Any CPU
		{C7CB47E8-C024-4DC0-9BDC-E325D3BFEADC}.Demo|Any CPU.ActiveCfg = Demo|Any CPU
		{C7CB47E8-C024-4DC0-9BDC-E325D3BFEADC}.Demo|Any CPU.Build.0 = Demo|Any CPU
		{C7CB47E8-C024-4DC0-9BDC-E325D3BFEADC}.Dev|Any CPU.ActiveCfg = Dev|Any CPU
		{C7CB47E8-C024-4DC0-9BDC-E325D3BFEADC}.Dev|Any CPU.Build.0 = Dev|Any CPU
		{C7CB47E8-C024-4DC0-9BDC-E325D3BFEADC}.Local|Any CPU.ActiveCfg = Local|Any CPU
		{C7CB47E8-C024-4DC0-9BDC-E325D3BFEADC}.Local|Any CPU.Build.0 = Local|Any CPU
		{C7CB47E8-C024-4DC0-9BDC-E325D3BFEADC}.MSDN|Any CPU.ActiveCfg = Demo|Any CPU
		{C7CB47E8-C024-4DC0-9BDC-E325D3BFEADC}.MSDN|Any CPU.Build.0 = Demo|Any CPU
		{C7CB47E8-C024-4DC0-9BDC-E325D3BFEADC}.Pre|Any CPU.ActiveCfg = Pre|Any CPU
		{C7CB47E8-C024-4DC0-9BDC-E325D3BFEADC}.Pre|Any CPU.Build.0 = Pre|Any CPU
		{C7CB47E8-C024-4DC0-9BDC-E325D3BFEADC}.Prod|Any CPU.ActiveCfg = Prod|Any CPU
		{C7CB47E8-C024-4DC0-9BDC-E325D3BFEADC}.Prod|Any CPU.Build.0 = Prod|Any CPU
		{C7CB47E8-C024-4DC0-9BDC-E325D3BFEADC}.Release|Any CPU.ActiveCfg = Demo|Any CPU
		{C7CB47E8-C024-4DC0-9BDC-E325D3BFEADC}.Release|Any CPU.Build.0 = Demo|Any CPU
		{C7CB47E8-C024-4DC0-9BDC-E325D3BFEADC}.Sit|Any CPU.ActiveCfg = Sit|Any CPU
		{C7CB47E8-C024-4DC0-9BDC-E325D3BFEADC}.Sit|Any CPU.Build.0 = Sit|Any CPU
		{ABD48D09-C35E-42CE-8A4D-81550C2B8554}.Demo|Any CPU.ActiveCfg = Demo|Any CPU
		{ABD48D09-C35E-42CE-8A4D-81550C2B8554}.Demo|Any CPU.Build.0 = Demo|Any CPU
		{ABD48D09-C35E-42CE-8A4D-81550C2B8554}.Dev|Any CPU.ActiveCfg = Dev|Any CPU
		{ABD48D09-C35E-42CE-8A4D-81550C2B8554}.Dev|Any CPU.Build.0 = Dev|Any CPU
		{ABD48D09-C35E-42CE-8A4D-81550C2B8554}.Local|Any CPU.ActiveCfg = Local|Any CPU
		{ABD48D09-C35E-42CE-8A4D-81550C2B8554}.Local|Any CPU.Build.0 = Local|Any CPU
		{ABD48D09-C35E-42CE-8A4D-81550C2B8554}.MSDN|Any CPU.ActiveCfg = Demo|Any CPU
		{ABD48D09-C35E-42CE-8A4D-81550C2B8554}.MSDN|Any CPU.Build.0 = Demo|Any CPU
		{ABD48D09-C35E-42CE-8A4D-81550C2B8554}.Pre|Any CPU.ActiveCfg = Pre|Any CPU
		{ABD48D09-C35E-42CE-8A4D-81550C2B8554}.Pre|Any CPU.Build.0 = Pre|Any CPU
		{ABD48D09-C35E-42CE-8A4D-81550C2B8554}.Prod|Any CPU.ActiveCfg = Prod|Any CPU
		{ABD48D09-C35E-42CE-8A4D-81550C2B8554}.Prod|Any CPU.Build.0 = Prod|Any CPU
		{ABD48D09-C35E-42CE-8A4D-81550C2B8554}.Release|Any CPU.ActiveCfg = Demo|Any CPU
		{ABD48D09-C35E-42CE-8A4D-81550C2B8554}.Release|Any CPU.Build.0 = Demo|Any CPU
		{ABD48D09-C35E-42CE-8A4D-81550C2B8554}.Sit|Any CPU.ActiveCfg = Sit|Any CPU
		{ABD48D09-C35E-42CE-8A4D-81550C2B8554}.Sit|Any CPU.Build.0 = Sit|Any CPU
		{24BDBCAC-42EE-4253-8E8A-34FF5F0F41E7}.Demo|Any CPU.ActiveCfg = Demo|Any CPU
		{24BDBCAC-42EE-4253-8E8A-34FF5F0F41E7}.Demo|Any CPU.Build.0 = Demo|Any CPU
		{24BDBCAC-42EE-4253-8E8A-34FF5F0F41E7}.Dev|Any CPU.ActiveCfg = Dev|Any CPU
		{24BDBCAC-42EE-4253-8E8A-34FF5F0F41E7}.Dev|Any CPU.Build.0 = Dev|Any CPU
		{24BDBCAC-42EE-4253-8E8A-34FF5F0F41E7}.Local|Any CPU.ActiveCfg = Local|Any CPU
		{24BDBCAC-42EE-4253-8E8A-34FF5F0F41E7}.Local|Any CPU.Build.0 = Local|Any CPU
		{24BDBCAC-42EE-4253-8E8A-34FF5F0F41E7}.MSDN|Any CPU.ActiveCfg = Demo|Any CPU
		{24BDBCAC-42EE-4253-8E8A-34FF5F0F41E7}.MSDN|Any CPU.Build.0 = Demo|Any CPU
		{24BDBCAC-42EE-4253-8E8A-34FF5F0F41E7}.Pre|Any CPU.ActiveCfg = Pre|Any CPU
		{24BDBCAC-42EE-4253-8E8A-34FF5F0F41E7}.Pre|Any CPU.Build.0 = Pre|Any CPU
		{24BDBCAC-42EE-4253-8E8A-34FF5F0F41E7}.Prod|Any CPU.ActiveCfg = Prod|Any CPU
		{24BDBCAC-42EE-4253-8E8A-34FF5F0F41E7}.Prod|Any CPU.Build.0 = Prod|Any CPU
		{24BDBCAC-42EE-4253-8E8A-34FF5F0F41E7}.Release|Any CPU.ActiveCfg = Demo|Any CPU
		{24BDBCAC-42EE-4253-8E8A-34FF5F0F41E7}.Release|Any CPU.Build.0 = Demo|Any CPU
		{24BDBCAC-42EE-4253-8E8A-34FF5F0F41E7}.Sit|Any CPU.ActiveCfg = Sit|Any CPU
		{24BDBCAC-42EE-4253-8E8A-34FF5F0F41E7}.Sit|Any CPU.Build.0 = Sit|Any CPU
		{A4DE4AF3-F06D-4D0F-AF2E-E72A11BAB49B}.Demo|Any CPU.ActiveCfg = Demo|Any CPU
		{A4DE4AF3-F06D-4D0F-AF2E-E72A11BAB49B}.Demo|Any CPU.Build.0 = Demo|Any CPU
		{A4DE4AF3-F06D-4D0F-AF2E-E72A11BAB49B}.Dev|Any CPU.ActiveCfg = Dev|Any CPU
		{A4DE4AF3-F06D-4D0F-AF2E-E72A11BAB49B}.Dev|Any CPU.Build.0 = Dev|Any CPU
		{A4DE4AF3-F06D-4D0F-AF2E-E72A11BAB49B}.Local|Any CPU.ActiveCfg = Local|Any CPU
		{A4DE4AF3-F06D-4D0F-AF2E-E72A11BAB49B}.Local|Any CPU.Build.0 = Local|Any CPU
		{A4DE4AF3-F06D-4D0F-AF2E-E72A11BAB49B}.MSDN|Any CPU.ActiveCfg = Demo|Any CPU
		{A4DE4AF3-F06D-4D0F-AF2E-E72A11BAB49B}.MSDN|Any CPU.Build.0 = Demo|Any CPU
		{A4DE4AF3-F06D-4D0F-AF2E-E72A11BAB49B}.Pre|Any CPU.ActiveCfg = Pre|Any CPU
		{A4DE4AF3-F06D-4D0F-AF2E-E72A11BAB49B}.Pre|Any CPU.Build.0 = Pre|Any CPU
		{A4DE4AF3-F06D-4D0F-AF2E-E72A11BAB49B}.Prod|Any CPU.ActiveCfg = Prod|Any CPU
		{A4DE4AF3-F06D-4D0F-AF2E-E72A11BAB49B}.Prod|Any CPU.Build.0 = Prod|Any CPU
		{A4DE4AF3-F06D-4D0F-AF2E-E72A11BAB49B}.Release|Any CPU.ActiveCfg = Demo|Any CPU
		{A4DE4AF3-F06D-4D0F-AF2E-E72A11BAB49B}.Release|Any CPU.Build.0 = Demo|Any CPU
		{A4DE4AF3-F06D-4D0F-AF2E-E72A11BAB49B}.Sit|Any CPU.ActiveCfg = Sit|Any CPU
		{A4DE4AF3-F06D-4D0F-AF2E-E72A11BAB49B}.Sit|Any CPU.Build.0 = Sit|Any CPU
		{E7451275-D6E9-43CD-824D-324AB17FB2F0}.Demo|Any CPU.ActiveCfg = Demo|Any CPU
		{E7451275-D6E9-43CD-824D-324AB17FB2F0}.Demo|Any CPU.Build.0 = Demo|Any CPU
		{E7451275-D6E9-43CD-824D-324AB17FB2F0}.Dev|Any CPU.ActiveCfg = Dev|Any CPU
		{E7451275-D6E9-43CD-824D-324AB17FB2F0}.Dev|Any CPU.Build.0 = Dev|Any CPU
		{E7451275-D6E9-43CD-824D-324AB17FB2F0}.Local|Any CPU.ActiveCfg = Local|Any CPU
		{E7451275-D6E9-43CD-824D-324AB17FB2F0}.Local|Any CPU.Build.0 = Local|Any CPU
		{E7451275-D6E9-43CD-824D-324AB17FB2F0}.MSDN|Any CPU.ActiveCfg = Demo|Any CPU
		{E7451275-D6E9-43CD-824D-324AB17FB2F0}.MSDN|Any CPU.Build.0 = Demo|Any CPU
		{E7451275-D6E9-43CD-824D-324AB17FB2F0}.Pre|Any CPU.ActiveCfg = Pre|Any CPU
		{E7451275-D6E9-43CD-824D-324AB17FB2F0}.Pre|Any CPU.Build.0 = Pre|Any CPU
		{E7451275-D6E9-43CD-824D-324AB17FB2F0}.Prod|Any CPU.ActiveCfg = Prod|Any CPU
		{E7451275-D6E9-43CD-824D-324AB17FB2F0}.Prod|Any CPU.Build.0 = Prod|Any CPU
		{E7451275-D6E9-43CD-824D-324AB17FB2F0}.Release|Any CPU.ActiveCfg = Demo|Any CPU
		{E7451275-D6E9-43CD-824D-324AB17FB2F0}.Release|Any CPU.Build.0 = Demo|Any CPU
		{E7451275-D6E9-43CD-824D-324AB17FB2F0}.Sit|Any CPU.ActiveCfg = Sit|Any CPU
		{E7451275-D6E9-43CD-824D-324AB17FB2F0}.Sit|Any CPU.Build.0 = Sit|Any CPU
		{F5F29922-2FBC-4BF4-9CBB-424A71FD98C1}.Demo|Any CPU.ActiveCfg = Demo|Any CPU
		{F5F29922-2FBC-4BF4-9CBB-424A71FD98C1}.Demo|Any CPU.Build.0 = Demo|Any CPU
		{F5F29922-2FBC-4BF4-9CBB-424A71FD98C1}.Dev|Any CPU.ActiveCfg = Dev|Any CPU
		{F5F29922-2FBC-4BF4-9CBB-424A71FD98C1}.Dev|Any CPU.Build.0 = Dev|Any CPU
		{F5F29922-2FBC-4BF4-9CBB-424A71FD98C1}.Local|Any CPU.ActiveCfg = Local|Any CPU
		{F5F29922-2FBC-4BF4-9CBB-424A71FD98C1}.Local|Any CPU.Build.0 = Local|Any CPU
		{F5F29922-2FBC-4BF4-9CBB-424A71FD98C1}.MSDN|Any CPU.ActiveCfg = Demo|Any CPU
		{F5F29922-2FBC-4BF4-9CBB-424A71FD98C1}.MSDN|Any CPU.Build.0 = Demo|Any CPU
		{F5F29922-2FBC-4BF4-9CBB-424A71FD98C1}.Pre|Any CPU.ActiveCfg = Pre|Any CPU
		{F5F29922-2FBC-4BF4-9CBB-424A71FD98C1}.Pre|Any CPU.Build.0 = Pre|Any CPU
		{F5F29922-2FBC-4BF4-9CBB-424A71FD98C1}.Prod|Any CPU.ActiveCfg = Prod|Any CPU
		{F5F29922-2FBC-4BF4-9CBB-424A71FD98C1}.Prod|Any CPU.Build.0 = Prod|Any CPU
		{F5F29922-2FBC-4BF4-9CBB-424A71FD98C1}.Release|Any CPU.ActiveCfg = Demo|Any CPU
		{F5F29922-2FBC-4BF4-9CBB-424A71FD98C1}.Release|Any CPU.Build.0 = Demo|Any CPU
		{F5F29922-2FBC-4BF4-9CBB-424A71FD98C1}.Sit|Any CPU.ActiveCfg = Sit|Any CPU
		{F5F29922-2FBC-4BF4-9CBB-424A71FD98C1}.Sit|Any CPU.Build.0 = Sit|Any CPU
		{297A98C9-78DE-4E2E-BD6A-3998C3C9238B}.Demo|Any CPU.ActiveCfg = Demo|Any CPU
		{297A98C9-78DE-4E2E-BD6A-3998C3C9238B}.Demo|Any CPU.Build.0 = Demo|Any CPU
		{297A98C9-78DE-4E2E-BD6A-3998C3C9238B}.Dev|Any CPU.ActiveCfg = Dev|Any CPU
		{297A98C9-78DE-4E2E-BD6A-3998C3C9238B}.Dev|Any CPU.Build.0 = Dev|Any CPU
		{297A98C9-78DE-4E2E-BD6A-3998C3C9238B}.Local|Any CPU.ActiveCfg = Local|Any CPU
		{297A98C9-78DE-4E2E-BD6A-3998C3C9238B}.Local|Any CPU.Build.0 = Local|Any CPU
		{297A98C9-78DE-4E2E-BD6A-3998C3C9238B}.MSDN|Any CPU.ActiveCfg = Demo|Any CPU
		{297A98C9-78DE-4E2E-BD6A-3998C3C9238B}.MSDN|Any CPU.Build.0 = Demo|Any CPU
		{297A98C9-78DE-4E2E-BD6A-3998C3C9238B}.Pre|Any CPU.ActiveCfg = Pre|Any CPU
		{297A98C9-78DE-4E2E-BD6A-3998C3C9238B}.Pre|Any CPU.Build.0 = Pre|Any CPU
		{297A98C9-78DE-4E2E-BD6A-3998C3C9238B}.Prod|Any CPU.ActiveCfg = Prod|Any CPU
		{297A98C9-78DE-4E2E-BD6A-3998C3C9238B}.Prod|Any CPU.Build.0 = Prod|Any CPU
		{297A98C9-78DE-4E2E-BD6A-3998C3C9238B}.Release|Any CPU.ActiveCfg = Demo|Any CPU
		{297A98C9-78DE-4E2E-BD6A-3998C3C9238B}.Release|Any CPU.Build.0 = Demo|Any CPU
		{297A98C9-78DE-4E2E-BD6A-3998C3C9238B}.Sit|Any CPU.ActiveCfg = Sit|Any CPU
		{297A98C9-78DE-4E2E-BD6A-3998C3C9238B}.Sit|Any CPU.Build.0 = Sit|Any CPU
		{2752E3B6-358D-4C06-A31F-867304CAC53D}.Demo|Any CPU.ActiveCfg = Demo|Any CPU
		{2752E3B6-358D-4C06-A31F-867304CAC53D}.Demo|Any CPU.Build.0 = Demo|Any CPU
		{2752E3B6-358D-4C06-A31F-867304CAC53D}.Dev|Any CPU.ActiveCfg = Dev|Any CPU
		{2752E3B6-358D-4C06-A31F-867304CAC53D}.Dev|Any CPU.Build.0 = Dev|Any CPU
		{2752E3B6-358D-4C06-A31F-867304CAC53D}.Local|Any CPU.ActiveCfg = Local|Any CPU
		{2752E3B6-358D-4C06-A31F-867304CAC53D}.Local|Any CPU.Build.0 = Local|Any CPU
		{2752E3B6-358D-4C06-A31F-867304CAC53D}.MSDN|Any CPU.ActiveCfg = Demo|Any CPU
		{2752E3B6-358D-4C06-A31F-867304CAC53D}.MSDN|Any CPU.Build.0 = Demo|Any CPU
		{2752E3B6-358D-4C06-A31F-867304CAC53D}.Pre|Any CPU.ActiveCfg = Pre|Any CPU
		{2752E3B6-358D-4C06-A31F-867304CAC53D}.Pre|Any CPU.Build.0 = Pre|Any CPU
		{2752E3B6-358D-4C06-A31F-867304CAC53D}.Prod|Any CPU.ActiveCfg = Prod|Any CPU
		{2752E3B6-358D-4C06-A31F-867304CAC53D}.Prod|Any CPU.Build.0 = Prod|Any CPU
		{2752E3B6-358D-4C06-A31F-867304CAC53D}.Release|Any CPU.ActiveCfg = Demo|Any CPU
		{2752E3B6-358D-4C06-A31F-867304CAC53D}.Release|Any CPU.Build.0 = Demo|Any CPU
		{2752E3B6-358D-4C06-A31F-867304CAC53D}.Sit|Any CPU.ActiveCfg = Sit|Any CPU
		{2752E3B6-358D-4C06-A31F-867304CAC53D}.Sit|Any CPU.Build.0 = Sit|Any CPU
		{1B92E84D-F15A-4521-BDB9-2BE321236167}.Demo|Any CPU.ActiveCfg = Demo|Any CPU
		{1B92E84D-F15A-4521-BDB9-2BE321236167}.Demo|Any CPU.Build.0 = Demo|Any CPU
		{1B92E84D-F15A-4521-BDB9-2BE321236167}.Dev|Any CPU.ActiveCfg = Dev|Any CPU
		{1B92E84D-F15A-4521-BDB9-2BE321236167}.Dev|Any CPU.Build.0 = Dev|Any CPU
		{1B92E84D-F15A-4521-BDB9-2BE321236167}.Local|Any CPU.ActiveCfg = Local|Any CPU
		{1B92E84D-F15A-4521-BDB9-2BE321236167}.Local|Any CPU.Build.0 = Local|Any CPU
		{1B92E84D-F15A-4521-BDB9-2BE321236167}.MSDN|Any CPU.ActiveCfg = Demo|Any CPU
		{1B92E84D-F15A-4521-BDB9-2BE321236167}.MSDN|Any CPU.Build.0 = Demo|Any CPU
		{1B92E84D-F15A-4521-BDB9-2BE321236167}.Pre|Any CPU.ActiveCfg = Pre|Any CPU
		{1B92E84D-F15A-4521-BDB9-2BE321236167}.Pre|Any CPU.Build.0 = Pre|Any CPU
		{1B92E84D-F15A-4521-BDB9-2BE321236167}.Prod|Any CPU.ActiveCfg = Prod|Any CPU
		{1B92E84D-F15A-4521-BDB9-2BE321236167}.Prod|Any CPU.Build.0 = Prod|Any CPU
		{1B92E84D-F15A-4521-BDB9-2BE321236167}.Release|Any CPU.ActiveCfg = Demo|Any CPU
		{1B92E84D-F15A-4521-BDB9-2BE321236167}.Release|Any CPU.Build.0 = Demo|Any CPU
		{1B92E84D-F15A-4521-BDB9-2BE321236167}.Sit|Any CPU.ActiveCfg = Sit|Any CPU
		{1B92E84D-F15A-4521-BDB9-2BE321236167}.Sit|Any CPU.Build.0 = Sit|Any CPU
		{0D94A2DF-6D5A-4DEC-B6A1-137F3B461B47}.Demo|Any CPU.ActiveCfg = Demo|Any CPU
		{0D94A2DF-6D5A-4DEC-B6A1-137F3B461B47}.Demo|Any CPU.Build.0 = Demo|Any CPU
		{0D94A2DF-6D5A-4DEC-B6A1-137F3B461B47}.Dev|Any CPU.ActiveCfg = Dev|Any CPU
		{0D94A2DF-6D5A-4DEC-B6A1-137F3B461B47}.Dev|Any CPU.Build.0 = Dev|Any CPU
		{0D94A2DF-6D5A-4DEC-B6A1-137F3B461B47}.Local|Any CPU.ActiveCfg = Local|Any CPU
		{0D94A2DF-6D5A-4DEC-B6A1-137F3B461B47}.Local|Any CPU.Build.0 = Local|Any CPU
		{0D94A2DF-6D5A-4DEC-B6A1-137F3B461B47}.MSDN|Any CPU.ActiveCfg = Demo|Any CPU
		{0D94A2DF-6D5A-4DEC-B6A1-137F3B461B47}.MSDN|Any CPU.Build.0 = Demo|Any CPU
		{0D94A2DF-6D5A-4DEC-B6A1-137F3B461B47}.Pre|Any CPU.ActiveCfg = Pre|Any CPU
		{0D94A2DF-6D5A-4DEC-B6A1-137F3B461B47}.Pre|Any CPU.Build.0 = Pre|Any CPU
		{0D94A2DF-6D5A-4DEC-B6A1-137F3B461B47}.Prod|Any CPU.ActiveCfg = Prod|Any CPU
		{0D94A2DF-6D5A-4DEC-B6A1-137F3B461B47}.Prod|Any CPU.Build.0 = Prod|Any CPU
		{0D94A2DF-6D5A-4DEC-B6A1-137F3B461B47}.Release|Any CPU.ActiveCfg = Demo|Any CPU
		{0D94A2DF-6D5A-4DEC-B6A1-137F3B461B47}.Release|Any CPU.Build.0 = Demo|Any CPU
		{0D94A2DF-6D5A-4DEC-B6A1-137F3B461B47}.Sit|Any CPU.ActiveCfg = Sit|Any CPU
		{0D94A2DF-6D5A-4DEC-B6A1-137F3B461B47}.Sit|Any CPU.Build.0 = Sit|Any CPU
		{A64FC67F-C873-4422-93DD-FBD8A6370EC3}.Demo|Any CPU.ActiveCfg = Demo|Any CPU
		{A64FC67F-C873-4422-93DD-FBD8A6370EC3}.Demo|Any CPU.Build.0 = Demo|Any CPU
		{A64FC67F-C873-4422-93DD-FBD8A6370EC3}.Dev|Any CPU.ActiveCfg = Dev|Any CPU
		{A64FC67F-C873-4422-93DD-FBD8A6370EC3}.Dev|Any CPU.Build.0 = Dev|Any CPU
		{A64FC67F-C873-4422-93DD-FBD8A6370EC3}.Local|Any CPU.ActiveCfg = Local|Any CPU
		{A64FC67F-C873-4422-93DD-FBD8A6370EC3}.Local|Any CPU.Build.0 = Local|Any CPU
		{A64FC67F-C873-4422-93DD-FBD8A6370EC3}.MSDN|Any CPU.ActiveCfg = Demo|Any CPU
		{A64FC67F-C873-4422-93DD-FBD8A6370EC3}.MSDN|Any CPU.Build.0 = Demo|Any CPU
		{A64FC67F-C873-4422-93DD-FBD8A6370EC3}.Pre|Any CPU.ActiveCfg = Pre|Any CPU
		{A64FC67F-C873-4422-93DD-FBD8A6370EC3}.Pre|Any CPU.Build.0 = Pre|Any CPU
		{A64FC67F-C873-4422-93DD-FBD8A6370EC3}.Prod|Any CPU.ActiveCfg = Prod|Any CPU
		{A64FC67F-C873-4422-93DD-FBD8A6370EC3}.Prod|Any CPU.Build.0 = Prod|Any CPU
		{A64FC67F-C873-4422-93DD-FBD8A6370EC3}.Release|Any CPU.ActiveCfg = Demo|Any CPU
		{A64FC67F-C873-4422-93DD-FBD8A6370EC3}.Release|Any CPU.Build.0 = Demo|Any CPU
		{A64FC67F-C873-4422-93DD-FBD8A6370EC3}.Sit|Any CPU.ActiveCfg = Sit|Any CPU
		{A64FC67F-C873-4422-93DD-FBD8A6370EC3}.Sit|Any CPU.Build.0 = Sit|Any CPU
		{5E8E77CA-BB23-45DE-AADD-236CAFBC66E3}.Demo|Any CPU.ActiveCfg = Demo|Any CPU
		{5E8E77CA-BB23-45DE-AADD-236CAFBC66E3}.Demo|Any CPU.Build.0 = Demo|Any CPU
		{5E8E77CA-BB23-45DE-AADD-236CAFBC66E3}.Dev|Any CPU.ActiveCfg = Dev|Any CPU
		{5E8E77CA-BB23-45DE-AADD-236CAFBC66E3}.Dev|Any CPU.Build.0 = Dev|Any CPU
		{5E8E77CA-BB23-45DE-AADD-236CAFBC66E3}.Local|Any CPU.ActiveCfg = Local|Any CPU
		{5E8E77CA-BB23-45DE-AADD-236CAFBC66E3}.Local|Any CPU.Build.0 = Local|Any CPU
		{5E8E77CA-BB23-45DE-AADD-236CAFBC66E3}.MSDN|Any CPU.ActiveCfg = Demo|Any CPU
		{5E8E77CA-BB23-45DE-AADD-236CAFBC66E3}.MSDN|Any CPU.Build.0 = Demo|Any CPU
		{5E8E77CA-BB23-45DE-AADD-236CAFBC66E3}.Pre|Any CPU.ActiveCfg = Pre|Any CPU
		{5E8E77CA-BB23-45DE-AADD-236CAFBC66E3}.Pre|Any CPU.Build.0 = Pre|Any CPU
		{5E8E77CA-BB23-45DE-AADD-236CAFBC66E3}.Prod|Any CPU.ActiveCfg = Prod|Any CPU
		{5E8E77CA-BB23-45DE-AADD-236CAFBC66E3}.Prod|Any CPU.Build.0 = Prod|Any CPU
		{5E8E77CA-BB23-45DE-AADD-236CAFBC66E3}.Release|Any CPU.ActiveCfg = Demo|Any CPU
		{5E8E77CA-BB23-45DE-AADD-236CAFBC66E3}.Release|Any CPU.Build.0 = Demo|Any CPU
		{5E8E77CA-BB23-45DE-AADD-236CAFBC66E3}.Sit|Any CPU.ActiveCfg = Sit|Any CPU
		{5E8E77CA-BB23-45DE-AADD-236CAFBC66E3}.Sit|Any CPU.Build.0 = Sit|Any CPU
		{C91E4093-3348-43ED-B386-CF70000FFCB3}.Demo|Any CPU.ActiveCfg = Demo|Any CPU
		{C91E4093-3348-43ED-B386-CF70000FFCB3}.Demo|Any CPU.Build.0 = Demo|Any CPU
		{C91E4093-3348-43ED-B386-CF70000FFCB3}.Dev|Any CPU.ActiveCfg = Dev|Any CPU
		{C91E4093-3348-43ED-B386-CF70000FFCB3}.Dev|Any CPU.Build.0 = Dev|Any CPU
		{C91E4093-3348-43ED-B386-CF70000FFCB3}.Local|Any CPU.ActiveCfg = Local|Any CPU
		{C91E4093-3348-43ED-B386-CF70000FFCB3}.Local|Any CPU.Build.0 = Local|Any CPU
		{C91E4093-3348-43ED-B386-CF70000FFCB3}.MSDN|Any CPU.ActiveCfg = Demo|Any CPU
		{C91E4093-3348-43ED-B386-CF70000FFCB3}.MSDN|Any CPU.Build.0 = Demo|Any CPU
		{C91E4093-3348-43ED-B386-CF70000FFCB3}.Pre|Any CPU.ActiveCfg = Pre|Any CPU
		{C91E4093-3348-43ED-B386-CF70000FFCB3}.Pre|Any CPU.Build.0 = Pre|Any CPU
		{C91E4093-3348-43ED-B386-CF70000FFCB3}.Prod|Any CPU.ActiveCfg = Prod|Any CPU
		{C91E4093-3348-43ED-B386-CF70000FFCB3}.Prod|Any CPU.Build.0 = Prod|Any CPU
		{C91E4093-3348-43ED-B386-CF70000FFCB3}.Release|Any CPU.ActiveCfg = Demo|Any CPU
		{C91E4093-3348-43ED-B386-CF70000FFCB3}.Release|Any CPU.Build.0 = Demo|Any CPU
		{C91E4093-3348-43ED-B386-CF70000FFCB3}.Sit|Any CPU.ActiveCfg = Sit|Any CPU
		{C91E4093-3348-43ED-B386-CF70000FFCB3}.Sit|Any CPU.Build.0 = Sit|Any CPU
		{DD096F97-415D-4676-9F90-7AEE60213F49}.Demo|Any CPU.ActiveCfg = Demo|Any CPU
		{DD096F97-415D-4676-9F90-7AEE60213F49}.Demo|Any CPU.Build.0 = Demo|Any CPU
		{DD096F97-415D-4676-9F90-7AEE60213F49}.Dev|Any CPU.ActiveCfg = Dev|Any CPU
		{DD096F97-415D-4676-9F90-7AEE60213F49}.Dev|Any CPU.Build.0 = Dev|Any CPU
		{DD096F97-415D-4676-9F90-7AEE60213F49}.Local|Any CPU.ActiveCfg = Local|Any CPU
		{DD096F97-415D-4676-9F90-7AEE60213F49}.Local|Any CPU.Build.0 = Local|Any CPU
		{DD096F97-415D-4676-9F90-7AEE60213F49}.MSDN|Any CPU.ActiveCfg = Demo|Any CPU
		{DD096F97-415D-4676-9F90-7AEE60213F49}.MSDN|Any CPU.Build.0 = Demo|Any CPU
		{DD096F97-415D-4676-9F90-7AEE60213F49}.Pre|Any CPU.ActiveCfg = Pre|Any CPU
		{DD096F97-415D-4676-9F90-7AEE60213F49}.Pre|Any CPU.Build.0 = Pre|Any CPU
		{DD096F97-415D-4676-9F90-7AEE60213F49}.Prod|Any CPU.ActiveCfg = Prod|Any CPU
		{DD096F97-415D-4676-9F90-7AEE60213F49}.Prod|Any CPU.Build.0 = Prod|Any CPU
		{DD096F97-415D-4676-9F90-7AEE60213F49}.Release|Any CPU.ActiveCfg = Demo|Any CPU
		{DD096F97-415D-4676-9F90-7AEE60213F49}.Release|Any CPU.Build.0 = Demo|Any CPU
		{DD096F97-415D-4676-9F90-7AEE60213F49}.Sit|Any CPU.ActiveCfg = Sit|Any CPU
		{DD096F97-415D-4676-9F90-7AEE60213F49}.Sit|Any CPU.Build.0 = Sit|Any CPU
		{67CDACCD-5217-4110-8432-C6EF164BAA0D}.Demo|Any CPU.ActiveCfg = Demo|Any CPU
		{67CDACCD-5217-4110-8432-C6EF164BAA0D}.Demo|Any CPU.Build.0 = Demo|Any CPU
		{67CDACCD-5217-4110-8432-C6EF164BAA0D}.Dev|Any CPU.ActiveCfg = Dev|Any CPU
		{67CDACCD-5217-4110-8432-C6EF164BAA0D}.Dev|Any CPU.Build.0 = Dev|Any CPU
		{67CDACCD-5217-4110-8432-C6EF164BAA0D}.Local|Any CPU.ActiveCfg = Local|Any CPU
		{67CDACCD-5217-4110-8432-C6EF164BAA0D}.Local|Any CPU.Build.0 = Local|Any CPU
		{67CDACCD-5217-4110-8432-C6EF164BAA0D}.MSDN|Any CPU.ActiveCfg = Demo|Any CPU
		{67CDACCD-5217-4110-8432-C6EF164BAA0D}.MSDN|Any CPU.Build.0 = Demo|Any CPU
		{67CDACCD-5217-4110-8432-C6EF164BAA0D}.Pre|Any CPU.ActiveCfg = Pre|Any CPU
		{67CDACCD-5217-4110-8432-C6EF164BAA0D}.Pre|Any CPU.Build.0 = Pre|Any CPU
		{67CDACCD-5217-4110-8432-C6EF164BAA0D}.Prod|Any CPU.ActiveCfg = Prod|Any CPU
		{67CDACCD-5217-4110-8432-C6EF164BAA0D}.Prod|Any CPU.Build.0 = Prod|Any CPU
		{67CDACCD-5217-4110-8432-C6EF164BAA0D}.Release|Any CPU.ActiveCfg = Demo|Any CPU
		{67CDACCD-5217-4110-8432-C6EF164BAA0D}.Release|Any CPU.Build.0 = Demo|Any CPU
		{67CDACCD-5217-4110-8432-C6EF164BAA0D}.Sit|Any CPU.ActiveCfg = Sit|Any CPU
		{67CDACCD-5217-4110-8432-C6EF164BAA0D}.Sit|Any CPU.Build.0 = Sit|Any CPU
		{984F8CD2-61B3-48A4-B0CC-5D05E235983D}.Demo|Any CPU.ActiveCfg = Demo|Any CPU
		{984F8CD2-61B3-48A4-B0CC-5D05E235983D}.Demo|Any CPU.Build.0 = Demo|Any CPU
		{984F8CD2-61B3-48A4-B0CC-5D05E235983D}.Dev|Any CPU.ActiveCfg = Dev|Any CPU
		{984F8CD2-61B3-48A4-B0CC-5D05E235983D}.Dev|Any CPU.Build.0 = Dev|Any CPU
		{984F8CD2-61B3-48A4-B0CC-5D05E235983D}.Local|Any CPU.ActiveCfg = Local|Any CPU
		{984F8CD2-61B3-48A4-B0CC-5D05E235983D}.Local|Any CPU.Build.0 = Local|Any CPU
		{984F8CD2-61B3-48A4-B0CC-5D05E235983D}.MSDN|Any CPU.ActiveCfg = Demo|Any CPU
		{984F8CD2-61B3-48A4-B0CC-5D05E235983D}.MSDN|Any CPU.Build.0 = Demo|Any CPU
		{984F8CD2-61B3-48A4-B0CC-5D05E235983D}.Pre|Any CPU.ActiveCfg = Pre|Any CPU
		{984F8CD2-61B3-48A4-B0CC-5D05E235983D}.Pre|Any CPU.Build.0 = Pre|Any CPU
		{984F8CD2-61B3-48A4-B0CC-5D05E235983D}.Prod|Any CPU.ActiveCfg = Prod|Any CPU
		{984F8CD2-61B3-48A4-B0CC-5D05E235983D}.Prod|Any CPU.Build.0 = Prod|Any CPU
		{984F8CD2-61B3-48A4-B0CC-5D05E235983D}.Release|Any CPU.ActiveCfg = Demo|Any CPU
		{984F8CD2-61B3-48A4-B0CC-5D05E235983D}.Release|Any CPU.Build.0 = Demo|Any CPU
		{984F8CD2-61B3-48A4-B0CC-5D05E235983D}.Sit|Any CPU.ActiveCfg = Sit|Any CPU
		{984F8CD2-61B3-48A4-B0CC-5D05E235983D}.Sit|Any CPU.Build.0 = Sit|Any CPU
		{D34D27D3-79A9-407E-86EF-AF3AC0EA024B}.Demo|Any CPU.ActiveCfg = Demo|Any CPU
		{D34D27D3-79A9-407E-86EF-AF3AC0EA024B}.Demo|Any CPU.Build.0 = Demo|Any CPU
		{D34D27D3-79A9-407E-86EF-AF3AC0EA024B}.Dev|Any CPU.ActiveCfg = Dev|Any CPU
		{D34D27D3-79A9-407E-86EF-AF3AC0EA024B}.Dev|Any CPU.Build.0 = Dev|Any CPU
		{D34D27D3-79A9-407E-86EF-AF3AC0EA024B}.Local|Any CPU.ActiveCfg = Local|Any CPU
		{D34D27D3-79A9-407E-86EF-AF3AC0EA024B}.Local|Any CPU.Build.0 = Local|Any CPU
		{D34D27D3-79A9-407E-86EF-AF3AC0EA024B}.MSDN|Any CPU.ActiveCfg = Demo|Any CPU
		{D34D27D3-79A9-407E-86EF-AF3AC0EA024B}.MSDN|Any CPU.Build.0 = Demo|Any CPU
		{D34D27D3-79A9-407E-86EF-AF3AC0EA024B}.Pre|Any CPU.ActiveCfg = Pre|Any CPU
		{D34D27D3-79A9-407E-86EF-AF3AC0EA024B}.Pre|Any CPU.Build.0 = Pre|Any CPU
		{D34D27D3-79A9-407E-86EF-AF3AC0EA024B}.Prod|Any CPU.ActiveCfg = Prod|Any CPU
		{D34D27D3-79A9-407E-86EF-AF3AC0EA024B}.Prod|Any CPU.Build.0 = Prod|Any CPU
		{D34D27D3-79A9-407E-86EF-AF3AC0EA024B}.Release|Any CPU.ActiveCfg = Demo|Any CPU
		{D34D27D3-79A9-407E-86EF-AF3AC0EA024B}.Release|Any CPU.Build.0 = Demo|Any CPU
		{D34D27D3-79A9-407E-86EF-AF3AC0EA024B}.Sit|Any CPU.ActiveCfg = Sit|Any CPU
		{D34D27D3-79A9-407E-86EF-AF3AC0EA024B}.Sit|Any CPU.Build.0 = Sit|Any CPU
		{980296FF-5859-4FB1-8100-A836ED103FE4}.Demo|Any CPU.ActiveCfg = Demo|Any CPU
		{980296FF-5859-4FB1-8100-A836ED103FE4}.Demo|Any CPU.Build.0 = Demo|Any CPU
		{980296FF-5859-4FB1-8100-A836ED103FE4}.Dev|Any CPU.ActiveCfg = Dev|Any CPU
		{980296FF-5859-4FB1-8100-A836ED103FE4}.Dev|Any CPU.Build.0 = Dev|Any CPU
		{980296FF-5859-4FB1-8100-A836ED103FE4}.Local|Any CPU.ActiveCfg = Local|Any CPU
		{980296FF-5859-4FB1-8100-A836ED103FE4}.Local|Any CPU.Build.0 = Local|Any CPU
		{980296FF-5859-4FB1-8100-A836ED103FE4}.MSDN|Any CPU.ActiveCfg = Demo|Any CPU
		{980296FF-5859-4FB1-8100-A836ED103FE4}.MSDN|Any CPU.Build.0 = Demo|Any CPU
		{980296FF-5859-4FB1-8100-A836ED103FE4}.Pre|Any CPU.ActiveCfg = Pre|Any CPU
		{980296FF-5859-4FB1-8100-A836ED103FE4}.Pre|Any CPU.Build.0 = Pre|Any CPU
		{980296FF-5859-4FB1-8100-A836ED103FE4}.Prod|Any CPU.ActiveCfg = Prod|Any CPU
		{980296FF-5859-4FB1-8100-A836ED103FE4}.Prod|Any CPU.Build.0 = Prod|Any CPU
		{980296FF-5859-4FB1-8100-A836ED103FE4}.Release|Any CPU.ActiveCfg = Demo|Any CPU
		{980296FF-5859-4FB1-8100-A836ED103FE4}.Release|Any CPU.Build.0 = Demo|Any CPU
		{980296FF-5859-4FB1-8100-A836ED103FE4}.Sit|Any CPU.ActiveCfg = Sit|Any CPU
		{980296FF-5859-4FB1-8100-A836ED103FE4}.Sit|Any CPU.Build.0 = Sit|Any CPU
		{D91E4093-3348-43ED-B386-CF70000FFCB3}.Demo|Any CPU.ActiveCfg = Demo|Any CPU
		{D91E4093-3348-43ED-B386-CF70000FFCB3}.Demo|Any CPU.Build.0 = Demo|Any CPU
		{D91E4093-3348-43ED-B386-CF70000FFCB3}.Dev|Any CPU.ActiveCfg = Dev|Any CPU
		{D91E4093-3348-43ED-B386-CF70000FFCB3}.Dev|Any CPU.Build.0 = Dev|Any CPU
		{D91E4093-3348-43ED-B386-CF70000FFCB3}.Local|Any CPU.ActiveCfg = Local|Any CPU
		{D91E4093-3348-43ED-B386-CF70000FFCB3}.Local|Any CPU.Build.0 = Local|Any CPU
		{D91E4093-3348-43ED-B386-CF70000FFCB3}.MSDN|Any CPU.ActiveCfg = Demo|Any CPU
		{D91E4093-3348-43ED-B386-CF70000FFCB3}.MSDN|Any CPU.Build.0 = Demo|Any CPU
		{D91E4093-3348-43ED-B386-CF70000FFCB3}.Pre|Any CPU.ActiveCfg = Pre|Any CPU
		{D91E4093-3348-43ED-B386-CF70000FFCB3}.Pre|Any CPU.Build.0 = Pre|Any CPU
		{D91E4093-3348-43ED-B386-CF70000FFCB3}.Prod|Any CPU.ActiveCfg = Prod|Any CPU
		{D91E4093-3348-43ED-B386-CF70000FFCB3}.Prod|Any CPU.Build.0 = Prod|Any CPU
		{D91E4093-3348-43ED-B386-CF70000FFCB3}.Release|Any CPU.ActiveCfg = Demo|Any CPU
		{D91E4093-3348-43ED-B386-CF70000FFCB3}.Release|Any CPU.Build.0 = Demo|Any CPU
		{D91E4093-3348-43ED-B386-CF70000FFCB3}.Sit|Any CPU.ActiveCfg = Sit|Any CPU
		{D91E4093-3348-43ED-B386-CF70000FFCB3}.Sit|Any CPU.Build.0 = Sit|Any CPU
		{04796403-0EDF-4A8D-B725-180A9F83D958}.Demo|Any CPU.ActiveCfg = Demo|Any CPU
		{04796403-0EDF-4A8D-B725-180A9F83D958}.Demo|Any CPU.Build.0 = Demo|Any CPU
		{04796403-0EDF-4A8D-B725-180A9F83D958}.Dev|Any CPU.ActiveCfg = Dev|Any CPU
		{04796403-0EDF-4A8D-B725-180A9F83D958}.Dev|Any CPU.Build.0 = Dev|Any CPU
		{04796403-0EDF-4A8D-B725-180A9F83D958}.Local|Any CPU.ActiveCfg = Local|Any CPU
		{04796403-0EDF-4A8D-B725-180A9F83D958}.Local|Any CPU.Build.0 = Local|Any CPU
		{04796403-0EDF-4A8D-B725-180A9F83D958}.MSDN|Any CPU.ActiveCfg = Sit|Any CPU
		{04796403-0EDF-4A8D-B725-180A9F83D958}.MSDN|Any CPU.Build.0 = Sit|Any CPU
		{04796403-0EDF-4A8D-B725-180A9F83D958}.Pre|Any CPU.ActiveCfg = Pre|Any CPU
		{04796403-0EDF-4A8D-B725-180A9F83D958}.Pre|Any CPU.Build.0 = Pre|Any CPU
		{04796403-0EDF-4A8D-B725-180A9F83D958}.Prod|Any CPU.ActiveCfg = Prod|Any CPU
		{04796403-0EDF-4A8D-B725-180A9F83D958}.Prod|Any CPU.Build.0 = Prod|Any CPU
		{04796403-0EDF-4A8D-B725-180A9F83D958}.Release|Any CPU.ActiveCfg = Sit|Any CPU
		{04796403-0EDF-4A8D-B725-180A9F83D958}.Release|Any CPU.Build.0 = Sit|Any CPU
		{04796403-0EDF-4A8D-B725-180A9F83D958}.Sit|Any CPU.ActiveCfg = Sit|Any CPU
		{04796403-0EDF-4A8D-B725-180A9F83D958}.Sit|Any CPU.Build.0 = Sit|Any CPU
		{E9B83262-916C-4AF9-A55C-F89F623847AE}.Demo|Any CPU.ActiveCfg = Demo|Any CPU
		{E9B83262-916C-4AF9-A55C-F89F623847AE}.Demo|Any CPU.Build.0 = Demo|Any CPU
		{E9B83262-916C-4AF9-A55C-F89F623847AE}.Dev|Any CPU.ActiveCfg = Dev|Any CPU
		{E9B83262-916C-4AF9-A55C-F89F623847AE}.Dev|Any CPU.Build.0 = Dev|Any CPU
		{E9B83262-916C-4AF9-A55C-F89F623847AE}.Local|Any CPU.ActiveCfg = Local|Any CPU
		{E9B83262-916C-4AF9-A55C-F89F623847AE}.Local|Any CPU.Build.0 = Local|Any CPU
		{E9B83262-916C-4AF9-A55C-F89F623847AE}.MSDN|Any CPU.ActiveCfg = Demo|Any CPU
		{E9B83262-916C-4AF9-A55C-F89F623847AE}.MSDN|Any CPU.Build.0 = Demo|Any CPU
		{E9B83262-916C-4AF9-A55C-F89F623847AE}.Pre|Any CPU.ActiveCfg = Pre|Any CPU
		{E9B83262-916C-4AF9-A55C-F89F623847AE}.Pre|Any CPU.Build.0 = Pre|Any CPU
		{E9B83262-916C-4AF9-A55C-F89F623847AE}.Prod|Any CPU.ActiveCfg = Prod|Any CPU
		{E9B83262-916C-4AF9-A55C-F89F623847AE}.Prod|Any CPU.Build.0 = Prod|Any CPU
		{E9B83262-916C-4AF9-A55C-F89F623847AE}.Release|Any CPU.ActiveCfg = Demo|Any CPU
		{E9B83262-916C-4AF9-A55C-F89F623847AE}.Release|Any CPU.Build.0 = Demo|Any CPU
		{E9B83262-916C-4AF9-A55C-F89F623847AE}.Sit|Any CPU.ActiveCfg = Sit|Any CPU
		{E9B83262-916C-4AF9-A55C-F89F623847AE}.Sit|Any CPU.Build.0 = Sit|Any CPU
		{4741B9B0-C694-4D34-8D30-D5B82BC87724}.Demo|Any CPU.ActiveCfg = Demo|Any CPU
		{4741B9B0-C694-4D34-8D30-D5B82BC87724}.Demo|Any CPU.Build.0 = Demo|Any CPU
		{4741B9B0-C694-4D34-8D30-D5B82BC87724}.Dev|Any CPU.ActiveCfg = Dev|Any CPU
		{4741B9B0-C694-4D34-8D30-D5B82BC87724}.Dev|Any CPU.Build.0 = Dev|Any CPU
		{4741B9B0-C694-4D34-8D30-D5B82BC87724}.Local|Any CPU.ActiveCfg = Local|Any CPU
		{4741B9B0-C694-4D34-8D30-D5B82BC87724}.Local|Any CPU.Build.0 = Local|Any CPU
		{4741B9B0-C694-4D34-8D30-D5B82BC87724}.MSDN|Any CPU.ActiveCfg = Demo|Any CPU
		{4741B9B0-C694-4D34-8D30-D5B82BC87724}.MSDN|Any CPU.Build.0 = Demo|Any CPU
		{4741B9B0-C694-4D34-8D30-D5B82BC87724}.Pre|Any CPU.ActiveCfg = Pre|Any CPU
		{4741B9B0-C694-4D34-8D30-D5B82BC87724}.Pre|Any CPU.Build.0 = Pre|Any CPU
		{4741B9B0-C694-4D34-8D30-D5B82BC87724}.Prod|Any CPU.ActiveCfg = Prod|Any CPU
		{4741B9B0-C694-4D34-8D30-D5B82BC87724}.Prod|Any CPU.Build.0 = Prod|Any CPU
		{4741B9B0-C694-4D34-8D30-D5B82BC87724}.Release|Any CPU.ActiveCfg = Demo|Any CPU
		{4741B9B0-C694-4D34-8D30-D5B82BC87724}.Release|Any CPU.Build.0 = Demo|Any CPU
		{4741B9B0-C694-4D34-8D30-D5B82BC87724}.Sit|Any CPU.ActiveCfg = Sit|Any CPU
		{4741B9B0-C694-4D34-8D30-D5B82BC87724}.Sit|Any CPU.Build.0 = Sit|Any CPU
		{3CA36139-BBDD-4305-B15A-E9500606B672}.Demo|Any CPU.ActiveCfg = Demo|Any CPU
		{3CA36139-BBDD-4305-B15A-E9500606B672}.Demo|Any CPU.Build.0 = Demo|Any CPU
		{3CA36139-BBDD-4305-B15A-E9500606B672}.Dev|Any CPU.ActiveCfg = Dev|Any CPU
		{3CA36139-BBDD-4305-B15A-E9500606B672}.Dev|Any CPU.Build.0 = Dev|Any CPU
		{3CA36139-BBDD-4305-B15A-E9500606B672}.Local|Any CPU.ActiveCfg = Local|Any CPU
		{3CA36139-BBDD-4305-B15A-E9500606B672}.Local|Any CPU.Build.0 = Local|Any CPU
		{3CA36139-BBDD-4305-B15A-E9500606B672}.MSDN|Any CPU.ActiveCfg = Prod|Any CPU
		{3CA36139-BBDD-4305-B15A-E9500606B672}.MSDN|Any CPU.Build.0 = Prod|Any CPU
		{3CA36139-BBDD-4305-B15A-E9500606B672}.Pre|Any CPU.ActiveCfg = Pre|Any CPU
		{3CA36139-BBDD-4305-B15A-E9500606B672}.Pre|Any CPU.Build.0 = Pre|Any CPU
		{3CA36139-BBDD-4305-B15A-E9500606B672}.Prod|Any CPU.ActiveCfg = Prod|Any CPU
		{3CA36139-BBDD-4305-B15A-E9500606B672}.Prod|Any CPU.Build.0 = Prod|Any CPU
		{3CA36139-BBDD-4305-B15A-E9500606B672}.Release|Any CPU.ActiveCfg = Prod|Any CPU
		{3CA36139-BBDD-4305-B15A-E9500606B672}.Release|Any CPU.Build.0 = Prod|Any CPU
		{3CA36139-BBDD-4305-B15A-E9500606B672}.Sit|Any CPU.ActiveCfg = Sit|Any CPU
		{3CA36139-BBDD-4305-B15A-E9500606B672}.Sit|Any CPU.Build.0 = Sit|Any CPU
		{84881750-9710-4278-94BE-016B1C0C36E6}.Demo|Any CPU.ActiveCfg = Demo|Any CPU
		{84881750-9710-4278-94BE-016B1C0C36E6}.Demo|Any CPU.Build.0 = Demo|Any CPU
		{84881750-9710-4278-94BE-016B1C0C36E6}.Dev|Any CPU.ActiveCfg = Dev|Any CPU
		{84881750-9710-4278-94BE-016B1C0C36E6}.Dev|Any CPU.Build.0 = Dev|Any CPU
		{84881750-9710-4278-94BE-016B1C0C36E6}.Local|Any CPU.ActiveCfg = Local|Any CPU
		{84881750-9710-4278-94BE-016B1C0C36E6}.Local|Any CPU.Build.0 = Local|Any CPU
		{84881750-9710-4278-94BE-016B1C0C36E6}.MSDN|Any CPU.ActiveCfg = Prod|Any CPU
		{84881750-9710-4278-94BE-016B1C0C36E6}.MSDN|Any CPU.Build.0 = Prod|Any CPU
		{84881750-9710-4278-94BE-016B1C0C36E6}.Pre|Any CPU.ActiveCfg = Pre|Any CPU
		{84881750-9710-4278-94BE-016B1C0C36E6}.Pre|Any CPU.Build.0 = Pre|Any CPU
		{84881750-9710-4278-94BE-016B1C0C36E6}.Prod|Any CPU.ActiveCfg = Prod|Any CPU
		{84881750-9710-4278-94BE-016B1C0C36E6}.Prod|Any CPU.Build.0 = Prod|Any CPU
		{84881750-9710-4278-94BE-016B1C0C36E6}.Release|Any CPU.ActiveCfg = Prod|Any CPU
		{84881750-9710-4278-94BE-016B1C0C36E6}.Release|Any CPU.Build.0 = Prod|Any CPU
		{84881750-9710-4278-94BE-016B1C0C36E6}.Sit|Any CPU.ActiveCfg = Sit|Any CPU
		{84881750-9710-4278-94BE-016B1C0C36E6}.Sit|Any CPU.Build.0 = Sit|Any CPU
		{06F89D8B-E303-43F6-9982-D730FE355038}.Demo|Any CPU.ActiveCfg = Demo|Any CPU
		{06F89D8B-E303-43F6-9982-D730FE355038}.Demo|Any CPU.Build.0 = Demo|Any CPU
		{06F89D8B-E303-43F6-9982-D730FE355038}.Dev|Any CPU.ActiveCfg = Dev|Any CPU
		{06F89D8B-E303-43F6-9982-D730FE355038}.Dev|Any CPU.Build.0 = Dev|Any CPU
		{06F89D8B-E303-43F6-9982-D730FE355038}.Local|Any CPU.ActiveCfg = Local|Any CPU
		{06F89D8B-E303-43F6-9982-D730FE355038}.Local|Any CPU.Build.0 = Local|Any CPU
		{06F89D8B-E303-43F6-9982-D730FE355038}.MSDN|Any CPU.ActiveCfg = Prod|Any CPU
		{06F89D8B-E303-43F6-9982-D730FE355038}.MSDN|Any CPU.Build.0 = Prod|Any CPU
		{06F89D8B-E303-43F6-9982-D730FE355038}.Pre|Any CPU.ActiveCfg = Pre|Any CPU
		{06F89D8B-E303-43F6-9982-D730FE355038}.Pre|Any CPU.Build.0 = Pre|Any CPU
		{06F89D8B-E303-43F6-9982-D730FE355038}.Prod|Any CPU.ActiveCfg = Prod|Any CPU
		{06F89D8B-E303-43F6-9982-D730FE355038}.Prod|Any CPU.Build.0 = Prod|Any CPU
		{06F89D8B-E303-43F6-9982-D730FE355038}.Release|Any CPU.ActiveCfg = Prod|Any CPU
		{06F89D8B-E303-43F6-9982-D730FE355038}.Release|Any CPU.Build.0 = Prod|Any CPU
		{06F89D8B-E303-43F6-9982-D730FE355038}.Sit|Any CPU.ActiveCfg = Sit|Any CPU
		{06F89D8B-E303-43F6-9982-D730FE355038}.Sit|Any CPU.Build.0 = Sit|Any CPU
		{F1446ECB-60F3-401E-A8EF-5F8227519842}.Demo|Any CPU.ActiveCfg = Demo|Any CPU
		{F1446ECB-60F3-401E-A8EF-5F8227519842}.Demo|Any CPU.Build.0 = Demo|Any CPU
		{F1446ECB-60F3-401E-A8EF-5F8227519842}.Dev|Any CPU.ActiveCfg = Dev|Any CPU
		{F1446ECB-60F3-401E-A8EF-5F8227519842}.Dev|Any CPU.Build.0 = Dev|Any CPU
		{F1446ECB-60F3-401E-A8EF-5F8227519842}.Local|Any CPU.ActiveCfg = Local|Any CPU
		{F1446ECB-60F3-401E-A8EF-5F8227519842}.Local|Any CPU.Build.0 = Local|Any CPU
		{F1446ECB-60F3-401E-A8EF-5F8227519842}.MSDN|Any CPU.ActiveCfg = Demo|Any CPU
		{F1446ECB-60F3-401E-A8EF-5F8227519842}.MSDN|Any CPU.Build.0 = Demo|Any CPU
		{F1446ECB-60F3-401E-A8EF-5F8227519842}.Pre|Any CPU.ActiveCfg = Pre|Any CPU
		{F1446ECB-60F3-401E-A8EF-5F8227519842}.Pre|Any CPU.Build.0 = Pre|Any CPU
		{F1446ECB-60F3-401E-A8EF-5F8227519842}.Prod|Any CPU.ActiveCfg = Prod|Any CPU
		{F1446ECB-60F3-401E-A8EF-5F8227519842}.Prod|Any CPU.Build.0 = Prod|Any CPU
		{F1446ECB-60F3-401E-A8EF-5F8227519842}.Release|Any CPU.ActiveCfg = Demo|Any CPU
		{F1446ECB-60F3-401E-A8EF-5F8227519842}.Release|Any CPU.Build.0 = Demo|Any CPU
		{F1446ECB-60F3-401E-A8EF-5F8227519842}.Sit|Any CPU.ActiveCfg = Sit|Any CPU
		{F1446ECB-60F3-401E-A8EF-5F8227519842}.Sit|Any CPU.Build.0 = Sit|Any CPU
		{90752230-6869-4DE6-8264-CDECFA8A5AC0}.Demo|Any CPU.ActiveCfg = Demo|Any CPU
		{90752230-6869-4DE6-8264-CDECFA8A5AC0}.Demo|Any CPU.Build.0 = Demo|Any CPU
		{90752230-6869-4DE6-8264-CDECFA8A5AC0}.Dev|Any CPU.ActiveCfg = Dev|Any CPU
		{90752230-6869-4DE6-8264-CDECFA8A5AC0}.Dev|Any CPU.Build.0 = Dev|Any CPU
		{90752230-6869-4DE6-8264-CDECFA8A5AC0}.Local|Any CPU.ActiveCfg = Local|Any CPU
		{90752230-6869-4DE6-8264-CDECFA8A5AC0}.Local|Any CPU.Build.0 = Local|Any CPU
		{90752230-6869-4DE6-8264-CDECFA8A5AC0}.MSDN|Any CPU.ActiveCfg = Demo|Any CPU
		{90752230-6869-4DE6-8264-CDECFA8A5AC0}.MSDN|Any CPU.Build.0 = Demo|Any CPU
		{90752230-6869-4DE6-8264-CDECFA8A5AC0}.Pre|Any CPU.ActiveCfg = Pre|Any CPU
		{90752230-6869-4DE6-8264-CDECFA8A5AC0}.Pre|Any CPU.Build.0 = Pre|Any CPU
		{90752230-6869-4DE6-8264-CDECFA8A5AC0}.Prod|Any CPU.ActiveCfg = Prod|Any CPU
		{90752230-6869-4DE6-8264-CDECFA8A5AC0}.Prod|Any CPU.Build.0 = Prod|Any CPU
		{90752230-6869-4DE6-8264-CDECFA8A5AC0}.Release|Any CPU.ActiveCfg = Demo|Any CPU
		{90752230-6869-4DE6-8264-CDECFA8A5AC0}.Release|Any CPU.Build.0 = Demo|Any CPU
		{90752230-6869-4DE6-8264-CDECFA8A5AC0}.Sit|Any CPU.ActiveCfg = Sit|Any CPU
		{90752230-6869-4DE6-8264-CDECFA8A5AC0}.Sit|Any CPU.Build.0 = Sit|Any CPU
		{6C7EBDB8-70E9-49A2-8EFF-C664D8AE7E56}.Demo|Any CPU.ActiveCfg = Demo|Any CPU
		{6C7EBDB8-70E9-49A2-8EFF-C664D8AE7E56}.Demo|Any CPU.Build.0 = Demo|Any CPU
		{6C7EBDB8-70E9-49A2-8EFF-C664D8AE7E56}.Demo|Any CPU.Deploy.0 = Demo|Any CPU
		{6C7EBDB8-70E9-49A2-8EFF-C664D8AE7E56}.Dev|Any CPU.ActiveCfg = Dev|Any CPU
		{6C7EBDB8-70E9-49A2-8EFF-C664D8AE7E56}.Dev|Any CPU.Build.0 = Dev|Any CPU
		{6C7EBDB8-70E9-49A2-8EFF-C664D8AE7E56}.Dev|Any CPU.Deploy.0 = Dev|Any CPU
		{6C7EBDB8-70E9-49A2-8EFF-C664D8AE7E56}.Local|Any CPU.ActiveCfg = Local|Any CPU
		{6C7EBDB8-70E9-49A2-8EFF-C664D8AE7E56}.Local|Any CPU.Build.0 = Local|Any CPU
		{6C7EBDB8-70E9-49A2-8EFF-C664D8AE7E56}.Local|Any CPU.Deploy.0 = Local|Any CPU
		{6C7EBDB8-70E9-49A2-8EFF-C664D8AE7E56}.MSDN|Any CPU.ActiveCfg = Prod|Any CPU
		{6C7EBDB8-70E9-49A2-8EFF-C664D8AE7E56}.MSDN|Any CPU.Build.0 = Prod|Any CPU
		{6C7EBDB8-70E9-49A2-8EFF-C664D8AE7E56}.MSDN|Any CPU.Deploy.0 = Prod|Any CPU
		{6C7EBDB8-70E9-49A2-8EFF-C664D8AE7E56}.Pre|Any CPU.ActiveCfg = Pre|Any CPU
		{6C7EBDB8-70E9-49A2-8EFF-C664D8AE7E56}.Pre|Any CPU.Build.0 = Pre|Any CPU
		{6C7EBDB8-70E9-49A2-8EFF-C664D8AE7E56}.Pre|Any CPU.Deploy.0 = Pre|Any CPU
		{6C7EBDB8-70E9-49A2-8EFF-C664D8AE7E56}.Prod|Any CPU.ActiveCfg = Prod|Any CPU
		{6C7EBDB8-70E9-49A2-8EFF-C664D8AE7E56}.Prod|Any CPU.Build.0 = Prod|Any CPU
		{6C7EBDB8-70E9-49A2-8EFF-C664D8AE7E56}.Prod|Any CPU.Deploy.0 = Prod|Any CPU
		{6C7EBDB8-70E9-49A2-8EFF-C664D8AE7E56}.Release|Any CPU.ActiveCfg = Prod|Any CPU
		{6C7EBDB8-70E9-49A2-8EFF-C664D8AE7E56}.Release|Any CPU.Build.0 = Prod|Any CPU
		{6C7EBDB8-70E9-49A2-8EFF-C664D8AE7E56}.Release|Any CPU.Deploy.0 = Prod|Any CPU
		{6C7EBDB8-70E9-49A2-8EFF-C664D8AE7E56}.Sit|Any CPU.ActiveCfg = Sit|Any CPU
		{6C7EBDB8-70E9-49A2-8EFF-C664D8AE7E56}.Sit|Any CPU.Build.0 = Sit|Any CPU
		{6C7EBDB8-70E9-49A2-8EFF-C664D8AE7E56}.Sit|Any CPU.Deploy.0 = Sit|Any CPU
		{73C8A0C0-3B18-4ED6-8D14-15F3E009C26C}.Demo|Any CPU.ActiveCfg = Demo|Any CPU
		{73C8A0C0-3B18-4ED6-8D14-15F3E009C26C}.Demo|Any CPU.Build.0 = Demo|Any CPU
		{73C8A0C0-3B18-4ED6-8D14-15F3E009C26C}.Dev|Any CPU.ActiveCfg = Dev|Any CPU
		{73C8A0C0-3B18-4ED6-8D14-15F3E009C26C}.Dev|Any CPU.Build.0 = Dev|Any CPU
		{73C8A0C0-3B18-4ED6-8D14-15F3E009C26C}.Local|Any CPU.ActiveCfg = Local|Any CPU
		{73C8A0C0-3B18-4ED6-8D14-15F3E009C26C}.Local|Any CPU.Build.0 = Local|Any CPU
		{73C8A0C0-3B18-4ED6-8D14-15F3E009C26C}.MSDN|Any CPU.ActiveCfg = Demo|Any CPU
		{73C8A0C0-3B18-4ED6-8D14-15F3E009C26C}.MSDN|Any CPU.Build.0 = Demo|Any CPU
		{73C8A0C0-3B18-4ED6-8D14-15F3E009C26C}.Pre|Any CPU.ActiveCfg = Pre|Any CPU
		{73C8A0C0-3B18-4ED6-8D14-15F3E009C26C}.Pre|Any CPU.Build.0 = Pre|Any CPU
		{73C8A0C0-3B18-4ED6-8D14-15F3E009C26C}.Prod|Any CPU.ActiveCfg = Prod|Any CPU
		{73C8A0C0-3B18-4ED6-8D14-15F3E009C26C}.Prod|Any CPU.Build.0 = Prod|Any CPU
		{73C8A0C0-3B18-4ED6-8D14-15F3E009C26C}.Release|Any CPU.ActiveCfg = Demo|Any CPU
		{73C8A0C0-3B18-4ED6-8D14-15F3E009C26C}.Release|Any CPU.Build.0 = Demo|Any CPU
		{73C8A0C0-3B18-4ED6-8D14-15F3E009C26C}.Sit|Any CPU.ActiveCfg = Sit|Any CPU
		{73C8A0C0-3B18-4ED6-8D14-15F3E009C26C}.Sit|Any CPU.Build.0 = Sit|Any CPU
	EndGlobalSection
	GlobalSection(SolutionProperties) = preSolution
		HideSolutionNode = FALSE
	EndGlobalSection
	GlobalSection(NestedProjects) = preSolution
		{A87CC381-CADF-489D-814F-213DFA5B2698} = {3C5459A4-C60C-4342-85E8-602BDE6447F6}
		{456A5D7B-80BB-486A-B521-861691836145} = {A87CC381-CADF-489D-814F-213DFA5B2698}
		{502F1A87-8037-4CFB-B1A0-EE1664B45189} = {A87CC381-CADF-489D-814F-213DFA5B2698}
		{700D41DD-527A-42BD-94D2-FD49A5F00A18} = {A87CC381-CADF-489D-814F-213DFA5B2698}
		{AF7E6460-86F4-40D6-8C46-AB97C283479B} = {A87CC381-CADF-489D-814F-213DFA5B2698}
		{CE530672-D25F-410B-B966-66E297AA3669} = {A87CC381-CADF-489D-814F-213DFA5B2698}
		{F07E04EC-42B7-46DE-98C5-8665751ED4C7} = {3C5459A4-C60C-4342-85E8-602BDE6447F6}
		{B633EE4E-7A58-4ACF-BBD9-0B19730B22FD} = {F07E04EC-42B7-46DE-98C5-8665751ED4C7}
		{36E83135-5C14-4179-B4AD-3C120B05B73B} = {F07E04EC-42B7-46DE-98C5-8665751ED4C7}
		{4E423F21-5A4F-444D-AD72-2E2566AFF713} = {F07E04EC-42B7-46DE-98C5-8665751ED4C7}
		{CF497DD1-550D-4203-8FBF-C0A3B0109D2B} = {DF629006-DF20-471F-9AA5-664E88DD63D5}
		{E3F2F285-16EB-49C5-9668-8D8E1DB6C610} = {DF629006-DF20-471F-9AA5-664E88DD63D5}
		{78B1F2A1-DCC3-4ED3-8CE0-16E0781B59FA} = {3C5459A4-C60C-4342-85E8-602BDE6447F6}
		{B3285E4A-29DD-4CB6-B8C9-51AA06DB4F83} = {3C5459A4-C60C-4342-85E8-602BDE6447F6}
		{B1628369-3014-4A8B-BFFD-49CB8ADF3BD2} = {3C5459A4-C60C-4342-85E8-602BDE6447F6}
		{4C2BE232-4DBD-44D0-B427-0450E2D857A5} = {DF629006-DF20-471F-9AA5-664E88DD63D5}
		{83500887-E1B7-46BD-945B-4CC3D0069B6E} = {3C5459A4-C60C-4342-85E8-602BDE6447F6}
		{ADB1C795-A6AA-4CB8-82AE-2B8D10E22220} = {A87CC381-CADF-489D-814F-213DFA5B2698}
		{2C577447-2405-46B3-8065-613A19A58541} = {2BEB3267-7ADA-4763-869F-9534DC7C7BE8}
		{91DB99C3-50A9-4DED-AB90-2FF94D0B130E} = {DF629006-DF20-471F-9AA5-664E88DD63D5}
		{A2D82061-BCBD-4030-9EB4-5148AEE79241} = {3C5459A4-C60C-4342-85E8-602BDE6447F6}
		{8FD51F7F-B82F-4FAB-9DF4-017BBA6E966D} = {2BEB3267-7ADA-4763-869F-9534DC7C7BE8}
		{7D29ED20-FF3D-4FBB-B253-A44DE1E42BCC} = {8FD51F7F-B82F-4FAB-9DF4-017BBA6E966D}
		{BB161A54-EF1A-4611-8296-9A0BE69B4587} = {3C5459A4-C60C-4342-85E8-602BDE6447F6}
		{920F5834-459D-4E20-9B17-AAD52D2CC8FE} = {8FD51F7F-B82F-4FAB-9DF4-017BBA6E966D}
		{F01914FA-A911-4345-ACD4-FD80ADE21A8C} = {8FD51F7F-B82F-4FAB-9DF4-017BBA6E966D}
		{5853DBD3-4999-4710-8CAA-7BC0603C5827} = {8FD51F7F-B82F-4FAB-9DF4-017BBA6E966D}
		{CE04B708-FF21-41D4-B796-A36EDCE2960D} = {8FD51F7F-B82F-4FAB-9DF4-017BBA6E966D}
		{C7CB47E8-C024-4DC0-9BDC-E325D3BFEADC} = {3C5459A4-C60C-4342-85E8-602BDE6447F6}
		{ABD48D09-C35E-42CE-8A4D-81550C2B8554} = {3C5459A4-C60C-4342-85E8-602BDE6447F6}
		{24BDBCAC-42EE-4253-8E8A-34FF5F0F41E7} = {3C5459A4-C60C-4342-85E8-602BDE6447F6}
		{A4DE4AF3-F06D-4D0F-AF2E-E72A11BAB49B} = {F07E04EC-42B7-46DE-98C5-8665751ED4C7}
		{E7451275-D6E9-43CD-824D-324AB17FB2F0} = {F07E04EC-42B7-46DE-98C5-8665751ED4C7}
		{A099B558-0D02-4CBD-BAB1-723E7F1DDF1E} = {2BEB3267-7ADA-4763-869F-9534DC7C7BE8}
		{F5F29922-2FBC-4BF4-9CBB-424A71FD98C1} = {A099B558-0D02-4CBD-BAB1-723E7F1DDF1E}
		{297A98C9-78DE-4E2E-BD6A-3998C3C9238B} = {A099B558-0D02-4CBD-BAB1-723E7F1DDF1E}
		{2752E3B6-358D-4C06-A31F-867304CAC53D} = {8FD51F7F-B82F-4FAB-9DF4-017BBA6E966D}
		{1B92E84D-F15A-4521-BDB9-2BE321236167} = {8FD51F7F-B82F-4FAB-9DF4-017BBA6E966D}
		{0D94A2DF-6D5A-4DEC-B6A1-137F3B461B47} = {3C5459A4-C60C-4342-85E8-602BDE6447F6}
		{A64FC67F-C873-4422-93DD-FBD8A6370EC3} = {8FD51F7F-B82F-4FAB-9DF4-017BBA6E966D}
		{5E8E77CA-BB23-45DE-AADD-236CAFBC66E3} = {8FD51F7F-B82F-4FAB-9DF4-017BBA6E966D}
		{C91E4093-3348-43ED-B386-CF70000FFCB3} = {8FD51F7F-B82F-4FAB-9DF4-017BBA6E966D}
		{DD096F97-415D-4676-9F90-7AEE60213F49} = {8FD51F7F-B82F-4FAB-9DF4-017BBA6E966D}
		{67CDACCD-5217-4110-8432-C6EF164BAA0D} = {8FD51F7F-B82F-4FAB-9DF4-017BBA6E966D}
		{984F8CD2-61B3-48A4-B0CC-5D05E235983D} = {8FD51F7F-B82F-4FAB-9DF4-017BBA6E966D}
		{D34D27D3-79A9-407E-86EF-AF3AC0EA024B} = {3C5459A4-C60C-4342-85E8-602BDE6447F6}
		{12EBB548-169C-4CA0-94A8-11FD8FA12F40} = {8B828680-9321-41B1-B24D-7A7254ADC6F2}
		{980296FF-5859-4FB1-8100-A836ED103FE4} = {12EBB548-169C-4CA0-94A8-11FD8FA12F40}
		{D91E4093-3348-43ED-B386-CF70000FFCB3} = {A099B558-0D02-4CBD-BAB1-723E7F1DDF1E}
		{04796403-0EDF-4A8D-B725-180A9F83D958} = {A099B558-0D02-4CBD-BAB1-723E7F1DDF1E}
		{B63C9ECB-7EF7-4131-BB5C-0CA61AAEDF56} = {8B828680-9321-41B1-B24D-7A7254ADC6F2}
		{E9B83262-916C-4AF9-A55C-F89F623847AE} = {B63C9ECB-7EF7-4131-BB5C-0CA61AAEDF56}
		{4741B9B0-C694-4D34-8D30-D5B82BC87724} = {B63C9ECB-7EF7-4131-BB5C-0CA61AAEDF56}
		{0CED2734-EDB4-4E5A-8CE2-5F1B6593AFDC} = {8B828680-9321-41B1-B24D-7A7254ADC6F2}
		{2E868CD1-5B62-48A3-AC9A-F1B5E2F93573} = {8B828680-9321-41B1-B24D-7A7254ADC6F2}
		{3CA36139-BBDD-4305-B15A-E9500606B672} = {2E868CD1-5B62-48A3-AC9A-F1B5E2F93573}
		{84881750-9710-4278-94BE-016B1C0C36E6} = {2E868CD1-5B62-48A3-AC9A-F1B5E2F93573}
		{06F89D8B-E303-43F6-9982-D730FE355038} = {2E868CD1-5B62-48A3-AC9A-F1B5E2F93573}
		{9950E800-448D-4246-8E8A-392353EFF279} = {3C5459A4-C60C-4342-85E8-602BDE6447F6}
		{F1446ECB-60F3-401E-A8EF-5F8227519842} = {9950E800-448D-4246-8E8A-392353EFF279}
		{90752230-6869-4DE6-8264-CDECFA8A5AC0} = {9950E800-448D-4246-8E8A-392353EFF279}
		{6C7EBDB8-70E9-49A2-8EFF-C664D8AE7E56} = {BCBD93B6-1046-4A73-AC5C-4BBD03E12EE3}
		{73C8A0C0-3B18-4ED6-8D14-15F3E009C26C} = {BCBD93B6-1046-4A73-AC5C-4BBD03E12EE3}
	EndGlobalSection
EndGlobal
