
Microsoft Visual Studio Solution File, Format Version 12.00
# Visual Studio 2013
VisualStudioVersion = 12.0.40629.0
MinimumVisualStudioVersion = 10.0.40219.1
Project("{FAE04EC0-301F-11D3-BF4B-00C04F79EFBC}") = "SFA.Apprenticeships.Configuration.Deployment", "SFA.Apprenticeships.Configuration.Deployment\SFA.Apprenticeships.Configuration.Deployment.csproj", "{33AF8C8E-1975-45EC-9BAB-4880E211802C}"
EndProject
Project("{FAE04EC0-301F-11D3-BF4B-00C04F79EFBC}") = "SFA.Apprenticeships.Domain.Interfaces", "SFA.Apprenticeships.Domain.Interfaces\SFA.Apprenticeships.Domain.Interfaces.csproj", "{91DB99C3-50A9-4DED-AB90-2FF94D0B130E}"
EndProject
Project("{FAE04EC0-301F-11D3-BF4B-00C04F79EFBC}") = "SFA.Apprenticeships.Domain.Entities", "SFA.Apprenticeships.Domain.Entities\SFA.Apprenticeships.Domain.Entities.csproj", "{4C2BE232-4DBD-44D0-B427-0450E2D857A5}"
EndProject
Project("{FAE04EC0-301F-11D3-BF4B-00C04F79EFBC}") = "SFA.Apprenticeships.Infrastructure.Common", "SFA.Apprenticeships.Infrastructure.Common\SFA.Apprenticeships.Infrastructure.Common.csproj", "{78B1F2A1-DCC3-4ED3-8CE0-16E0781B59FA}"
EndProject
Project("{FAE04EC0-301F-11D3-BF4B-00C04F79EFBC}") = "SFA.Apprenticeships.Application.Interfaces", "SFA.Apprenticeships.Application.Interfaces\SFA.Apprenticeships.Application.Interfaces.csproj", "{2C577447-2405-46B3-8065-613A19A58541}"
EndProject
Project("{FAE04EC0-301F-11D3-BF4B-00C04F79EFBC}") = "SFA.Apprenticeships.Infrastructure.Caching.Azure", "SFA.Apprenticeships.Infrastructure.Caching.Azure\SFA.Apprenticeships.Infrastructure.Caching.Azure.csproj", "{B3285E4A-29DD-4CB6-B8C9-51AA06DB4F83}"
EndProject
Project("{FAE04EC0-301F-11D3-BF4B-00C04F79EFBC}") = "SFA.Apprenticeships.Infrastructure.Caching.Memory", "SFA.Apprenticeships.Infrastructure.Caching.Memory\SFA.Apprenticeships.Infrastructure.Caching.Memory.csproj", "{B1628369-3014-4A8B-BFFD-49CB8ADF3BD2}"
EndProject
Project("{FAE04EC0-301F-11D3-BF4B-00C04F79EFBC}") = "SFA.Apprenticeships.Infrastructure.Logging", "SFA.Apprenticeships.Infrastructure.Logging\SFA.Apprenticeships.Infrastructure.Logging.csproj", "{A2D82061-BCBD-4030-9EB4-5148AEE79241}"
EndProject
Project("{FAE04EC0-301F-11D3-BF4B-00C04F79EFBC}") = "SFA.Apprenticeships.Infrastructure.Communication", "SFA.Apprenticeships.Infrastructure.Communication\SFA.Apprenticeships.Infrastructure.Communication.csproj", "{D34D27D3-79A9-407E-86EF-AF3AC0EA024B}"
EndProject
Project("{FAE04EC0-301F-11D3-BF4B-00C04F79EFBC}") = "SFA.Apprenticeships.Infrastructure.Mongo.Common", "SFA.Apprenticeships.Infrastructure.Mongo.Common\SFA.Apprenticeships.Infrastructure.Mongo.Common.csproj", "{CE62BDE8-C127-4808-95F8-5F5E24485830}"
EndProject
Global
	GlobalSection(SolutionConfigurationPlatforms) = preSolution
		Demo|Any CPU = Demo|Any CPU
		Dev|Any CPU = Dev|Any CPU
		Local|Any CPU = Local|Any CPU
		Pre|Any CPU = Pre|Any CPU
		Prod|Any CPU = Prod|Any CPU
		Sit|Any CPU = Sit|Any CPU
	EndGlobalSection
	GlobalSection(ProjectConfigurationPlatforms) = postSolution
		{33AF8C8E-1975-45EC-9BAB-4880E211802C}.Demo|Any CPU.ActiveCfg = Demo|Any CPU
		{33AF8C8E-1975-45EC-9BAB-4880E211802C}.Demo|Any CPU.Build.0 = Demo|Any CPU
		{33AF8C8E-1975-45EC-9BAB-4880E211802C}.Dev|Any CPU.ActiveCfg = Dev|Any CPU
		{33AF8C8E-1975-45EC-9BAB-4880E211802C}.Dev|Any CPU.Build.0 = Dev|Any CPU
		{33AF8C8E-1975-45EC-9BAB-4880E211802C}.Local|Any CPU.ActiveCfg = Local|Any CPU
		{33AF8C8E-1975-45EC-9BAB-4880E211802C}.Local|Any CPU.Build.0 = Local|Any CPU
		{33AF8C8E-1975-45EC-9BAB-4880E211802C}.Pre|Any CPU.ActiveCfg = Pre|Any CPU
		{33AF8C8E-1975-45EC-9BAB-4880E211802C}.Pre|Any CPU.Build.0 = Pre|Any CPU
		{33AF8C8E-1975-45EC-9BAB-4880E211802C}.Prod|Any CPU.ActiveCfg = Prod|Any CPU
		{33AF8C8E-1975-45EC-9BAB-4880E211802C}.Prod|Any CPU.Build.0 = Prod|Any CPU
		{33AF8C8E-1975-45EC-9BAB-4880E211802C}.Sit|Any CPU.ActiveCfg = Sit|Any CPU
		{33AF8C8E-1975-45EC-9BAB-4880E211802C}.Sit|Any CPU.Build.0 = Sit|Any CPU
		{91DB99C3-50A9-4DED-AB90-2FF94D0B130E}.Demo|Any CPU.ActiveCfg = Demo|Any CPU
		{91DB99C3-50A9-4DED-AB90-2FF94D0B130E}.Demo|Any CPU.Build.0 = Demo|Any CPU
		{91DB99C3-50A9-4DED-AB90-2FF94D0B130E}.Dev|Any CPU.ActiveCfg = Dev|Any CPU
		{91DB99C3-50A9-4DED-AB90-2FF94D0B130E}.Dev|Any CPU.Build.0 = Dev|Any CPU
		{91DB99C3-50A9-4DED-AB90-2FF94D0B130E}.Local|Any CPU.ActiveCfg = Local|Any CPU
		{91DB99C3-50A9-4DED-AB90-2FF94D0B130E}.Local|Any CPU.Build.0 = Local|Any CPU
		{91DB99C3-50A9-4DED-AB90-2FF94D0B130E}.Pre|Any CPU.ActiveCfg = Pre|Any CPU
		{91DB99C3-50A9-4DED-AB90-2FF94D0B130E}.Pre|Any CPU.Build.0 = Pre|Any CPU
		{91DB99C3-50A9-4DED-AB90-2FF94D0B130E}.Prod|Any CPU.ActiveCfg = Prod|Any CPU
		{91DB99C3-50A9-4DED-AB90-2FF94D0B130E}.Prod|Any CPU.Build.0 = Prod|Any CPU
		{91DB99C3-50A9-4DED-AB90-2FF94D0B130E}.Sit|Any CPU.ActiveCfg = Sit|Any CPU
		{91DB99C3-50A9-4DED-AB90-2FF94D0B130E}.Sit|Any CPU.Build.0 = Sit|Any CPU
		{4C2BE232-4DBD-44D0-B427-0450E2D857A5}.Demo|Any CPU.ActiveCfg = Demo|Any CPU
		{4C2BE232-4DBD-44D0-B427-0450E2D857A5}.Demo|Any CPU.Build.0 = Demo|Any CPU
		{4C2BE232-4DBD-44D0-B427-0450E2D857A5}.Dev|Any CPU.ActiveCfg = Dev|Any CPU
		{4C2BE232-4DBD-44D0-B427-0450E2D857A5}.Dev|Any CPU.Build.0 = Dev|Any CPU
		{4C2BE232-4DBD-44D0-B427-0450E2D857A5}.Local|Any CPU.ActiveCfg = Local|Any CPU
		{4C2BE232-4DBD-44D0-B427-0450E2D857A5}.Local|Any CPU.Build.0 = Local|Any CPU
		{4C2BE232-4DBD-44D0-B427-0450E2D857A5}.Pre|Any CPU.ActiveCfg = Pre|Any CPU
		{4C2BE232-4DBD-44D0-B427-0450E2D857A5}.Pre|Any CPU.Build.0 = Pre|Any CPU
		{4C2BE232-4DBD-44D0-B427-0450E2D857A5}.Prod|Any CPU.ActiveCfg = Prod|Any CPU
		{4C2BE232-4DBD-44D0-B427-0450E2D857A5}.Prod|Any CPU.Build.0 = Prod|Any CPU
		{4C2BE232-4DBD-44D0-B427-0450E2D857A5}.Sit|Any CPU.ActiveCfg = Sit|Any CPU
		{4C2BE232-4DBD-44D0-B427-0450E2D857A5}.Sit|Any CPU.Build.0 = Sit|Any CPU
		{78B1F2A1-DCC3-4ED3-8CE0-16E0781B59FA}.Demo|Any CPU.ActiveCfg = Demo|Any CPU
		{78B1F2A1-DCC3-4ED3-8CE0-16E0781B59FA}.Demo|Any CPU.Build.0 = Demo|Any CPU
		{78B1F2A1-DCC3-4ED3-8CE0-16E0781B59FA}.Dev|Any CPU.ActiveCfg = Dev|Any CPU
		{78B1F2A1-DCC3-4ED3-8CE0-16E0781B59FA}.Dev|Any CPU.Build.0 = Dev|Any CPU
		{78B1F2A1-DCC3-4ED3-8CE0-16E0781B59FA}.Local|Any CPU.ActiveCfg = Local|Any CPU
		{78B1F2A1-DCC3-4ED3-8CE0-16E0781B59FA}.Local|Any CPU.Build.0 = Local|Any CPU
		{78B1F2A1-DCC3-4ED3-8CE0-16E0781B59FA}.Pre|Any CPU.ActiveCfg = Pre|Any CPU
		{78B1F2A1-DCC3-4ED3-8CE0-16E0781B59FA}.Pre|Any CPU.Build.0 = Pre|Any CPU
		{78B1F2A1-DCC3-4ED3-8CE0-16E0781B59FA}.Prod|Any CPU.ActiveCfg = Prod|Any CPU
		{78B1F2A1-DCC3-4ED3-8CE0-16E0781B59FA}.Prod|Any CPU.Build.0 = Prod|Any CPU
		{78B1F2A1-DCC3-4ED3-8CE0-16E0781B59FA}.Sit|Any CPU.ActiveCfg = Sit|Any CPU
		{78B1F2A1-DCC3-4ED3-8CE0-16E0781B59FA}.Sit|Any CPU.Build.0 = Sit|Any CPU
		{2C577447-2405-46B3-8065-613A19A58541}.Demo|Any CPU.ActiveCfg = Demo|Any CPU
		{2C577447-2405-46B3-8065-613A19A58541}.Demo|Any CPU.Build.0 = Demo|Any CPU
		{2C577447-2405-46B3-8065-613A19A58541}.Dev|Any CPU.ActiveCfg = Dev|Any CPU
		{2C577447-2405-46B3-8065-613A19A58541}.Dev|Any CPU.Build.0 = Dev|Any CPU
		{2C577447-2405-46B3-8065-613A19A58541}.Local|Any CPU.ActiveCfg = Local|Any CPU
		{2C577447-2405-46B3-8065-613A19A58541}.Local|Any CPU.Build.0 = Local|Any CPU
		{2C577447-2405-46B3-8065-613A19A58541}.Pre|Any CPU.ActiveCfg = Pre|Any CPU
		{2C577447-2405-46B3-8065-613A19A58541}.Pre|Any CPU.Build.0 = Pre|Any CPU
		{2C577447-2405-46B3-8065-613A19A58541}.Prod|Any CPU.ActiveCfg = Prod|Any CPU
		{2C577447-2405-46B3-8065-613A19A58541}.Prod|Any CPU.Build.0 = Prod|Any CPU
		{2C577447-2405-46B3-8065-613A19A58541}.Sit|Any CPU.ActiveCfg = Sit|Any CPU
		{2C577447-2405-46B3-8065-613A19A58541}.Sit|Any CPU.Build.0 = Sit|Any CPU
		{B3285E4A-29DD-4CB6-B8C9-51AA06DB4F83}.Demo|Any CPU.ActiveCfg = Demo|Any CPU
		{B3285E4A-29DD-4CB6-B8C9-51AA06DB4F83}.Demo|Any CPU.Build.0 = Demo|Any CPU
		{B3285E4A-29DD-4CB6-B8C9-51AA06DB4F83}.Dev|Any CPU.ActiveCfg = Dev|Any CPU
		{B3285E4A-29DD-4CB6-B8C9-51AA06DB4F83}.Dev|Any CPU.Build.0 = Dev|Any CPU
		{B3285E4A-29DD-4CB6-B8C9-51AA06DB4F83}.Local|Any CPU.ActiveCfg = Local|Any CPU
		{B3285E4A-29DD-4CB6-B8C9-51AA06DB4F83}.Local|Any CPU.Build.0 = Local|Any CPU
		{B3285E4A-29DD-4CB6-B8C9-51AA06DB4F83}.Pre|Any CPU.ActiveCfg = Pre|Any CPU
		{B3285E4A-29DD-4CB6-B8C9-51AA06DB4F83}.Pre|Any CPU.Build.0 = Pre|Any CPU
		{B3285E4A-29DD-4CB6-B8C9-51AA06DB4F83}.Prod|Any CPU.ActiveCfg = Prod|Any CPU
		{B3285E4A-29DD-4CB6-B8C9-51AA06DB4F83}.Prod|Any CPU.Build.0 = Prod|Any CPU
		{B3285E4A-29DD-4CB6-B8C9-51AA06DB4F83}.Sit|Any CPU.ActiveCfg = Sit|Any CPU
		{B3285E4A-29DD-4CB6-B8C9-51AA06DB4F83}.Sit|Any CPU.Build.0 = Sit|Any CPU
		{B1628369-3014-4A8B-BFFD-49CB8ADF3BD2}.Demo|Any CPU.ActiveCfg = Demo|Any CPU
		{B1628369-3014-4A8B-BFFD-49CB8ADF3BD2}.Demo|Any CPU.Build.0 = Demo|Any CPU
		{B1628369-3014-4A8B-BFFD-49CB8ADF3BD2}.Dev|Any CPU.ActiveCfg = Dev|Any CPU
		{B1628369-3014-4A8B-BFFD-49CB8ADF3BD2}.Dev|Any CPU.Build.0 = Dev|Any CPU
		{B1628369-3014-4A8B-BFFD-49CB8ADF3BD2}.Local|Any CPU.ActiveCfg = Local|Any CPU
		{B1628369-3014-4A8B-BFFD-49CB8ADF3BD2}.Local|Any CPU.Build.0 = Local|Any CPU
		{B1628369-3014-4A8B-BFFD-49CB8ADF3BD2}.Pre|Any CPU.ActiveCfg = Pre|Any CPU
		{B1628369-3014-4A8B-BFFD-49CB8ADF3BD2}.Pre|Any CPU.Build.0 = Pre|Any CPU
		{B1628369-3014-4A8B-BFFD-49CB8ADF3BD2}.Prod|Any CPU.ActiveCfg = Prod|Any CPU
		{B1628369-3014-4A8B-BFFD-49CB8ADF3BD2}.Prod|Any CPU.Build.0 = Prod|Any CPU
		{B1628369-3014-4A8B-BFFD-49CB8ADF3BD2}.Sit|Any CPU.ActiveCfg = Sit|Any CPU
		{B1628369-3014-4A8B-BFFD-49CB8ADF3BD2}.Sit|Any CPU.Build.0 = Sit|Any CPU
		{A2D82061-BCBD-4030-9EB4-5148AEE79241}.Demo|Any CPU.ActiveCfg = Demo|Any CPU
		{A2D82061-BCBD-4030-9EB4-5148AEE79241}.Demo|Any CPU.Build.0 = Demo|Any CPU
		{A2D82061-BCBD-4030-9EB4-5148AEE79241}.Dev|Any CPU.ActiveCfg = Dev|Any CPU
		{A2D82061-BCBD-4030-9EB4-5148AEE79241}.Dev|Any CPU.Build.0 = Dev|Any CPU
		{A2D82061-BCBD-4030-9EB4-5148AEE79241}.Local|Any CPU.ActiveCfg = Local|Any CPU
		{A2D82061-BCBD-4030-9EB4-5148AEE79241}.Local|Any CPU.Build.0 = Local|Any CPU
		{A2D82061-BCBD-4030-9EB4-5148AEE79241}.Pre|Any CPU.ActiveCfg = Pre|Any CPU
		{A2D82061-BCBD-4030-9EB4-5148AEE79241}.Pre|Any CPU.Build.0 = Pre|Any CPU
		{A2D82061-BCBD-4030-9EB4-5148AEE79241}.Prod|Any CPU.ActiveCfg = Prod|Any CPU
		{A2D82061-BCBD-4030-9EB4-5148AEE79241}.Prod|Any CPU.Build.0 = Prod|Any CPU
		{A2D82061-BCBD-4030-9EB4-5148AEE79241}.Sit|Any CPU.ActiveCfg = Sit|Any CPU
		{A2D82061-BCBD-4030-9EB4-5148AEE79241}.Sit|Any CPU.Build.0 = Sit|Any CPU
		{D34D27D3-79A9-407E-86EF-AF3AC0EA024B}.Demo|Any CPU.ActiveCfg = Demo|Any CPU
		{D34D27D3-79A9-407E-86EF-AF3AC0EA024B}.Demo|Any CPU.Build.0 = Demo|Any CPU
		{D34D27D3-79A9-407E-86EF-AF3AC0EA024B}.Dev|Any CPU.ActiveCfg = Dev|Any CPU
		{D34D27D3-79A9-407E-86EF-AF3AC0EA024B}.Dev|Any CPU.Build.0 = Dev|Any CPU
		{D34D27D3-79A9-407E-86EF-AF3AC0EA024B}.Local|Any CPU.ActiveCfg = Local|Any CPU
		{D34D27D3-79A9-407E-86EF-AF3AC0EA024B}.Local|Any CPU.Build.0 = Local|Any CPU
		{D34D27D3-79A9-407E-86EF-AF3AC0EA024B}.Pre|Any CPU.ActiveCfg = Pre|Any CPU
		{D34D27D3-79A9-407E-86EF-AF3AC0EA024B}.Pre|Any CPU.Build.0 = Pre|Any CPU
		{D34D27D3-79A9-407E-86EF-AF3AC0EA024B}.Prod|Any CPU.ActiveCfg = Prod|Any CPU
		{D34D27D3-79A9-407E-86EF-AF3AC0EA024B}.Prod|Any CPU.Build.0 = Prod|Any CPU
		{D34D27D3-79A9-407E-86EF-AF3AC0EA024B}.Sit|Any CPU.ActiveCfg = Sit|Any CPU
		{D34D27D3-79A9-407E-86EF-AF3AC0EA024B}.Sit|Any CPU.Build.0 = Sit|Any CPU
		{CE62BDE8-C127-4808-95F8-5F5E24485830}.Demo|Any CPU.ActiveCfg = Demo|Any CPU
		{CE62BDE8-C127-4808-95F8-5F5E24485830}.Demo|Any CPU.Build.0 = Demo|Any CPU
		{CE62BDE8-C127-4808-95F8-5F5E24485830}.Dev|Any CPU.ActiveCfg = Dev|Any CPU
		{CE62BDE8-C127-4808-95F8-5F5E24485830}.Dev|Any CPU.Build.0 = Dev|Any CPU
		{CE62BDE8-C127-4808-95F8-5F5E24485830}.Local|Any CPU.ActiveCfg = Local|Any CPU
		{CE62BDE8-C127-4808-95F8-5F5E24485830}.Local|Any CPU.Build.0 = Local|Any CPU
		{CE62BDE8-C127-4808-95F8-5F5E24485830}.Pre|Any CPU.ActiveCfg = Pre|Any CPU
		{CE62BDE8-C127-4808-95F8-5F5E24485830}.Pre|Any CPU.Build.0 = Pre|Any CPU
		{CE62BDE8-C127-4808-95F8-5F5E24485830}.Prod|Any CPU.ActiveCfg = Prod|Any CPU
		{CE62BDE8-C127-4808-95F8-5F5E24485830}.Prod|Any CPU.Build.0 = Prod|Any CPU
		{CE62BDE8-C127-4808-95F8-5F5E24485830}.Sit|Any CPU.ActiveCfg = Sit|Any CPU
		{CE62BDE8-C127-4808-95F8-5F5E24485830}.Sit|Any CPU.Build.0 = Sit|Any CPU
	EndGlobalSection
	GlobalSection(SolutionProperties) = preSolution
		HideSolutionNode = FALSE
	EndGlobalSection
EndGlobal
