
Microsoft Visual Studio Solution File, Format Version 12.00
# Visual Studio 14
VisualStudioVersion = 14.0.24720.0
MinimumVisualStudioVersion = 10.0.40219.1
Project("{FAE04EC0-301F-11D3-BF4B-00C04F79EFBC}") = "SFA.Apprenticeships.Data.Migrate", "SFA.Apprenticeships.Data.Migrate\SFA.Apprenticeships.Data.Migrate.csproj", "{73C8A0C0-3B18-4ED6-8D14-15F3E009C26C}"
EndProject
Project("{FAE04EC0-301F-11D3-BF4B-00C04F79EFBC}") = "SFA.Apprenticeships.Data.Migrate.Console", "SFA.Apprenticeships.Data.Migrate.Console\SFA.Apprenticeships.Data.Migrate.Console.csproj", "{5A14D525-998D-4CEC-9A16-BEA018DA7FAA}"
EndProject
Project("{FAE04EC0-301F-11D3-BF4B-00C04F79EFBC}") = "SFA.Infrastructure", "SFA.Infrastructure\SFA.Infrastructure.csproj", "{1F500137-C8E9-49AA-886E-1922D9D870EB}"
EndProject
Project("{FAE04EC0-301F-11D3-BF4B-00C04F79EFBC}") = "SFA.Infrastructure.Azure", "SFA.Infrastructure.Azure\SFA.Infrastructure.Azure.csproj", "{FE5B99F5-66D8-42FC-A8B3-6562837623A4}"
EndProject
Project("{FAE04EC0-301F-11D3-BF4B-00C04F79EFBC}") = "SFA.Infrastructure.Console", "SFA.Infrastructure.Console\SFA.Infrastructure.Console.csproj", "{9E449FBF-6DA9-4C0A-8C59-F1BB2FDF848C}"
EndProject
Project("{FAE04EC0-301F-11D3-BF4B-00C04F79EFBC}") = "SFA.Apprenticeships.Avms.Domain.Entities", "SFA.Apprenticeships.Avms.Domain.Entities\SFA.Apprenticeships.Avms.Domain.Entities.csproj", "{2BCE308B-C935-41D9-ADB1-2FBF78415ABF}"
EndProject
Project("{FAE04EC0-301F-11D3-BF4B-00C04F79EFBC}") = "SFA.Apprenticeships.Data.Migrate.Tests", "SFA.Apprenticeships.Data.Migrate.Tests\SFA.Apprenticeships.Data.Migrate.Tests.csproj", "{E29B878D-37AD-4FB4-AA04-6FFA34754D98}"
EndProject
Global
	GlobalSection(SolutionConfigurationPlatforms) = preSolution
		Debug|Any CPU = Debug|Any CPU
		Demo|Any CPU = Demo|Any CPU
		Dev|Any CPU = Dev|Any CPU
		Local|Any CPU = Local|Any CPU
		Pre|Any CPU = Pre|Any CPU
		Prod|Any CPU = Prod|Any CPU
		Release|Any CPU = Release|Any CPU
		Sit|Any CPU = Sit|Any CPU
	EndGlobalSection
	GlobalSection(ProjectConfigurationPlatforms) = postSolution
		{73C8A0C0-3B18-4ED6-8D14-15F3E009C26C}.Debug|Any CPU.ActiveCfg = Debug|Any CPU
		{73C8A0C0-3B18-4ED6-8D14-15F3E009C26C}.Debug|Any CPU.Build.0 = Debug|Any CPU
		{73C8A0C0-3B18-4ED6-8D14-15F3E009C26C}.Demo|Any CPU.ActiveCfg = Debug|Any CPU
		{73C8A0C0-3B18-4ED6-8D14-15F3E009C26C}.Demo|Any CPU.Build.0 = Debug|Any CPU
		{73C8A0C0-3B18-4ED6-8D14-15F3E009C26C}.Dev|Any CPU.ActiveCfg = Debug|Any CPU
		{73C8A0C0-3B18-4ED6-8D14-15F3E009C26C}.Dev|Any CPU.Build.0 = Debug|Any CPU
		{73C8A0C0-3B18-4ED6-8D14-15F3E009C26C}.Local|Any CPU.ActiveCfg = Local|Any CPU
		{73C8A0C0-3B18-4ED6-8D14-15F3E009C26C}.Local|Any CPU.Build.0 = Local|Any CPU
		{73C8A0C0-3B18-4ED6-8D14-15F3E009C26C}.Pre|Any CPU.ActiveCfg = Release|Any CPU
		{73C8A0C0-3B18-4ED6-8D14-15F3E009C26C}.Pre|Any CPU.Build.0 = Release|Any CPU
		{73C8A0C0-3B18-4ED6-8D14-15F3E009C26C}.Prod|Any CPU.ActiveCfg = Release|Any CPU
		{73C8A0C0-3B18-4ED6-8D14-15F3E009C26C}.Prod|Any CPU.Build.0 = Release|Any CPU
		{73C8A0C0-3B18-4ED6-8D14-15F3E009C26C}.Release|Any CPU.ActiveCfg = Release|Any CPU
		{73C8A0C0-3B18-4ED6-8D14-15F3E009C26C}.Release|Any CPU.Build.0 = Release|Any CPU
		{73C8A0C0-3B18-4ED6-8D14-15F3E009C26C}.Sit|Any CPU.ActiveCfg = Release|Any CPU
		{73C8A0C0-3B18-4ED6-8D14-15F3E009C26C}.Sit|Any CPU.Build.0 = Release|Any CPU
		{5A14D525-998D-4CEC-9A16-BEA018DA7FAA}.Debug|Any CPU.ActiveCfg = Debug|Any CPU
		{5A14D525-998D-4CEC-9A16-BEA018DA7FAA}.Debug|Any CPU.Build.0 = Debug|Any CPU
		{5A14D525-998D-4CEC-9A16-BEA018DA7FAA}.Demo|Any CPU.ActiveCfg = Debug|Any CPU
		{5A14D525-998D-4CEC-9A16-BEA018DA7FAA}.Demo|Any CPU.Build.0 = Debug|Any CPU
		{5A14D525-998D-4CEC-9A16-BEA018DA7FAA}.Dev|Any CPU.ActiveCfg = Debug|Any CPU
		{5A14D525-998D-4CEC-9A16-BEA018DA7FAA}.Dev|Any CPU.Build.0 = Debug|Any CPU
		{5A14D525-998D-4CEC-9A16-BEA018DA7FAA}.Local|Any CPU.ActiveCfg = Local|Any CPU
		{5A14D525-998D-4CEC-9A16-BEA018DA7FAA}.Local|Any CPU.Build.0 = Local|Any CPU
		{5A14D525-998D-4CEC-9A16-BEA018DA7FAA}.Pre|Any CPU.ActiveCfg = Release|Any CPU
		{5A14D525-998D-4CEC-9A16-BEA018DA7FAA}.Pre|Any CPU.Build.0 = Release|Any CPU
		{5A14D525-998D-4CEC-9A16-BEA018DA7FAA}.Prod|Any CPU.ActiveCfg = Release|Any CPU
		{5A14D525-998D-4CEC-9A16-BEA018DA7FAA}.Prod|Any CPU.Build.0 = Release|Any CPU
		{5A14D525-998D-4CEC-9A16-BEA018DA7FAA}.Release|Any CPU.ActiveCfg = Release|Any CPU
		{5A14D525-998D-4CEC-9A16-BEA018DA7FAA}.Release|Any CPU.Build.0 = Release|Any CPU
		{5A14D525-998D-4CEC-9A16-BEA018DA7FAA}.Sit|Any CPU.ActiveCfg = Release|Any CPU
		{5A14D525-998D-4CEC-9A16-BEA018DA7FAA}.Sit|Any CPU.Build.0 = Release|Any CPU
		{1F500137-C8E9-49AA-886E-1922D9D870EB}.Debug|Any CPU.ActiveCfg = Debug|Any CPU
		{1F500137-C8E9-49AA-886E-1922D9D870EB}.Debug|Any CPU.Build.0 = Debug|Any CPU
		{1F500137-C8E9-49AA-886E-1922D9D870EB}.Demo|Any CPU.ActiveCfg = Debug|Any CPU
		{1F500137-C8E9-49AA-886E-1922D9D870EB}.Demo|Any CPU.Build.0 = Debug|Any CPU
		{1F500137-C8E9-49AA-886E-1922D9D870EB}.Dev|Any CPU.ActiveCfg = Debug|Any CPU
		{1F500137-C8E9-49AA-886E-1922D9D870EB}.Dev|Any CPU.Build.0 = Debug|Any CPU
		{1F500137-C8E9-49AA-886E-1922D9D870EB}.Local|Any CPU.ActiveCfg = Local|Any CPU
		{1F500137-C8E9-49AA-886E-1922D9D870EB}.Local|Any CPU.Build.0 = Local|Any CPU
		{1F500137-C8E9-49AA-886E-1922D9D870EB}.Pre|Any CPU.ActiveCfg = Release|Any CPU
		{1F500137-C8E9-49AA-886E-1922D9D870EB}.Pre|Any CPU.Build.0 = Release|Any CPU
		{1F500137-C8E9-49AA-886E-1922D9D870EB}.Prod|Any CPU.ActiveCfg = Release|Any CPU
		{1F500137-C8E9-49AA-886E-1922D9D870EB}.Prod|Any CPU.Build.0 = Release|Any CPU
		{1F500137-C8E9-49AA-886E-1922D9D870EB}.Release|Any CPU.ActiveCfg = Release|Any CPU
		{1F500137-C8E9-49AA-886E-1922D9D870EB}.Release|Any CPU.Build.0 = Release|Any CPU
		{1F500137-C8E9-49AA-886E-1922D9D870EB}.Sit|Any CPU.ActiveCfg = Release|Any CPU
		{1F500137-C8E9-49AA-886E-1922D9D870EB}.Sit|Any CPU.Build.0 = Release|Any CPU
		{FE5B99F5-66D8-42FC-A8B3-6562837623A4}.Debug|Any CPU.ActiveCfg = Debug|Any CPU
		{FE5B99F5-66D8-42FC-A8B3-6562837623A4}.Debug|Any CPU.Build.0 = Debug|Any CPU
		{FE5B99F5-66D8-42FC-A8B3-6562837623A4}.Demo|Any CPU.ActiveCfg = Debug|Any CPU
		{FE5B99F5-66D8-42FC-A8B3-6562837623A4}.Demo|Any CPU.Build.0 = Debug|Any CPU
		{FE5B99F5-66D8-42FC-A8B3-6562837623A4}.Dev|Any CPU.ActiveCfg = Debug|Any CPU
		{FE5B99F5-66D8-42FC-A8B3-6562837623A4}.Dev|Any CPU.Build.0 = Debug|Any CPU
		{FE5B99F5-66D8-42FC-A8B3-6562837623A4}.Local|Any CPU.ActiveCfg = Local|Any CPU
		{FE5B99F5-66D8-42FC-A8B3-6562837623A4}.Local|Any CPU.Build.0 = Local|Any CPU
		{FE5B99F5-66D8-42FC-A8B3-6562837623A4}.Pre|Any CPU.ActiveCfg = Release|Any CPU
		{FE5B99F5-66D8-42FC-A8B3-6562837623A4}.Pre|Any CPU.Build.0 = Release|Any CPU
		{FE5B99F5-66D8-42FC-A8B3-6562837623A4}.Prod|Any CPU.ActiveCfg = Release|Any CPU
		{FE5B99F5-66D8-42FC-A8B3-6562837623A4}.Prod|Any CPU.Build.0 = Release|Any CPU
		{FE5B99F5-66D8-42FC-A8B3-6562837623A4}.Release|Any CPU.ActiveCfg = Release|Any CPU
		{FE5B99F5-66D8-42FC-A8B3-6562837623A4}.Release|Any CPU.Build.0 = Release|Any CPU
		{FE5B99F5-66D8-42FC-A8B3-6562837623A4}.Sit|Any CPU.ActiveCfg = Release|Any CPU
		{FE5B99F5-66D8-42FC-A8B3-6562837623A4}.Sit|Any CPU.Build.0 = Release|Any CPU
		{9E449FBF-6DA9-4C0A-8C59-F1BB2FDF848C}.Debug|Any CPU.ActiveCfg = Debug|Any CPU
		{9E449FBF-6DA9-4C0A-8C59-F1BB2FDF848C}.Debug|Any CPU.Build.0 = Debug|Any CPU
		{9E449FBF-6DA9-4C0A-8C59-F1BB2FDF848C}.Demo|Any CPU.ActiveCfg = Debug|Any CPU
		{9E449FBF-6DA9-4C0A-8C59-F1BB2FDF848C}.Demo|Any CPU.Build.0 = Debug|Any CPU
		{9E449FBF-6DA9-4C0A-8C59-F1BB2FDF848C}.Dev|Any CPU.ActiveCfg = Debug|Any CPU
		{9E449FBF-6DA9-4C0A-8C59-F1BB2FDF848C}.Dev|Any CPU.Build.0 = Debug|Any CPU
		{9E449FBF-6DA9-4C0A-8C59-F1BB2FDF848C}.Local|Any CPU.ActiveCfg = Local|Any CPU
		{9E449FBF-6DA9-4C0A-8C59-F1BB2FDF848C}.Local|Any CPU.Build.0 = Local|Any CPU
		{9E449FBF-6DA9-4C0A-8C59-F1BB2FDF848C}.Pre|Any CPU.ActiveCfg = Release|Any CPU
		{9E449FBF-6DA9-4C0A-8C59-F1BB2FDF848C}.Pre|Any CPU.Build.0 = Release|Any CPU
		{9E449FBF-6DA9-4C0A-8C59-F1BB2FDF848C}.Prod|Any CPU.ActiveCfg = Release|Any CPU
		{9E449FBF-6DA9-4C0A-8C59-F1BB2FDF848C}.Prod|Any CPU.Build.0 = Release|Any CPU
		{9E449FBF-6DA9-4C0A-8C59-F1BB2FDF848C}.Release|Any CPU.ActiveCfg = Release|Any CPU
		{9E449FBF-6DA9-4C0A-8C59-F1BB2FDF848C}.Release|Any CPU.Build.0 = Release|Any CPU
		{9E449FBF-6DA9-4C0A-8C59-F1BB2FDF848C}.Sit|Any CPU.ActiveCfg = Release|Any CPU
		{9E449FBF-6DA9-4C0A-8C59-F1BB2FDF848C}.Sit|Any CPU.Build.0 = Release|Any CPU
		{2BCE308B-C935-41D9-ADB1-2FBF78415ABF}.Debug|Any CPU.ActiveCfg = Debug|Any CPU
		{2BCE308B-C935-41D9-ADB1-2FBF78415ABF}.Debug|Any CPU.Build.0 = Debug|Any CPU
		{2BCE308B-C935-41D9-ADB1-2FBF78415ABF}.Demo|Any CPU.ActiveCfg = Debug|Any CPU
		{2BCE308B-C935-41D9-ADB1-2FBF78415ABF}.Demo|Any CPU.Build.0 = Debug|Any CPU
		{2BCE308B-C935-41D9-ADB1-2FBF78415ABF}.Dev|Any CPU.ActiveCfg = Debug|Any CPU
		{2BCE308B-C935-41D9-ADB1-2FBF78415ABF}.Dev|Any CPU.Build.0 = Debug|Any CPU
		{2BCE308B-C935-41D9-ADB1-2FBF78415ABF}.Local|Any CPU.ActiveCfg = Local|Any CPU
		{2BCE308B-C935-41D9-ADB1-2FBF78415ABF}.Local|Any CPU.Build.0 = Local|Any CPU
		{2BCE308B-C935-41D9-ADB1-2FBF78415ABF}.Pre|Any CPU.ActiveCfg = Release|Any CPU
		{2BCE308B-C935-41D9-ADB1-2FBF78415ABF}.Pre|Any CPU.Build.0 = Release|Any CPU
		{2BCE308B-C935-41D9-ADB1-2FBF78415ABF}.Prod|Any CPU.ActiveCfg = Release|Any CPU
		{2BCE308B-C935-41D9-ADB1-2FBF78415ABF}.Prod|Any CPU.Build.0 = Release|Any CPU
		{2BCE308B-C935-41D9-ADB1-2FBF78415ABF}.Release|Any CPU.ActiveCfg = Release|Any CPU
		{2BCE308B-C935-41D9-ADB1-2FBF78415ABF}.Release|Any CPU.Build.0 = Release|Any CPU
		{2BCE308B-C935-41D9-ADB1-2FBF78415ABF}.Sit|Any CPU.ActiveCfg = Release|Any CPU
		{2BCE308B-C935-41D9-ADB1-2FBF78415ABF}.Sit|Any CPU.Build.0 = Release|Any CPU
		{E29B878D-37AD-4FB4-AA04-6FFA34754D98}.Debug|Any CPU.ActiveCfg = Debug|Any CPU
		{E29B878D-37AD-4FB4-AA04-6FFA34754D98}.Debug|Any CPU.Build.0 = Debug|Any CPU
		{E29B878D-37AD-4FB4-AA04-6FFA34754D98}.Demo|Any CPU.ActiveCfg = Debug|Any CPU
		{E29B878D-37AD-4FB4-AA04-6FFA34754D98}.Demo|Any CPU.Build.0 = Debug|Any CPU
		{E29B878D-37AD-4FB4-AA04-6FFA34754D98}.Dev|Any CPU.ActiveCfg = Debug|Any CPU
		{E29B878D-37AD-4FB4-AA04-6FFA34754D98}.Dev|Any CPU.Build.0 = Debug|Any CPU
		{E29B878D-37AD-4FB4-AA04-6FFA34754D98}.Local|Any CPU.ActiveCfg = Local|Any CPU
		{E29B878D-37AD-4FB4-AA04-6FFA34754D98}.Local|Any CPU.Build.0 = Local|Any CPU
		{E29B878D-37AD-4FB4-AA04-6FFA34754D98}.Pre|Any CPU.ActiveCfg = Release|Any CPU
		{E29B878D-37AD-4FB4-AA04-6FFA34754D98}.Pre|Any CPU.Build.0 = Release|Any CPU
		{E29B878D-37AD-4FB4-AA04-6FFA34754D98}.Prod|Any CPU.ActiveCfg = Release|Any CPU
		{E29B878D-37AD-4FB4-AA04-6FFA34754D98}.Prod|Any CPU.Build.0 = Release|Any CPU
		{E29B878D-37AD-4FB4-AA04-6FFA34754D98}.Release|Any CPU.ActiveCfg = Release|Any CPU
		{E29B878D-37AD-4FB4-AA04-6FFA34754D98}.Release|Any CPU.Build.0 = Release|Any CPU
		{E29B878D-37AD-4FB4-AA04-6FFA34754D98}.Sit|Any CPU.ActiveCfg = Release|Any CPU
		{E29B878D-37AD-4FB4-AA04-6FFA34754D98}.Sit|Any CPU.Build.0 = Release|Any CPU
	EndGlobalSection
	GlobalSection(SolutionProperties) = preSolution
		HideSolutionNode = FALSE
	EndGlobalSection
EndGlobal
